{
  "version": 4,
  "terraform_version": "1.6.1",
  "serial": 513,
  "lineage": "106814e0-0f70-f28e-1aeb-ee672e3ab770",
  "outputs": {
    "alb_dns_name": {
      "value": "tf-cloudfront-alb-1568255376.ap-southeast-1.elb.amazonaws.com",
      "type": "string"
    },
    "ca": {
      "value": "-----BEGIN CERTIFICATE-----\nMIIDQTCCAimgAwIBAgITBmyfz5m/jAo54vB4ikPmljZbyjANBgkqhkiG9w0BAQsF\nADA5MQswCQYDVQQGEwJVUzEPMA0GA1UEChMGQW1hem9uMRkwFwYDVQQDExBBbWF6\nb24gUm9vdCBDQSAxMB4XDTE1MDUyNjAwMDAwMFoXDTM4MDExNzAwMDAwMFowOTEL\nMAkGA1UEBhMCVVMxDzANBgNVBAoTBkFtYXpvbjEZMBcGA1UEAxMQQW1hem9uIFJv\nb3QgQ0EgMTCCASIwDQYJKoZIhvcNAQEBBQADggEPADCCAQoCggEBALJ4gHHKeNXj\nca9HgFB0fW7Y14h29Jlo91ghYPl0hAEvrAIthtOgQ3pOsqTQNroBvo3bSMgHFzZM\n9O6II8c+6zf1tRn4SWiw3te5djgdYZ6k/oI2peVKVuRF4fn9tBb6dNqcmzU5L/qw\nIFAGbHrQgLKm+a/sRxmPUDgH3KKHOVj4utWp+UhnMJbulHheb4mjUcAwhmahRWa6\nVOujw5H5SNz/0egwLX0tdHA114gk957EWW67c4cX8jJGKLhD+rcdqsq08p8kDi1L\n93FcXmn/6pUCyziKrlA4b9v7LWIbxcceVOF34GfID5yHI9Y/QCB/IIDEgEw+OyQm\njgSubJrIqg0CAwEAAaNCMEAwDwYDVR0TAQH/BAUwAwEB/zAOBgNVHQ8BAf8EBAMC\nAYYwHQYDVR0OBBYEFIQYzIU07LwMlJQuCFmcx7IQTgoIMA0GCSqGSIb3DQEBCwUA\nA4IBAQCY8jdaQZChGsV2USggNiMOruYou6r4lK5IpDB/G/wkjUu0yKGX9rbxenDI\nU5PMCCjjmCXPI6T53iHTfIUJrU6adTrCC2qJeHZERxhlbI1Bjjt/msv0tadQ1wUs\nN+gDS63pYaACbvXy8MWy7Vu33PqUXHeeE6V/Uq2V8viTO96LXFvKWlJbYK8U90vv\no/ufQJVtMVT8QtPHRh8jrdkPSHCa2XV4cdFyQzR1bldZwgJcJmApzyMZFo6IQ6XU\n5MsI+yMRQ+hDKXJioaldXgjUkK642M4UwtBV8ob2xJNDd2ZhwLnoQdeXeGADbkpy\nrqXRfboQnoZsG4q5WTP468SQvvG5\n-----END CERTIFICATE-----\n",
      "type": "string"
    },
    "cert": {
      "value": "-----BEGIN CERTIFICATE-----\nMIICuTCCAaGgAwIBAgIRAJ+zcyjR1P3ADXiFWurY3aowDQYJKoZIhvcNAQELBQAw\nDzENMAsGA1UEChMEdGVzdDAeFw0yMzEwMjgwMzQ2NThaFw0yMzExMDcwMzQ2NTha\nMA8xDTALBgNVBAoTBHRlc3QwggEiMA0GCSqGSIb3DQEBAQUAA4IBDwAwggEKAoIB\nAQCvkqZl/mZRBNjVxxF/gYrnwVwHG6lwx1hO7P6yGi+FScN3E2zTwHaIgIDXSy2L\nzj5osOUPMgUEpEj/ZntfTM48QykwqPV4+CLlIaxyf68osZQauT/0qzfjIstQffdL\nh5JUqln345CeR/NtuQ8cptC3nxllFK8KJqxbpObfVt3x49IF7914TUaluFKMq6N4\nn6VyC04kKynVuFlfVL+MlKaKO1PBTHIhHtbR2/E+jqTXbk1d95OhqYoM1qI51jm9\neAa1mg/umIEKnvjKkYkmpUPfx+VRnWNLMRsAQjn1rEwWwV70gW0vr9rUgweKSaBR\ng/TqzKyUyVpXHnktqAGyWzf/AgMBAAGjEDAOMAwGA1UdEwEB/wQCMAAwDQYJKoZI\nhvcNAQELBQADggEBADIwxlAl3KEIbHL/iPJVCjiPzUpd/ie5z2Wy7eHVsqbJx0OJ\nomZV80ZV267394FLmCUOQyT92PR0WJhHRigslc3sGSAQ/LtkrLRyrF0mMVHPdCXe\nZG29nVNoaJdZdFwhDwoAH0x7kOFvTBjAsEQ/DsnMw5wpFdoR+uC2xISgfwT0ITRT\nP7kXqkqdMIb2HaSwvquYFW3zIkA4BQPY5HXBV0/wF4bn3YjqKlYZ6YrpqmSMCNKr\nsWj4HhumT8fSoYPv7aGWg1C5TEKVncFcoNLMTWjwYf3bJu6123o402/eklixM/qT\n8tjKScbpgdckty9FsndkmpAUWkhdVQuT/USvtew=\n-----END CERTIFICATE-----\n",
      "type": "string"
    },
    "iot_endpoint": {
      "value": "akd5vb2p5kpj4-ats.iot.ap-southeast-1.amazonaws.com",
      "type": "string"
    },
    "key": {
      "value": "-----BEGIN RSA PRIVATE KEY-----\nMIIEogIBAAKCAQEAr5KmZf5mUQTY1ccRf4GK58FcBxupcMdYTuz+shovhUnDdxNs\n08B2iICA10sti84+aLDlDzIFBKRI/2Z7X0zOPEMpMKj1ePgi5SGscn+vKLGUGrk/\n9Ks34yLLUH33S4eSVKpZ9+OQnkfzbbkPHKbQt58ZZRSvCiasW6Tm31bd8ePSBe/d\neE1GpbhSjKujeJ+lcgtOJCsp1bhZX1S/jJSmijtTwUxyIR7W0dvxPo6k125NXfeT\noamKDNaiOdY5vXgGtZoP7piBCp74ypGJJqVD38flUZ1jSzEbAEI59axMFsFe9IFt\nL6/a1IMHikmgUYP06syslMlaVx55LagBsls3/wIDAQABAoIBADwnbKeJUBj2Jiyo\nddBP2/2nfBZbXeRsCE+SV3lCC4IJUdUcbK7oRDRkgsBA26wIz80ivnhEVP/QIcqP\nnDl8oTR4dkZbvS7jJWGH9gOMx8CThwDY85aqiw1hQHOllPLl0jb73rNV3pi8YiT3\nwLu6U8x10EeXnJlHwsnrZ8ahho13RQLEg3REULj0ieCUoVWiQaK0bciDlXS8i+MU\napeivGdUL9L7YRfF4ySzoG3mDi4fSryeLxRGavBf7T5Ln4BOFfwO/VRQQyEpb1oB\nxEsSqILCCSpBZfYIKLs2mL22u2WYzBr+RWvXSEq9tOVPiA48v9BgkAwEMK82LKie\nx5d/g6ECgYEA5/ls5FyvyTNz9WuyS5a8Wb2VLwvKEQdymZhQje4ecG+IhgjZxQNi\nZfWDe/HpfjzNY1lvE9bgd8ntKCEZAr4XeLDreEs/RKwZfFb2IsJwFeFJ35qNDdyq\nmcT0OzSlMuBB1b4GCM14vrFefQJ6gQ3GkV+fsC3bpQ5A7yNkr09lAKcCgYEAwcHL\nWDrJ1DeJfZBD/6KMUFKjrLVyp6hgDkRJvoNVt8G3tzlnQGHbmdoxf8s25sGDJcKr\nhtsGvMRZn1R+Zayn1L+9a7TMAWjMfHsSyenRT5afRM4txNOsqr0gBsbe/+YSnQfB\njLgr48UhH/y2AFj1nlCXt9RO0IpAkg6xaIY5YOkCgYAkK81h8l3qpp4/N3LOvItU\nBu67LkBs1Vd2QbzV1LpkV8/W7oxeXv+53EWLTxZUe9Ce3DQoyMmphA/5wOdweQmZ\n5SRiVoFgCOHUdI7erqjhkIZ/Wk8CSVVEsuROUxArVbKOTJoOR1O7kFamcXt+ohJD\nWsDArPXhz84qO7+YYm3iYwKBgDQT8aLqUjs/Hi5oq043k303aRTPxFx57i+HfUa+\nqDh20flmbXEpnEvTEMDnjv8g/i4VD+N0VXBBWlFv9XVAne+aBcDAXKD4WRYQQnGQ\n7hh1RKPKwxSHTH6rzMLliyS+4zvfzM8U5X8YCho943Fed84wnUbkwrZcopRfbKHK\nifuZAoGAVXVxcA5X7RJ2ujcxYy8zb1w+xGQuf+CQkCgIq2F8BP5jKEI3GsFwKF9s\nGlVtEz+AESoYO84eeu+9WOsDldkFyl9EE6PW5kOvFx+O2kVZ1NYE6FNvVaHTBkf6\nzh3GP8K7iiQhpys2YhXpXYVdMhs/b+UK/9HDpMKnE4Xs8ZfmvbQ=\n-----END RSA PRIVATE KEY-----\n",
      "type": "string",
      "sensitive": true
    },
    "thing_name": {
      "value": "thing_c0bc77c8e1a3efbc",
      "type": "string"
    }
  },
  "resources": [
    {
      "mode": "data",
      "type": "aws_ami",
      "name": "appsmith_ami",
      "provider": "provider[\"registry.terraform.io/hashicorp/aws\"]",
      "instances": [
        {
          "schema_version": 0,
          "attributes": {
            "architecture": "x86_64",
            "arn": "arn:aws:ec2:ap-southeast-1::image/ami-0d4ff711255cd3e38",
            "block_device_mappings": [
              {
                "device_name": "/dev/sda1",
                "ebs": {
                  "delete_on_termination": "true",
                  "encrypted": "false",
                  "iops": "0",
                  "snapshot_id": "snap-03ee96388beaf8f62",
                  "throughput": "0",
                  "volume_size": "15",
                  "volume_type": "gp2"
                },
                "no_device": "",
                "virtual_name": ""
              },
              {
                "device_name": "/dev/sdb",
                "ebs": {},
                "no_device": "",
                "virtual_name": "ephemeral0"
              },
              {
                "device_name": "/dev/sdc",
                "ebs": {},
                "no_device": "",
                "virtual_name": "ephemeral1"
              }
            ],
            "boot_mode": "",
            "creation_date": "2023-07-03T04:33:41.000Z",
            "deprecation_time": "2025-07-03T04:33:41.000Z",
            "description": "Appsmith BE AMI",
            "ena_support": true,
            "executable_users": null,
            "filter": [
              {
                "name": "image-id",
                "values": [
                  "ami-0d4ff711255cd3e38"
                ]
              },
              {
                "name": "virtualization-type",
                "values": [
                  "hvm"
                ]
              }
            ],
            "hypervisor": "xen",
            "id": "ami-0d4ff711255cd3e38",
            "image_id": "ami-0d4ff711255cd3e38",
            "image_location": "aws-marketplace/appsmith-ee-ami-20230630043828-prod-dur5gkgbepuca",
            "image_owner_alias": "aws-marketplace",
            "image_type": "machine",
            "imds_support": "",
            "include_deprecated": false,
            "kernel_id": "",
            "most_recent": true,
            "name": "appsmith-ee-ami-20230630043828-prod-dur5gkgbepuca",
            "name_regex": null,
            "owner_id": "679593333241",
            "owners": null,
            "platform": "",
            "platform_details": "Linux/UNIX",
            "product_codes": [
              {
                "product_code_id": "c2nv3iz89us9aapqta4y88mdr",
                "product_code_type": "marketplace"
              }
            ],
            "public": true,
            "ramdisk_id": "",
            "root_device_name": "/dev/sda1",
            "root_device_type": "ebs",
            "root_snapshot_id": "snap-03ee96388beaf8f62",
            "sriov_net_support": "simple",
            "state": "available",
            "state_reason": {
              "code": "UNSET",
              "message": "UNSET"
            },
            "tags": {},
            "timeouts": null,
            "tpm_support": "",
            "usage_operation": "RunInstances",
            "virtualization_type": "hvm"
          },
          "sensitive_attributes": []
        }
      ]
    },
    {
      "mode": "data",
      "type": "aws_arn",
      "name": "thing",
      "provider": "provider[\"registry.terraform.io/hashicorp/aws\"]",
      "instances": [
        {
          "schema_version": 0,
          "attributes": {
            "account": "708779265549",
            "arn": "arn:aws:iot:ap-southeast-1:708779265549:thing/thing_c0bc77c8e1a3efbc",
            "id": "arn:aws:iot:ap-southeast-1:708779265549:thing/thing_c0bc77c8e1a3efbc",
            "partition": "aws",
            "region": "ap-southeast-1",
            "resource": "thing/thing_c0bc77c8e1a3efbc",
            "service": "iot"
          },
          "sensitive_attributes": []
        }
      ]
    },
    {
      "mode": "data",
      "type": "aws_iam_policy_document",
      "name": "assume_role",
      "provider": "provider[\"registry.terraform.io/hashicorp/aws\"]",
      "instances": [
        {
          "schema_version": 0,
          "attributes": {
            "id": "234041169",
            "json": "{\n  \"Version\": \"2012-10-17\",\n  \"Statement\": [\n    {\n      \"Effect\": \"Allow\",\n      \"Action\": \"sts:AssumeRole\",\n      \"Principal\": {\n        \"Service\": \"iot.amazonaws.com\"\n      }\n    }\n  ]\n}",
            "override_policy_documents": null,
            "policy_id": null,
            "source_policy_documents": null,
            "statement": [
              {
                "actions": [
                  "sts:AssumeRole"
                ],
                "condition": [],
                "effect": "Allow",
                "not_actions": [],
                "not_principals": [],
                "not_resources": [],
                "principals": [
                  {
                    "identifiers": [
                      "iot.amazonaws.com"
                    ],
                    "type": "Service"
                  }
                ],
                "resources": [],
                "sid": ""
              }
            ],
            "version": "2012-10-17"
          },
          "sensitive_attributes": []
        }
      ]
    },
    {
      "mode": "data",
      "type": "aws_iam_policy_document",
      "name": "cloudwatch_assume_role",
      "provider": "provider[\"registry.terraform.io/hashicorp/aws\"]",
      "instances": [
        {
          "schema_version": 0,
          "attributes": {
            "id": "234041169",
            "json": "{\n  \"Version\": \"2012-10-17\",\n  \"Statement\": [\n    {\n      \"Effect\": \"Allow\",\n      \"Action\": \"sts:AssumeRole\",\n      \"Principal\": {\n        \"Service\": \"iot.amazonaws.com\"\n      }\n    }\n  ]\n}",
            "override_policy_documents": null,
            "policy_id": null,
            "source_policy_documents": null,
            "statement": [
              {
                "actions": [
                  "sts:AssumeRole"
                ],
                "condition": [],
                "effect": "Allow",
                "not_actions": [],
                "not_principals": [],
                "not_resources": [],
                "principals": [
                  {
                    "identifiers": [
                      "iot.amazonaws.com"
                    ],
                    "type": "Service"
                  }
                ],
                "resources": [],
                "sid": ""
              }
            ],
            "version": "2012-10-17"
          },
          "sensitive_attributes": []
        }
      ]
    },
    {
      "mode": "data",
      "type": "aws_iam_policy_document",
      "name": "glue_allow_access",
      "provider": "provider[\"registry.terraform.io/hashicorp/aws\"]",
      "instances": [
        {
          "schema_version": 0,
          "attributes": {
            "id": "63533979",
            "json": "{\n  \"Version\": \"2012-10-17\",\n  \"Statement\": [\n    {\n      \"Effect\": \"Allow\",\n      \"Action\": [\n        \"s3:PutObject\",\n        \"s3:ListBucket\",\n        \"s3:GetObject\"\n      ],\n      \"Resource\": [\n        \"arn:aws:s3:::cloud7-dynamodb-bucket/*\",\n        \"arn:aws:s3:::cloud7-dynamodb-bucket\"\n      ],\n      \"Principal\": {\n        \"Service\": \"glue.amazonaws.com\"\n      }\n    }\n  ]\n}",
            "override_policy_documents": null,
            "policy_id": null,
            "source_policy_documents": null,
            "statement": [
              {
                "actions": [
                  "s3:GetObject",
                  "s3:ListBucket",
                  "s3:PutObject"
                ],
                "condition": [],
                "effect": "Allow",
                "not_actions": [],
                "not_principals": [],
                "not_resources": [],
                "principals": [
                  {
                    "identifiers": [
                      "glue.amazonaws.com"
                    ],
                    "type": "Service"
                  }
                ],
                "resources": [
                  "arn:aws:s3:::cloud7-dynamodb-bucket",
                  "arn:aws:s3:::cloud7-dynamodb-bucket/*"
                ],
                "sid": ""
              }
            ],
            "version": "2012-10-17"
          },
          "sensitive_attributes": []
        }
      ]
    },
    {
      "mode": "data",
      "type": "aws_iam_policy_document",
      "name": "glue_assume_role",
      "provider": "provider[\"registry.terraform.io/hashicorp/aws\"]",
      "instances": [
        {
          "schema_version": 0,
          "attributes": {
            "id": "199064218",
            "json": "{\n  \"Version\": \"2012-10-17\",\n  \"Statement\": [\n    {\n      \"Effect\": \"Allow\",\n      \"Action\": \"sts:AssumeRole\",\n      \"Principal\": {\n        \"Service\": [\n          \"s3.amazonaws.com\",\n          \"glue.amazonaws.com\",\n          \"dynamodb.amazonaws.com\"\n        ]\n      }\n    }\n  ]\n}",
            "override_policy_documents": null,
            "policy_id": null,
            "source_policy_documents": null,
            "statement": [
              {
                "actions": [
                  "sts:AssumeRole"
                ],
                "condition": [],
                "effect": "Allow",
                "not_actions": [],
                "not_principals": [],
                "not_resources": [],
                "principals": [
                  {
                    "identifiers": [
                      "dynamodb.amazonaws.com",
                      "glue.amazonaws.com",
                      "s3.amazonaws.com"
                    ],
                    "type": "Service"
                  }
                ],
                "resources": [],
                "sid": ""
              }
            ],
            "version": "2012-10-17"
          },
          "sensitive_attributes": []
        }
      ]
    },
    {
      "mode": "data",
      "type": "aws_iam_policy_document",
      "name": "glue_cloudwatch",
      "provider": "provider[\"registry.terraform.io/hashicorp/aws\"]",
      "instances": [
        {
          "schema_version": 0,
          "attributes": {
            "id": "1618715894",
            "json": "{\n  \"Version\": \"2012-10-17\",\n  \"Statement\": [\n    {\n      \"Effect\": \"Allow\",\n      \"Action\": [\n        \"logs:PutLogEvents\",\n        \"logs:CreateLogStream\",\n        \"logs:CreateLogGroup\",\n        \"cloudwatch:PutMetricData\",\n        \"cloudwatch:ListMetrics\",\n        \"cloudwatch:GetMetricStatistics\"\n      ],\n      \"Resource\": \"*\"\n    }\n  ]\n}",
            "override_policy_documents": null,
            "policy_id": null,
            "source_policy_documents": null,
            "statement": [
              {
                "actions": [
                  "cloudwatch:GetMetricStatistics",
                  "cloudwatch:ListMetrics",
                  "cloudwatch:PutMetricData",
                  "logs:CreateLogGroup",
                  "logs:CreateLogStream",
                  "logs:PutLogEvents"
                ],
                "condition": [],
                "effect": "Allow",
                "not_actions": [],
                "not_principals": [],
                "not_resources": [],
                "principals": [],
                "resources": [
                  "*"
                ],
                "sid": ""
              }
            ],
            "version": "2012-10-17"
          },
          "sensitive_attributes": []
        }
      ]
    },
    {
      "mode": "data",
      "type": "aws_iam_policy_document",
      "name": "glue_policy_doc",
      "provider": "provider[\"registry.terraform.io/hashicorp/aws\"]",
      "instances": [
        {
          "schema_version": 0,
          "attributes": {
            "id": "686989024",
            "json": "{\n  \"Version\": \"2012-10-17\",\n  \"Statement\": [\n    {\n      \"Effect\": \"Allow\",\n      \"Action\": [\n        \"s3:PutObject\",\n        \"s3:ListBucket\",\n        \"s3:GetObject\",\n        \"glue:*\",\n        \"dynamodb:ExportTableToPointInTime\",\n        \"dynamodb:DescribeExport\"\n      ],\n      \"Resource\": [\n        \"arn:aws:s3:::cloud7-dynamodb-bucket/*\",\n        \"arn:aws:s3:::cloud7-dynamodb-bucket\",\n        \"arn:aws:s3:::aws-glue-assets-708779265549-ap-southeast-1/*\",\n        \"arn:aws:s3:::aws-glue-assets-708779265549-ap-southeast-1\",\n        \"arn:aws:dynamodb:ap-southeast-1:708779265549:table/iotdata/export/*\",\n        \"arn:aws:dynamodb:ap-southeast-1:708779265549:table/iotdata\"\n      ]\n    }\n  ]\n}",
            "override_policy_documents": null,
            "policy_id": null,
            "source_policy_documents": null,
            "statement": [
              {
                "actions": [
                  "dynamodb:DescribeExport",
                  "dynamodb:ExportTableToPointInTime",
                  "glue:*",
                  "s3:GetObject",
                  "s3:ListBucket",
                  "s3:PutObject"
                ],
                "condition": [],
                "effect": "Allow",
                "not_actions": [],
                "not_principals": [],
                "not_resources": [],
                "principals": [],
                "resources": [
                  "arn:aws:dynamodb:ap-southeast-1:708779265549:table/iotdata",
                  "arn:aws:dynamodb:ap-southeast-1:708779265549:table/iotdata/export/*",
                  "arn:aws:s3:::aws-glue-assets-708779265549-ap-southeast-1",
                  "arn:aws:s3:::aws-glue-assets-708779265549-ap-southeast-1/*",
                  "arn:aws:s3:::cloud7-dynamodb-bucket",
                  "arn:aws:s3:::cloud7-dynamodb-bucket/*"
                ],
                "sid": ""
              }
            ],
            "version": "2012-10-17"
          },
          "sensitive_attributes": []
        }
      ]
    },
    {
      "mode": "data",
      "type": "aws_iam_policy_document",
      "name": "iam_policy_for_cloudwatchlog",
      "provider": "provider[\"registry.terraform.io/hashicorp/aws\"]",
      "instances": [
        {
          "schema_version": 0,
          "attributes": {
            "id": "1860782921",
            "json": "{\n  \"Version\": \"2012-10-17\",\n  \"Statement\": [\n    {\n      \"Effect\": \"Allow\",\n      \"Action\": \"logs:PutLogEvents\",\n      \"Resource\": \"*\"\n    }\n  ]\n}",
            "override_policy_documents": null,
            "policy_id": null,
            "source_policy_documents": null,
            "statement": [
              {
                "actions": [
                  "logs:PutLogEvents"
                ],
                "condition": [],
                "effect": "Allow",
                "not_actions": [],
                "not_principals": [],
                "not_resources": [],
                "principals": [],
                "resources": [
                  "*"
                ],
                "sid": ""
              }
            ],
            "version": "2012-10-17"
          },
          "sensitive_attributes": []
        }
      ]
    },
    {
      "mode": "data",
      "type": "aws_iam_policy_document",
      "name": "iam_policy_for_lambda",
      "provider": "provider[\"registry.terraform.io/hashicorp/aws\"]",
      "instances": [
        {
          "schema_version": 0,
          "attributes": {
            "id": "1544285011",
            "json": "{\n  \"Version\": \"2012-10-17\",\n  \"Statement\": [\n    {\n      \"Effect\": \"Allow\",\n      \"Action\": \"lambda:InvokeFunction\",\n      \"Resource\": \"*\"\n    }\n  ]\n}",
            "override_policy_documents": null,
            "policy_id": null,
            "source_policy_documents": null,
            "statement": [
              {
                "actions": [
                  "lambda:InvokeFunction"
                ],
                "condition": [],
                "effect": "Allow",
                "not_actions": [],
                "not_principals": [],
                "not_resources": [],
                "principals": [],
                "resources": [
                  "*"
                ],
                "sid": ""
              }
            ],
            "version": "2012-10-17"
          },
          "sensitive_attributes": []
        }
      ]
    },
    {
      "mode": "data",
      "type": "aws_iot_endpoint",
      "name": "iot_endpoint",
      "provider": "provider[\"registry.terraform.io/hashicorp/aws\"]",
      "instances": [
        {
          "schema_version": 0,
          "attributes": {
            "endpoint_address": "akd5vb2p5kpj4-ats.iot.ap-southeast-1.amazonaws.com",
            "endpoint_type": "iot:Data-ATS",
            "id": "akd5vb2p5kpj4-ats.iot.ap-southeast-1.amazonaws.com"
          },
          "sensitive_attributes": []
        }
      ]
    },
    {
      "mode": "data",
      "type": "http",
      "name": "root_ca",
      "provider": "provider[\"registry.terraform.io/hashicorp/http\"]",
      "instances": [
        {
          "schema_version": 0,
          "attributes": {
            "body": "-----BEGIN CERTIFICATE-----\nMIIDQTCCAimgAwIBAgITBmyfz5m/jAo54vB4ikPmljZbyjANBgkqhkiG9w0BAQsF\nADA5MQswCQYDVQQGEwJVUzEPMA0GA1UEChMGQW1hem9uMRkwFwYDVQQDExBBbWF6\nb24gUm9vdCBDQSAxMB4XDTE1MDUyNjAwMDAwMFoXDTM4MDExNzAwMDAwMFowOTEL\nMAkGA1UEBhMCVVMxDzANBgNVBAoTBkFtYXpvbjEZMBcGA1UEAxMQQW1hem9uIFJv\nb3QgQ0EgMTCCASIwDQYJKoZIhvcNAQEBBQADggEPADCCAQoCggEBALJ4gHHKeNXj\nca9HgFB0fW7Y14h29Jlo91ghYPl0hAEvrAIthtOgQ3pOsqTQNroBvo3bSMgHFzZM\n9O6II8c+6zf1tRn4SWiw3te5djgdYZ6k/oI2peVKVuRF4fn9tBb6dNqcmzU5L/qw\nIFAGbHrQgLKm+a/sRxmPUDgH3KKHOVj4utWp+UhnMJbulHheb4mjUcAwhmahRWa6\nVOujw5H5SNz/0egwLX0tdHA114gk957EWW67c4cX8jJGKLhD+rcdqsq08p8kDi1L\n93FcXmn/6pUCyziKrlA4b9v7LWIbxcceVOF34GfID5yHI9Y/QCB/IIDEgEw+OyQm\njgSubJrIqg0CAwEAAaNCMEAwDwYDVR0TAQH/BAUwAwEB/zAOBgNVHQ8BAf8EBAMC\nAYYwHQYDVR0OBBYEFIQYzIU07LwMlJQuCFmcx7IQTgoIMA0GCSqGSIb3DQEBCwUA\nA4IBAQCY8jdaQZChGsV2USggNiMOruYou6r4lK5IpDB/G/wkjUu0yKGX9rbxenDI\nU5PMCCjjmCXPI6T53iHTfIUJrU6adTrCC2qJeHZERxhlbI1Bjjt/msv0tadQ1wUs\nN+gDS63pYaACbvXy8MWy7Vu33PqUXHeeE6V/Uq2V8viTO96LXFvKWlJbYK8U90vv\no/ufQJVtMVT8QtPHRh8jrdkPSHCa2XV4cdFyQzR1bldZwgJcJmApzyMZFo6IQ6XU\n5MsI+yMRQ+hDKXJioaldXgjUkK642M4UwtBV8ob2xJNDd2ZhwLnoQdeXeGADbkpy\nrqXRfboQnoZsG4q5WTP468SQvvG5\n-----END CERTIFICATE-----\n",
            "ca_cert_pem": null,
            "id": "https://www.amazontrust.com/repository/AmazonRootCA1.pem",
            "insecure": null,
            "method": null,
            "request_body": null,
            "request_headers": null,
            "request_timeout_ms": null,
            "response_body": "-----BEGIN CERTIFICATE-----\nMIIDQTCCAimgAwIBAgITBmyfz5m/jAo54vB4ikPmljZbyjANBgkqhkiG9w0BAQsF\nADA5MQswCQYDVQQGEwJVUzEPMA0GA1UEChMGQW1hem9uMRkwFwYDVQQDExBBbWF6\nb24gUm9vdCBDQSAxMB4XDTE1MDUyNjAwMDAwMFoXDTM4MDExNzAwMDAwMFowOTEL\nMAkGA1UEBhMCVVMxDzANBgNVBAoTBkFtYXpvbjEZMBcGA1UEAxMQQW1hem9uIFJv\nb3QgQ0EgMTCCASIwDQYJKoZIhvcNAQEBBQADggEPADCCAQoCggEBALJ4gHHKeNXj\nca9HgFB0fW7Y14h29Jlo91ghYPl0hAEvrAIthtOgQ3pOsqTQNroBvo3bSMgHFzZM\n9O6II8c+6zf1tRn4SWiw3te5djgdYZ6k/oI2peVKVuRF4fn9tBb6dNqcmzU5L/qw\nIFAGbHrQgLKm+a/sRxmPUDgH3KKHOVj4utWp+UhnMJbulHheb4mjUcAwhmahRWa6\nVOujw5H5SNz/0egwLX0tdHA114gk957EWW67c4cX8jJGKLhD+rcdqsq08p8kDi1L\n93FcXmn/6pUCyziKrlA4b9v7LWIbxcceVOF34GfID5yHI9Y/QCB/IIDEgEw+OyQm\njgSubJrIqg0CAwEAAaNCMEAwDwYDVR0TAQH/BAUwAwEB/zAOBgNVHQ8BAf8EBAMC\nAYYwHQYDVR0OBBYEFIQYzIU07LwMlJQuCFmcx7IQTgoIMA0GCSqGSIb3DQEBCwUA\nA4IBAQCY8jdaQZChGsV2USggNiMOruYou6r4lK5IpDB/G/wkjUu0yKGX9rbxenDI\nU5PMCCjjmCXPI6T53iHTfIUJrU6adTrCC2qJeHZERxhlbI1Bjjt/msv0tadQ1wUs\nN+gDS63pYaACbvXy8MWy7Vu33PqUXHeeE6V/Uq2V8viTO96LXFvKWlJbYK8U90vv\no/ufQJVtMVT8QtPHRh8jrdkPSHCa2XV4cdFyQzR1bldZwgJcJmApzyMZFo6IQ6XU\n5MsI+yMRQ+hDKXJioaldXgjUkK642M4UwtBV8ob2xJNDd2ZhwLnoQdeXeGADbkpy\nrqXRfboQnoZsG4q5WTP468SQvvG5\n-----END CERTIFICATE-----\n",
            "response_body_base64": "LS0tLS1CRUdJTiBDRVJUSUZJQ0FURS0tLS0tCk1JSURRVENDQWltZ0F3SUJBZ0lUQm15Zno1bS9qQW81NHZCNGlrUG1salpieWpBTkJna3Foa2lHOXcwQkFRc0YKQURBNU1Rc3dDUVlEVlFRR0V3SlZVekVQTUEwR0ExVUVDaE1HUVcxaGVtOXVNUmt3RndZRFZRUURFeEJCYldGNgpiMjRnVW05dmRDQkRRU0F4TUI0WERURTFNRFV5TmpBd01EQXdNRm9YRFRNNE1ERXhOekF3TURBd01Gb3dPVEVMCk1Ba0dBMVVFQmhNQ1ZWTXhEekFOQmdOVkJBb1RCa0Z0WVhwdmJqRVpNQmNHQTFVRUF4TVFRVzFoZW05dUlGSnYKYjNRZ1EwRWdNVENDQVNJd0RRWUpLb1pJaHZjTkFRRUJCUUFEZ2dFUEFEQ0NBUW9DZ2dFQkFMSjRnSEhLZU5YagpjYTlIZ0ZCMGZXN1kxNGgyOUpsbzkxZ2hZUGwwaEFFdnJBSXRodE9nUTNwT3NxVFFOcm9Cdm8zYlNNZ0hGelpNCjlPNklJOGMrNnpmMXRSbjRTV2l3M3RlNWRqZ2RZWjZrL29JMnBlVktWdVJGNGZuOXRCYjZkTnFjbXpVNUwvcXcKSUZBR2JIclFnTEttK2Evc1J4bVBVRGdIM0tLSE9WajR1dFdwK1Vobk1KYnVsSGhlYjRtalVjQXdobWFoUldhNgpWT3VqdzVINVNOei8wZWd3TFgwdGRIQTExNGdrOTU3RVdXNjdjNGNYOGpKR0tMaEQrcmNkcXNxMDhwOGtEaTFMCjkzRmNYbW4vNnBVQ3l6aUtybEE0Yjl2N0xXSWJ4Y2NlVk9GMzRHZklENXlISTlZL1FDQi9JSURFZ0V3K095UW0KamdTdWJKcklxZzBDQXdFQUFhTkNNRUF3RHdZRFZSMFRBUUgvQkFVd0F3RUIvekFPQmdOVkhROEJBZjhFQkFNQwpBWVl3SFFZRFZSME9CQllFRklRWXpJVTA3THdNbEpRdUNGbWN4N0lRVGdvSU1BMEdDU3FHU0liM0RRRUJDd1VBCkE0SUJBUUNZOGpkYVFaQ2hHc1YyVVNnZ05pTU9ydVlvdTZyNGxLNUlwREIvRy93a2pVdTB5S0dYOXJieGVuREkKVTVQTUNDamptQ1hQSTZUNTNpSFRmSVVKclU2YWRUckNDMnFKZUhaRVJ4aGxiSTFCamp0L21zdjB0YWRRMXdVcwpOK2dEUzYzcFlhQUNidlh5OE1XeTdWdTMzUHFVWEhlZUU2Vi9VcTJWOHZpVE85NkxYRnZLV2xKYllLOFU5MHZ2Cm8vdWZRSlZ0TVZUOFF0UEhSaDhqcmRrUFNIQ2EyWFY0Y2RGeVF6UjFibGRad2dKY0ptQXB6eU1aRm82SVE2WFUKNU1zSSt5TVJRK2hES1hKaW9hbGRYZ2pVa0s2NDJNNFV3dEJWOG9iMnhKTkRkMlpod0xub1FkZVhlR0FEYmtweQpycVhSZmJvUW5vWnNHNHE1V1RQNDY4U1F2dkc1Ci0tLS0tRU5EIENFUlRJRklDQVRFLS0tLS0K",
            "response_headers": {
              "Age": "64706",
              "Cache-Control": "max-age=31556952, public",
              "Connection": "keep-alive",
              "Content-Length": "1188",
              "Content-Type": "text/plain; charset=US-ASCII",
              "Date": "Sun, 29 Oct 2023 13:25:20 GMT",
              "Etag": "\"7095142f080d1d25221eec161ff14223\"",
              "Last-Modified": "Tue, 16 May 2023 23:46:54 GMT",
              "Server": "AmazonS3",
              "Via": "1.1 6f91c725c3d4f2326304347075e516a4.cloudfront.net (CloudFront)",
              "X-Amz-Cf-Id": "MGTG6T1-Ruf8UBmvwKrRoAD9H2r_2SqnS8Sz6o95WdUAQwKtKKgsMg==",
              "X-Amz-Cf-Pop": "SIN2-P1",
              "X-Amz-Version-Id": "EjSqvzLeybkUJ6ps3XoPDJxhfjWVbUP1",
              "X-Cache": "Hit from cloudfront"
            },
            "retry": null,
            "status_code": 200,
            "url": "https://www.amazontrust.com/repository/AmazonRootCA1.pem"
          },
          "sensitive_attributes": []
        }
      ]
    },
    {
      "mode": "managed",
      "type": "aws_autoscaling_group",
      "name": "asg",
      "provider": "provider[\"registry.terraform.io/hashicorp/aws\"]",
      "instances": [
        {
          "schema_version": 1,
          "attributes": {
            "arn": "arn:aws:autoscaling:ap-southeast-1:708779265549:autoScalingGroup:b2ac9651-8d05-48f4-909b-c8006a5c1f2a:autoScalingGroupName/tf-asg",
            "availability_zones": [
              "ap-southeast-1a",
              "ap-southeast-1b"
            ],
            "capacity_rebalance": false,
            "context": "",
            "default_cooldown": 300,
            "default_instance_warmup": 0,
            "desired_capacity": 1,
            "desired_capacity_type": "",
            "enabled_metrics": [],
            "force_delete": false,
            "force_delete_warm_pool": false,
            "health_check_grace_period": 300,
            "health_check_type": "EC2",
            "id": "tf-asg",
            "ignore_failed_scaling_activities": false,
            "initial_lifecycle_hook": [],
            "instance_refresh": [],
            "launch_configuration": "tf-asg-lc20231028034711457100000003",
            "launch_template": [],
            "load_balancers": [],
            "max_instance_lifetime": 0,
            "max_size": 1,
            "metrics_granularity": "1Minute",
            "min_elb_capacity": null,
            "min_size": 1,
            "mixed_instances_policy": [],
            "name": "tf-asg",
            "name_prefix": "",
            "placement_group": "",
            "predicted_capacity": 0,
            "protect_from_scale_in": false,
            "service_linked_role_arn": "arn:aws:iam::708779265549:role/aws-service-role/autoscaling.amazonaws.com/AWSServiceRoleForAutoScaling",
            "suspended_processes": [],
            "tag": [],
            "target_group_arns": [
              "arn:aws:elasticloadbalancing:ap-southeast-1:708779265549:targetgroup/tf-cloudfront-alb-tg/62b8415deac32ef1"
            ],
            "termination_policies": [],
            "timeouts": null,
            "traffic_source": [
              {
                "identifier": "arn:aws:elasticloadbalancing:ap-southeast-1:708779265549:targetgroup/tf-cloudfront-alb-tg/62b8415deac32ef1",
                "type": "elbv2"
              }
            ],
            "vpc_zone_identifier": [
              "subnet-01a1e7878db2a2d0b",
              "subnet-097742b3c76d12197"
            ],
            "wait_for_capacity_timeout": "10m",
            "wait_for_elb_capacity": null,
            "warm_pool": [],
            "warm_pool_size": 0
          },
          "sensitive_attributes": [],
          "private": "eyJlMmJmYjczMC1lY2FhLTExZTYtOGY4OC0zNDM2M2JjN2M0YzAiOnsiZGVsZXRlIjo2MDAwMDAwMDAwMDAsInVwZGF0ZSI6NjAwMDAwMDAwMDAwfSwic2NoZW1hX3ZlcnNpb24iOiIxIn0=",
          "dependencies": [
            "aws_launch_configuration.asg_launch_conf",
            "aws_lb_target_group.alb_tg",
            "aws_security_group.ec2_ingress",
            "data.aws_ami.appsmith_ami",
            "module.vpc.aws_cloudwatch_log_group.flow_log",
            "module.vpc.aws_customer_gateway.this",
            "module.vpc.aws_db_subnet_group.database",
            "module.vpc.aws_default_network_acl.this",
            "module.vpc.aws_default_route_table.default",
            "module.vpc.aws_default_security_group.this",
            "module.vpc.aws_default_vpc.this",
            "module.vpc.aws_egress_only_internet_gateway.this",
            "module.vpc.aws_eip.nat",
            "module.vpc.aws_elasticache_subnet_group.elasticache",
            "module.vpc.aws_flow_log.this",
            "module.vpc.aws_iam_policy.vpc_flow_log_cloudwatch",
            "module.vpc.aws_iam_role.vpc_flow_log_cloudwatch",
            "module.vpc.aws_iam_role_policy_attachment.vpc_flow_log_cloudwatch",
            "module.vpc.aws_internet_gateway.this",
            "module.vpc.aws_nat_gateway.this",
            "module.vpc.aws_network_acl.database",
            "module.vpc.aws_network_acl.elasticache",
            "module.vpc.aws_network_acl.intra",
            "module.vpc.aws_network_acl.outpost",
            "module.vpc.aws_network_acl.private",
            "module.vpc.aws_network_acl.public",
            "module.vpc.aws_network_acl.redshift",
            "module.vpc.aws_network_acl_rule.database_inbound",
            "module.vpc.aws_network_acl_rule.database_outbound",
            "module.vpc.aws_network_acl_rule.elasticache_inbound",
            "module.vpc.aws_network_acl_rule.elasticache_outbound",
            "module.vpc.aws_network_acl_rule.intra_inbound",
            "module.vpc.aws_network_acl_rule.intra_outbound",
            "module.vpc.aws_network_acl_rule.outpost_inbound",
            "module.vpc.aws_network_acl_rule.outpost_outbound",
            "module.vpc.aws_network_acl_rule.private_inbound",
            "module.vpc.aws_network_acl_rule.private_outbound",
            "module.vpc.aws_network_acl_rule.public_inbound",
            "module.vpc.aws_network_acl_rule.public_outbound",
            "module.vpc.aws_network_acl_rule.redshift_inbound",
            "module.vpc.aws_network_acl_rule.redshift_outbound",
            "module.vpc.aws_redshift_subnet_group.redshift",
            "module.vpc.aws_route.database_dns64_nat_gateway",
            "module.vpc.aws_route.database_internet_gateway",
            "module.vpc.aws_route.database_ipv6_egress",
            "module.vpc.aws_route.database_nat_gateway",
            "module.vpc.aws_route.private_dns64_nat_gateway",
            "module.vpc.aws_route.private_ipv6_egress",
            "module.vpc.aws_route.private_nat_gateway",
            "module.vpc.aws_route.public_internet_gateway",
            "module.vpc.aws_route.public_internet_gateway_ipv6",
            "module.vpc.aws_route_table.database",
            "module.vpc.aws_route_table.elasticache",
            "module.vpc.aws_route_table.intra",
            "module.vpc.aws_route_table.private",
            "module.vpc.aws_route_table.public",
            "module.vpc.aws_route_table.redshift",
            "module.vpc.aws_route_table_association.database",
            "module.vpc.aws_route_table_association.elasticache",
            "module.vpc.aws_route_table_association.intra",
            "module.vpc.aws_route_table_association.outpost",
            "module.vpc.aws_route_table_association.private",
            "module.vpc.aws_route_table_association.public",
            "module.vpc.aws_route_table_association.redshift",
            "module.vpc.aws_route_table_association.redshift_public",
            "module.vpc.aws_subnet.database",
            "module.vpc.aws_subnet.elasticache",
            "module.vpc.aws_subnet.intra",
            "module.vpc.aws_subnet.outpost",
            "module.vpc.aws_subnet.private",
            "module.vpc.aws_subnet.public",
            "module.vpc.aws_subnet.redshift",
            "module.vpc.aws_vpc.this",
            "module.vpc.aws_vpc_dhcp_options.this",
            "module.vpc.aws_vpc_dhcp_options_association.this",
            "module.vpc.aws_vpc_ipv4_cidr_block_association.this",
            "module.vpc.aws_vpn_gateway.this",
            "module.vpc.aws_vpn_gateway_attachment.this",
            "module.vpc.aws_vpn_gateway_route_propagation.intra",
            "module.vpc.aws_vpn_gateway_route_propagation.private",
            "module.vpc.aws_vpn_gateway_route_propagation.public",
            "module.vpc.data.aws_iam_policy_document.flow_log_cloudwatch_assume_role",
            "module.vpc.data.aws_iam_policy_document.vpc_flow_log_cloudwatch"
          ],
          "create_before_destroy": true
        }
      ]
    },
    {
      "mode": "managed",
      "type": "aws_cloudfront_distribution",
      "name": "cf_dist",
      "provider": "provider[\"registry.terraform.io/hashicorp/aws\"]",
      "instances": [
        {
          "schema_version": 1,
          "attributes": {
            "aliases": [],
            "arn": "arn:aws:cloudfront::708779265549:distribution/EGJPNB5DX4MNJ",
            "caller_reference": "terraform-20231028034933064200000004",
            "comment": null,
            "continuous_deployment_policy_id": "",
            "custom_error_response": [],
            "default_cache_behavior": [
              {
                "allowed_methods": [
                  "DELETE",
                  "GET",
                  "HEAD",
                  "OPTIONS",
                  "PATCH",
                  "POST",
                  "PUT"
                ],
                "cache_policy_id": "",
                "cached_methods": [
                  "GET",
                  "HEAD",
                  "OPTIONS"
                ],
                "compress": false,
                "default_ttl": 0,
                "field_level_encryption_id": "",
                "forwarded_values": [
                  {
                    "cookies": [
                      {
                        "forward": "all",
                        "whitelisted_names": []
                      }
                    ],
                    "headers": [],
                    "query_string": true,
                    "query_string_cache_keys": []
                  }
                ],
                "function_association": [],
                "lambda_function_association": [],
                "max_ttl": 0,
                "min_ttl": 0,
                "origin_request_policy_id": "",
                "realtime_log_config_arn": "",
                "response_headers_policy_id": "",
                "smooth_streaming": false,
                "target_origin_id": "tf-cloudfront-alb-1568255376.ap-southeast-1.elb.amazonaws.com",
                "trusted_key_groups": [],
                "trusted_signers": [],
                "viewer_protocol_policy": "redirect-to-https"
              }
            ],
            "default_root_object": "",
            "domain_name": "d2bl1otdeell8r.cloudfront.net",
            "enabled": true,
            "etag": "E1AW5YGQCV0WHI",
            "hosted_zone_id": "Z2FDTNDATAQYW2",
            "http_version": "http2",
            "id": "EGJPNB5DX4MNJ",
            "in_progress_validation_batches": 0,
            "is_ipv6_enabled": false,
            "last_modified_time": "2023-10-28 04:54:44.884 +0000 UTC",
            "logging_config": [],
            "ordered_cache_behavior": [],
            "origin": [
              {
                "connection_attempts": 3,
                "connection_timeout": 10,
                "custom_header": [],
                "custom_origin_config": [
                  {
                    "http_port": 80,
                    "https_port": 443,
                    "origin_keepalive_timeout": 5,
                    "origin_protocol_policy": "http-only",
                    "origin_read_timeout": 30,
                    "origin_ssl_protocols": [
                      "TLSv1.2"
                    ]
                  }
                ],
                "domain_name": "tf-cloudfront-alb-1568255376.ap-southeast-1.elb.amazonaws.com",
                "origin_access_control_id": "",
                "origin_id": "tf-cloudfront-alb-1568255376.ap-southeast-1.elb.amazonaws.com",
                "origin_path": "",
                "origin_shield": [],
                "s3_origin_config": []
              }
            ],
            "origin_group": [],
            "price_class": "PriceClass_All",
            "restrictions": [
              {
                "geo_restriction": [
                  {
                    "locations": [
                      "SG"
                    ],
                    "restriction_type": "whitelist"
                  }
                ]
              }
            ],
            "retain_on_delete": false,
            "staging": false,
            "status": "Deployed",
            "tags": {
              "tag_application_code": "Cloud7"
            },
            "tags_all": {
              "tag_application_code": "Cloud7"
            },
            "trusted_key_groups": [
              {
                "enabled": false,
                "items": []
              }
            ],
            "trusted_signers": [
              {
                "enabled": false,
                "items": []
              }
            ],
            "viewer_certificate": [
              {
                "acm_certificate_arn": "",
                "cloudfront_default_certificate": true,
                "iam_certificate_id": "",
                "minimum_protocol_version": "TLSv1",
                "ssl_support_method": ""
              }
            ],
            "wait_for_deployment": true,
            "web_acl_id": "arn:aws:wafv2:us-east-1:708779265549:global/webacl/cloudfront-webacl/63a33dfb-4204-44fb-8e81-b54214929f1d"
          },
          "sensitive_attributes": [],
          "private": "eyJzY2hlbWFfdmVyc2lvbiI6IjEifQ==",
          "dependencies": [
            "aws_lb.alb",
            "aws_security_group.alb_ingress",
            "aws_wafv2_web_acl.cloudfront",
            "module.vpc.aws_subnet.public",
            "module.vpc.aws_vpc.this",
            "module.vpc.aws_vpc_ipv4_cidr_block_association.this"
          ]
        }
      ]
    },
    {
      "mode": "managed",
      "type": "aws_cloudwatch_log_group",
      "name": "glue_log_group",
      "provider": "provider[\"registry.terraform.io/hashicorp/aws\"]",
      "instances": [
        {
          "schema_version": 0,
          "attributes": {
            "arn": "arn:aws:logs:ap-southeast-1:708779265549:log-group:/aws-glue/jobs",
            "id": "/aws-glue/jobs",
            "kms_key_id": "",
            "name": "/aws-glue/jobs",
            "name_prefix": "",
            "retention_in_days": 7,
            "skip_destroy": false,
            "tags": {},
            "tags_all": {
              "tag_application_code": "Cloud7"
            }
          },
          "sensitive_attributes": [],
          "private": "bnVsbA=="
        }
      ]
    },
    {
      "mode": "managed",
      "type": "aws_cloudwatch_log_group",
      "name": "yada",
      "provider": "provider[\"registry.terraform.io/hashicorp/aws\"]",
      "instances": [
        {
          "schema_version": 0,
          "attributes": {
            "arn": "arn:aws:logs:ap-southeast-1:708779265549:log-group:Yada",
            "id": "Yada",
            "kms_key_id": "",
            "name": "Yada",
            "name_prefix": "",
            "retention_in_days": 0,
            "skip_destroy": false,
            "tags": {},
            "tags_all": {
              "tag_application_code": "Cloud7"
            }
          },
          "sensitive_attributes": [],
          "private": "bnVsbA=="
        }
      ]
    },
    {
      "mode": "managed",
      "type": "aws_cognito_user_pool",
      "name": "user_pool",
      "provider": "provider[\"registry.terraform.io/hashicorp/aws\"]",
      "instances": [
        {
          "schema_version": 0,
          "attributes": {
            "account_recovery_setting": [
              {
                "recovery_mechanism": [
                  {
                    "name": "verified_email",
                    "priority": 1
                  },
                  {
                    "name": "verified_phone_number",
                    "priority": 2
                  }
                ]
              }
            ],
            "admin_create_user_config": [
              {
                "allow_admin_create_user_only": false,
                "invite_message_template": []
              }
            ],
            "alias_attributes": null,
            "arn": "arn:aws:cognito-idp:ap-southeast-1:708779265549:userpool/ap-southeast-1_0qW3pXkKD",
            "auto_verified_attributes": [
              "email"
            ],
            "creation_date": "2023-10-28T03:48:09Z",
            "custom_domain": "",
            "deletion_protection": "INACTIVE",
            "device_configuration": [],
            "domain": "",
            "email_configuration": [
              {
                "configuration_set": "",
                "email_sending_account": "COGNITO_DEFAULT",
                "from_email_address": "",
                "reply_to_email_address": "",
                "source_arn": ""
              }
            ],
            "email_verification_message": "Your confirmation code is {####}",
            "email_verification_subject": "[Cloud7] Account Confirmation",
            "endpoint": "cognito-idp.ap-southeast-1.amazonaws.com/ap-southeast-1_0qW3pXkKD",
            "estimated_number_of_users": 0,
            "id": "ap-southeast-1_0qW3pXkKD",
            "lambda_config": [],
            "last_modified_date": "2023-10-30T07:23:58Z",
            "mfa_configuration": "OFF",
            "name": "user-pool",
            "password_policy": [
              {
                "minimum_length": 6,
                "require_lowercase": false,
                "require_numbers": false,
                "require_symbols": false,
                "require_uppercase": false,
                "temporary_password_validity_days": 7
              }
            ],
            "schema": [
              {
                "attribute_data_type": "String",
                "developer_only_attribute": false,
                "mutable": true,
                "name": "email",
                "number_attribute_constraints": [],
                "required": true,
                "string_attribute_constraints": [
                  {
                    "max_length": "256",
                    "min_length": "1"
                  }
                ]
              }
            ],
            "sms_authentication_message": "",
            "sms_configuration": [],
            "sms_verification_message": "",
            "software_token_mfa_configuration": [],
            "tags": {},
            "tags_all": {
              "tag_application_code": "Cloud7"
            },
            "user_attribute_update_settings": [],
            "user_pool_add_ons": [],
            "username_attributes": [
              "email"
            ],
            "username_configuration": [],
            "verification_message_template": [
              {
                "default_email_option": "CONFIRM_WITH_CODE",
                "email_message": "Your confirmation code is {####}",
                "email_message_by_link": "",
                "email_subject": "[Cloud7] Account Confirmation",
                "email_subject_by_link": "",
                "sms_message": ""
              }
            ]
          },
          "sensitive_attributes": [],
          "private": "bnVsbA=="
        }
      ]
    },
    {
      "mode": "managed",
      "type": "aws_cognito_user_pool_client",
      "name": "client",
      "provider": "provider[\"registry.terraform.io/hashicorp/aws\"]",
      "instances": [
        {
          "schema_version": 0,
          "attributes": {
            "access_token_validity": 0,
            "allowed_oauth_flows": [
              "code"
            ],
            "allowed_oauth_flows_user_pool_client": true,
            "allowed_oauth_scopes": [
              "email",
              "openid",
              "profile"
            ],
            "analytics_configuration": [],
            "auth_session_validity": 3,
            "callback_urls": [
              "https://d2bl1otdeell8r.cloudfront.net/login/oauth2/code/oidc"
            ],
            "client_secret": "66jbnh42ake07ms162ructvtb8nsvcm41j1l2g1gbpiqbeqbfaa",
            "default_redirect_uri": "",
            "enable_propagate_additional_user_context_data": false,
            "enable_token_revocation": true,
            "explicit_auth_flows": [
              "ALLOW_ADMIN_USER_PASSWORD_AUTH",
              "ALLOW_REFRESH_TOKEN_AUTH",
              "ALLOW_USER_PASSWORD_AUTH"
            ],
            "generate_secret": true,
            "id": "jgr06fdtva0inmhjnkn20o9ag",
            "id_token_validity": 0,
            "logout_urls": [],
            "name": "cognito-client",
            "prevent_user_existence_errors": "ENABLED",
            "read_attributes": [],
            "refresh_token_validity": 90,
            "supported_identity_providers": [
              "COGNITO"
            ],
            "token_validity_units": [],
            "user_pool_id": "ap-southeast-1_0qW3pXkKD",
            "write_attributes": []
          },
          "sensitive_attributes": [],
          "dependencies": [
            "aws_cognito_user_pool.user_pool"
          ]
        }
      ]
    },
    {
      "mode": "managed",
      "type": "aws_dynamodb_table",
      "name": "basic-dynamodb-table",
      "provider": "provider[\"registry.terraform.io/hashicorp/aws\"]",
      "instances": [
        {
          "schema_version": 1,
          "attributes": {
            "arn": "arn:aws:dynamodb:ap-southeast-1:708779265549:table/iotdata",
            "attribute": [
              {
                "name": "thingId",
                "type": "S"
              },
              {
                "name": "timestamp",
                "type": "N"
              }
            ],
            "billing_mode": "PROVISIONED",
            "deletion_protection_enabled": false,
            "global_secondary_index": [],
            "hash_key": "timestamp",
            "id": "iotdata",
            "import_table": [],
            "local_secondary_index": [],
            "name": "iotdata",
            "point_in_time_recovery": [
              {
                "enabled": true
              }
            ],
            "range_key": "thingId",
            "read_capacity": 20,
            "replica": [],
            "restore_date_time": null,
            "restore_source_name": null,
            "restore_to_latest_time": null,
            "server_side_encryption": [],
            "stream_arn": "",
            "stream_enabled": false,
            "stream_label": "",
            "stream_view_type": "",
            "table_class": "STANDARD",
            "tags": {},
            "tags_all": {
              "tag_application_code": "Cloud7"
            },
            "timeouts": null,
            "ttl": [
              {
                "attribute_name": "",
                "enabled": false
              }
            ],
            "write_capacity": 20
          },
          "sensitive_attributes": [],
          "private": "eyJlMmJmYjczMC1lY2FhLTExZTYtOGY4OC0zNDM2M2JjN2M0YzAiOnsiY3JlYXRlIjoxODAwMDAwMDAwMDAwLCJkZWxldGUiOjYwMDAwMDAwMDAwMCwidXBkYXRlIjozNjAwMDAwMDAwMDAwfSwic2NoZW1hX3ZlcnNpb24iOiIxIn0="
        }
      ]
    },
    {
      "mode": "managed",
      "type": "aws_glue_job",
      "name": "db_to_s3",
      "provider": "provider[\"registry.terraform.io/hashicorp/aws\"]",
      "instances": [
        {
          "schema_version": 0,
          "attributes": {
            "arn": "arn:aws:glue:ap-southeast-1:708779265549:job/db_to_s3",
            "command": [
              {
                "name": "glueetl",
                "python_version": "3",
                "runtime": "",
                "script_location": "s3://cloud7-dynamodb-bucket/scripts/glue_script.py"
              }
            ],
            "connections": [],
            "default_arguments": {
              "--TempDir": "s3://cloud7-dynamodb-bucket/temporary/",
              "--continuous-log-logGroup": "/aws-glue/jobs",
              "--enable-auto-scaling": "true",
              "--enable-continuous-cloudwatch-log": "true",
              "--enable-continuous-log-filter": "true",
              "--enable-glue-datacatalog": "true",
              "--enable-job-insights": "false",
              "--enable-metrics": "",
              "--enable-spark-ui": "true",
              "--job-bookmark-option": "job-bookmark-disable",
              "--job-language": "python",
              "--spark-event-logs-path": "s3://cloud7-dynamodb-bucket/sparkHistoryLogs/"
            },
            "description": "",
            "execution_class": "FLEX",
            "execution_property": [
              {
                "max_concurrent_runs": 1
              }
            ],
            "glue_version": "4.0",
            "id": "db_to_s3",
            "max_capacity": 2,
            "max_retries": 0,
            "name": "db_to_s3",
            "non_overridable_arguments": {},
            "notification_property": [],
            "number_of_workers": 2,
            "role_arn": "arn:aws:iam::708779265549:role/glue_role",
            "security_configuration": "",
            "tags": {},
            "tags_all": {
              "tag_application_code": "Cloud7"
            },
            "timeout": 120,
            "worker_type": "G.1X"
          },
          "sensitive_attributes": [],
          "private": "bnVsbA==",
          "dependencies": [
            "aws_cloudwatch_log_group.glue_log_group",
            "aws_iam_role.glue_role",
            "aws_s3_bucket.bucket",
            "data.aws_iam_policy_document.glue_assume_role"
          ]
        }
      ]
    },
    {
      "mode": "managed",
      "type": "aws_glue_trigger",
      "name": "glue_trigger",
      "provider": "provider[\"registry.terraform.io/hashicorp/aws\"]",
      "instances": [
        {
          "schema_version": 0,
          "attributes": {
            "actions": [
              {
                "arguments": {},
                "crawler_name": "",
                "job_name": "db_to_s3",
                "notification_property": [],
                "security_configuration": "",
                "timeout": 0
              }
            ],
            "arn": "arn:aws:glue:ap-southeast-1:708779265549:trigger/glue_trigger",
            "description": "",
            "enabled": true,
            "event_batching_condition": [],
            "id": "glue_trigger",
            "name": "glue_trigger",
            "predicate": [],
            "schedule": "cron(0 0 ? * 2#1 *)",
            "start_on_creation": null,
            "state": "ACTIVATED",
            "tags": {},
            "tags_all": {
              "tag_application_code": "Cloud7"
            },
            "timeouts": null,
            "type": "SCHEDULED",
            "workflow_name": ""
          },
          "sensitive_attributes": [],
          "private": "eyJlMmJmYjczMC1lY2FhLTExZTYtOGY4OC0zNDM2M2JjN2M0YzAiOnsiY3JlYXRlIjozMDAwMDAwMDAwMDAsImRlbGV0ZSI6MzAwMDAwMDAwMDAwfX0=",
          "dependencies": [
            "aws_cloudwatch_log_group.glue_log_group",
            "aws_glue_job.db_to_s3",
            "aws_iam_role.glue_role",
            "aws_s3_bucket.bucket",
            "data.aws_iam_policy_document.glue_assume_role"
          ]
        }
      ]
    },
    {
      "mode": "managed",
      "type": "aws_iam_policy",
      "name": "glue_policy",
      "provider": "provider[\"registry.terraform.io/hashicorp/aws\"]",
      "instances": [
        {
          "schema_version": 0,
          "attributes": {
            "arn": "arn:aws:iam::708779265549:policy/glue_policy",
            "description": "",
            "id": "arn:aws:iam::708779265549:policy/glue_policy",
            "name": "glue_policy",
            "name_prefix": "",
            "path": "/",
            "policy": "{\"Statement\":[{\"Action\":[\"s3:PutObject\",\"s3:ListBucket\",\"s3:GetObject\",\"glue:*\",\"dynamodb:ExportTableToPointInTime\",\"dynamodb:DescribeExport\"],\"Effect\":\"Allow\",\"Resource\":[\"arn:aws:s3:::cloud7-dynamodb-bucket/*\",\"arn:aws:s3:::cloud7-dynamodb-bucket\",\"arn:aws:s3:::aws-glue-assets-708779265549-ap-southeast-1/*\",\"arn:aws:s3:::aws-glue-assets-708779265549-ap-southeast-1\",\"arn:aws:dynamodb:ap-southeast-1:708779265549:table/iotdata/export/*\",\"arn:aws:dynamodb:ap-southeast-1:708779265549:table/iotdata\"]}],\"Version\":\"2012-10-17\"}",
            "policy_id": "ANPA2KBUJJYG4BORIDCC7",
            "tags": {},
            "tags_all": {
              "tag_application_code": "Cloud7"
            }
          },
          "sensitive_attributes": [],
          "private": "bnVsbA==",
          "dependencies": [
            "aws_dynamodb_table.basic-dynamodb-table",
            "aws_s3_bucket.bucket",
            "data.aws_iam_policy_document.glue_policy_doc"
          ]
        }
      ]
    },
    {
      "mode": "managed",
      "type": "aws_iam_policy",
      "name": "glue_policy_cw",
      "provider": "provider[\"registry.terraform.io/hashicorp/aws\"]",
      "instances": [
        {
          "schema_version": 0,
          "attributes": {
            "arn": "arn:aws:iam::708779265549:policy/glue_policy_cw",
            "description": "",
            "id": "arn:aws:iam::708779265549:policy/glue_policy_cw",
            "name": "glue_policy_cw",
            "name_prefix": "",
            "path": "/",
            "policy": "{\"Statement\":[{\"Action\":[\"logs:PutLogEvents\",\"logs:CreateLogStream\",\"logs:CreateLogGroup\",\"cloudwatch:PutMetricData\",\"cloudwatch:ListMetrics\",\"cloudwatch:GetMetricStatistics\"],\"Effect\":\"Allow\",\"Resource\":\"*\"}],\"Version\":\"2012-10-17\"}",
            "policy_id": "ANPA2KBUJJYGTZRSGCL3O",
            "tags": {},
            "tags_all": {
              "tag_application_code": "Cloud7"
            }
          },
          "sensitive_attributes": [],
          "private": "bnVsbA==",
          "dependencies": [
            "data.aws_iam_policy_document.glue_cloudwatch"
          ]
        }
      ]
    },
    {
      "mode": "managed",
      "type": "aws_iam_role",
      "name": "cloudwatchrole",
      "provider": "provider[\"registry.terraform.io/hashicorp/aws\"]",
      "instances": [
        {
          "schema_version": 0,
          "attributes": {
            "arn": "arn:aws:iam::708779265549:role/cloudwatchrole",
            "assume_role_policy": "{\"Statement\":[{\"Action\":\"sts:AssumeRole\",\"Effect\":\"Allow\",\"Principal\":{\"Service\":\"iot.amazonaws.com\"}}],\"Version\":\"2012-10-17\"}",
            "create_date": "2023-10-28T03:48:10Z",
            "description": "",
            "force_detach_policies": false,
            "id": "cloudwatchrole",
            "inline_policy": [
              {
                "name": "cloudwatchlogpolicy",
                "policy": "{\"Version\":\"2012-10-17\",\"Statement\":[{\"Action\":\"logs:PutLogEvents\",\"Effect\":\"Allow\",\"Resource\":\"*\"}]}"
              }
            ],
            "managed_policy_arns": [],
            "max_session_duration": 3600,
            "name": "cloudwatchrole",
            "name_prefix": "",
            "path": "/",
            "permissions_boundary": "",
            "tags": {},
            "tags_all": {
              "tag_application_code": "Cloud7"
            },
            "unique_id": "AROA2KBUJJYG2GZVDJSCB"
          },
          "sensitive_attributes": [],
          "private": "bnVsbA==",
          "dependencies": [
            "data.aws_iam_policy_document.cloudwatch_assume_role"
          ]
        }
      ]
    },
    {
      "mode": "managed",
      "type": "aws_iam_role",
      "name": "glue_role",
      "provider": "provider[\"registry.terraform.io/hashicorp/aws\"]",
      "instances": [
        {
          "schema_version": 0,
          "attributes": {
            "arn": "arn:aws:iam::708779265549:role/glue_role",
            "assume_role_policy": "{\"Statement\":[{\"Action\":\"sts:AssumeRole\",\"Effect\":\"Allow\",\"Principal\":{\"Service\":[\"s3.amazonaws.com\",\"glue.amazonaws.com\",\"dynamodb.amazonaws.com\"]}}],\"Version\":\"2012-10-17\"}",
            "create_date": "2023-10-29T06:39:07Z",
            "description": "",
            "force_detach_policies": false,
            "id": "glue_role",
            "inline_policy": [],
            "managed_policy_arns": [
              "arn:aws:iam::708779265549:policy/glue_policy",
              "arn:aws:iam::708779265549:policy/glue_policy_cw"
            ],
            "max_session_duration": 3600,
            "name": "glue_role",
            "name_prefix": "",
            "path": "/",
            "permissions_boundary": "",
            "tags": {},
            "tags_all": {
              "tag_application_code": "Cloud7"
            },
            "unique_id": "AROA2KBUJJYG5LB6GOJOP"
          },
          "sensitive_attributes": [],
          "private": "bnVsbA==",
          "dependencies": [
            "data.aws_iam_policy_document.glue_assume_role"
          ]
        }
      ]
    },
    {
      "mode": "managed",
      "type": "aws_iam_role",
      "name": "role",
      "provider": "provider[\"registry.terraform.io/hashicorp/aws\"]",
      "instances": [
        {
          "schema_version": 0,
          "attributes": {
            "arn": "arn:aws:iam::708779265549:role/myrole",
            "assume_role_policy": "{\"Statement\":[{\"Action\":\"sts:AssumeRole\",\"Effect\":\"Allow\",\"Principal\":{\"Service\":\"iot.amazonaws.com\"}}],\"Version\":\"2012-10-17\"}",
            "create_date": "2023-10-28T03:48:10Z",
            "description": "",
            "force_detach_policies": false,
            "id": "myrole",
            "inline_policy": [
              {
                "name": "mypolicy",
                "policy": "{\"Version\":\"2012-10-17\",\"Statement\":[{\"Action\":\"lambda:InvokeFunction\",\"Effect\":\"Allow\",\"Resource\":\"*\"}]}"
              }
            ],
            "managed_policy_arns": [],
            "max_session_duration": 3600,
            "name": "myrole",
            "name_prefix": "",
            "path": "/",
            "permissions_boundary": "",
            "tags": {},
            "tags_all": {
              "tag_application_code": "Cloud7"
            },
            "unique_id": "AROA2KBUJJYGS2P4G4VQX"
          },
          "sensitive_attributes": [],
          "private": "bnVsbA==",
          "dependencies": [
            "data.aws_iam_policy_document.assume_role"
          ]
        }
      ]
    },
    {
      "mode": "managed",
      "type": "aws_iam_role_policy",
      "name": "iam_policy_for_cloudwatchlog",
      "provider": "provider[\"registry.terraform.io/hashicorp/aws\"]",
      "instances": [
        {
          "schema_version": 0,
          "attributes": {
            "id": "cloudwatchrole:cloudwatchlogpolicy",
            "name": "cloudwatchlogpolicy",
            "name_prefix": "",
            "policy": "{\"Version\":\"2012-10-17\",\"Statement\":[{\"Action\":\"logs:PutLogEvents\",\"Effect\":\"Allow\",\"Resource\":\"*\"}]}",
            "role": "cloudwatchrole"
          },
          "sensitive_attributes": [],
          "private": "bnVsbA==",
          "dependencies": [
            "aws_iam_role.cloudwatchrole",
            "data.aws_iam_policy_document.cloudwatch_assume_role",
            "data.aws_iam_policy_document.iam_policy_for_cloudwatchlog"
          ]
        }
      ]
    },
    {
      "mode": "managed",
      "type": "aws_iam_role_policy",
      "name": "iam_policy_for_lambda",
      "provider": "provider[\"registry.terraform.io/hashicorp/aws\"]",
      "instances": [
        {
          "schema_version": 0,
          "attributes": {
            "id": "myrole:mypolicy",
            "name": "mypolicy",
            "name_prefix": "",
            "policy": "{\"Version\":\"2012-10-17\",\"Statement\":[{\"Action\":\"lambda:InvokeFunction\",\"Effect\":\"Allow\",\"Resource\":\"*\"}]}",
            "role": "myrole"
          },
          "sensitive_attributes": [],
          "private": "bnVsbA==",
          "dependencies": [
            "aws_iam_role.role",
            "data.aws_iam_policy_document.assume_role",
            "data.aws_iam_policy_document.iam_policy_for_lambda"
          ]
        }
      ]
    },
    {
      "mode": "managed",
      "type": "aws_iam_role_policy_attachment",
      "name": "glue_policy_attach",
      "provider": "provider[\"registry.terraform.io/hashicorp/aws\"]",
      "instances": [
        {
          "schema_version": 0,
          "attributes": {
            "id": "glue_role-20231029064930787900000001",
            "policy_arn": "arn:aws:iam::708779265549:policy/glue_policy",
            "role": "glue_role"
          },
          "sensitive_attributes": [],
          "private": "bnVsbA==",
          "dependencies": [
            "aws_dynamodb_table.basic-dynamodb-table",
            "aws_iam_policy.glue_policy",
            "aws_iam_role.glue_role",
            "aws_s3_bucket.bucket",
            "data.aws_iam_policy_document.glue_assume_role",
            "data.aws_iam_policy_document.glue_policy_doc"
          ]
        }
      ]
    },
    {
      "mode": "managed",
      "type": "aws_iam_role_policy_attachment",
      "name": "glue_policy_attach_cw",
      "provider": "provider[\"registry.terraform.io/hashicorp/aws\"]",
      "instances": [
        {
          "schema_version": 0,
          "attributes": {
            "id": "glue_role-20231029111824666900000001",
            "policy_arn": "arn:aws:iam::708779265549:policy/glue_policy_cw",
            "role": "glue_role"
          },
          "sensitive_attributes": [],
          "private": "bnVsbA==",
          "dependencies": [
            "aws_iam_policy.glue_policy_cw",
            "aws_iam_role.glue_role",
            "data.aws_iam_policy_document.glue_assume_role",
            "data.aws_iam_policy_document.glue_cloudwatch"
          ]
        }
      ]
    },
    {
      "mode": "managed",
      "type": "aws_iot_certificate",
      "name": "cert",
      "provider": "provider[\"registry.terraform.io/hashicorp/aws\"]",
      "instances": [
        {
          "schema_version": 0,
          "attributes": {
            "active": true,
            "arn": "arn:aws:iot:ap-southeast-1:708779265549:cert/667e43f99c50bb7c7c0d1a9e82ae559f442355e8d4aa3d7d58d0c4b798bc84be",
            "ca_pem": null,
            "certificate_pem": "-----BEGIN CERTIFICATE-----\nMIICuTCCAaGgAwIBAgIRAJ+zcyjR1P3ADXiFWurY3aowDQYJKoZIhvcNAQELBQAw\nDzENMAsGA1UEChMEdGVzdDAeFw0yMzEwMjgwMzQ2NThaFw0yMzExMDcwMzQ2NTha\nMA8xDTALBgNVBAoTBHRlc3QwggEiMA0GCSqGSIb3DQEBAQUAA4IBDwAwggEKAoIB\nAQCvkqZl/mZRBNjVxxF/gYrnwVwHG6lwx1hO7P6yGi+FScN3E2zTwHaIgIDXSy2L\nzj5osOUPMgUEpEj/ZntfTM48QykwqPV4+CLlIaxyf68osZQauT/0qzfjIstQffdL\nh5JUqln345CeR/NtuQ8cptC3nxllFK8KJqxbpObfVt3x49IF7914TUaluFKMq6N4\nn6VyC04kKynVuFlfVL+MlKaKO1PBTHIhHtbR2/E+jqTXbk1d95OhqYoM1qI51jm9\neAa1mg/umIEKnvjKkYkmpUPfx+VRnWNLMRsAQjn1rEwWwV70gW0vr9rUgweKSaBR\ng/TqzKyUyVpXHnktqAGyWzf/AgMBAAGjEDAOMAwGA1UdEwEB/wQCMAAwDQYJKoZI\nhvcNAQELBQADggEBADIwxlAl3KEIbHL/iPJVCjiPzUpd/ie5z2Wy7eHVsqbJx0OJ\nomZV80ZV267394FLmCUOQyT92PR0WJhHRigslc3sGSAQ/LtkrLRyrF0mMVHPdCXe\nZG29nVNoaJdZdFwhDwoAH0x7kOFvTBjAsEQ/DsnMw5wpFdoR+uC2xISgfwT0ITRT\nP7kXqkqdMIb2HaSwvquYFW3zIkA4BQPY5HXBV0/wF4bn3YjqKlYZ6YrpqmSMCNKr\nsWj4HhumT8fSoYPv7aGWg1C5TEKVncFcoNLMTWjwYf3bJu6123o402/eklixM/qT\n8tjKScbpgdckty9FsndkmpAUWkhdVQuT/USvtew=\n-----END CERTIFICATE-----",
            "csr": null,
            "id": "667e43f99c50bb7c7c0d1a9e82ae559f442355e8d4aa3d7d58d0c4b798bc84be",
            "private_key": null,
            "public_key": null
          },
          "sensitive_attributes": [],
          "private": "bnVsbA==",
          "dependencies": [
            "tls_private_key.key",
            "tls_self_signed_cert.cert"
          ]
        }
      ]
    },
    {
      "mode": "managed",
      "type": "aws_iot_policy",
      "name": "policy",
      "provider": "provider[\"registry.terraform.io/hashicorp/aws\"]",
      "instances": [
        {
          "schema_version": 0,
          "attributes": {
            "arn": "arn:aws:iot:ap-southeast-1:708779265549:policy/thingpolicy_c0bc77c8e1a3efbc",
            "default_version_id": "1",
            "id": "thingpolicy_c0bc77c8e1a3efbc",
            "name": "thingpolicy_c0bc77c8e1a3efbc",
            "policy": "{\"Statement\":[{\"Action\":[\"iot:Connect\"],\"Effect\":\"Allow\",\"Resource\":\"arn:aws:iot:ap-southeast-1:708779265549:client/${iot:Connection.Thing.ThingName}\"},{\"Action\":[\"iot:Publish\",\"iot:Receive\"],\"Effect\":\"Allow\",\"Resource\":\"arn:aws:iot:ap-southeast-1:708779265549:topic/things/${iot:Connection.Thing.ThingName}/*\"},{\"Action\":[\"iot:Subscribe\"],\"Effect\":\"Allow\",\"Resource\":\"arn:aws:iot:ap-southeast-1:708779265549:topicfilter/things/${iot:Connection.Thing.ThingName}/*\"}],\"Version\":\"2012-10-17\"}"
          },
          "sensitive_attributes": [],
          "private": "bnVsbA==",
          "dependencies": [
            "aws_iot_thing.thing",
            "data.aws_arn.thing",
            "random_id.id"
          ]
        }
      ]
    },
    {
      "mode": "managed",
      "type": "aws_iot_policy_attachment",
      "name": "attachment",
      "provider": "provider[\"registry.terraform.io/hashicorp/aws\"]",
      "instances": [
        {
          "schema_version": 0,
          "attributes": {
            "id": "thingpolicy_c0bc77c8e1a3efbc|arn:aws:iot:ap-southeast-1:708779265549:cert/667e43f99c50bb7c7c0d1a9e82ae559f442355e8d4aa3d7d58d0c4b798bc84be",
            "policy": "thingpolicy_c0bc77c8e1a3efbc",
            "target": "arn:aws:iot:ap-southeast-1:708779265549:cert/667e43f99c50bb7c7c0d1a9e82ae559f442355e8d4aa3d7d58d0c4b798bc84be"
          },
          "sensitive_attributes": [],
          "private": "bnVsbA==",
          "dependencies": [
            "aws_iot_certificate.cert",
            "aws_iot_policy.policy",
            "aws_iot_thing.thing",
            "data.aws_arn.thing",
            "random_id.id",
            "tls_private_key.key",
            "tls_self_signed_cert.cert"
          ]
        }
      ]
    },
    {
      "mode": "managed",
      "type": "aws_iot_thing",
      "name": "thing",
      "provider": "provider[\"registry.terraform.io/hashicorp/aws\"]",
      "instances": [
        {
          "schema_version": 0,
          "attributes": {
            "arn": "arn:aws:iot:ap-southeast-1:708779265549:thing/thing_c0bc77c8e1a3efbc",
            "attributes": {},
            "default_client_id": "thing_c0bc77c8e1a3efbc",
            "id": "thing_c0bc77c8e1a3efbc",
            "name": "thing_c0bc77c8e1a3efbc",
            "thing_type_name": "",
            "version": 1
          },
          "sensitive_attributes": [],
          "private": "bnVsbA==",
          "dependencies": [
            "random_id.id"
          ]
        }
      ]
    },
    {
      "mode": "managed",
      "type": "aws_iot_thing_principal_attachment",
      "name": "attachment",
      "provider": "provider[\"registry.terraform.io/hashicorp/aws\"]",
      "instances": [
        {
          "schema_version": 0,
          "attributes": {
            "id": "thing_c0bc77c8e1a3efbc|arn:aws:iot:ap-southeast-1:708779265549:cert/667e43f99c50bb7c7c0d1a9e82ae559f442355e8d4aa3d7d58d0c4b798bc84be",
            "principal": "arn:aws:iot:ap-southeast-1:708779265549:cert/667e43f99c50bb7c7c0d1a9e82ae559f442355e8d4aa3d7d58d0c4b798bc84be",
            "thing": "thing_c0bc77c8e1a3efbc"
          },
          "sensitive_attributes": [],
          "private": "bnVsbA==",
          "dependencies": [
            "aws_iot_certificate.cert",
            "aws_iot_thing.thing",
            "random_id.id",
            "tls_private_key.key",
            "tls_self_signed_cert.cert"
          ]
        }
      ]
    },
    {
      "mode": "managed",
      "type": "aws_iot_topic_rule",
      "name": "rule",
      "provider": "provider[\"registry.terraform.io/hashicorp/aws\"]",
      "instances": [
        {
          "schema_version": 0,
          "attributes": {
            "arn": "arn:aws:iot:ap-southeast-1:708779265549:rule/lambda",
            "cloudwatch_alarm": [],
            "cloudwatch_logs": [],
            "cloudwatch_metric": [],
            "description": "lambda rule",
            "dynamodb": [],
            "dynamodbv2": [],
            "elasticsearch": [],
            "enabled": true,
            "error_action": [
              {
                "cloudwatch_alarm": [],
                "cloudwatch_logs": [
                  {
                    "log_group_name": "Yada",
                    "role_arn": "arn:aws:iam::708779265549:role/cloudwatchrole"
                  }
                ],
                "cloudwatch_metric": [],
                "dynamodb": [],
                "dynamodbv2": [],
                "elasticsearch": [],
                "firehose": [],
                "http": [],
                "iot_analytics": [],
                "iot_events": [],
                "kafka": [],
                "kinesis": [],
                "lambda": [],
                "republish": [],
                "s3": [],
                "sns": [],
                "sqs": [],
                "step_functions": [],
                "timestream": []
              }
            ],
            "firehose": [],
            "http": [],
            "id": "lambda",
            "iot_analytics": [],
            "iot_events": [],
            "kafka": [],
            "kinesis": [],
            "lambda": [
              {
                "function_arn": "arn:aws:lambda:ap-southeast-1:708779265549:function:covidtestfunc"
              }
            ],
            "name": "lambda",
            "republish": [],
            "s3": [],
            "sns": [],
            "sql": "SELECT thingId, Oxygen, PulseRate, Temperature FROM 'things/+/test'",
            "sql_version": "2016-03-23",
            "sqs": [],
            "step_functions": [],
            "tags": {},
            "tags_all": {
              "tag_application_code": "Cloud7"
            },
            "timestream": []
          },
          "sensitive_attributes": [],
          "private": "bnVsbA==",
          "dependencies": [
            "aws_cloudwatch_log_group.yada",
            "aws_iam_role.cloudwatchrole",
            "data.aws_iam_policy_document.cloudwatch_assume_role"
          ]
        }
      ]
    },
    {
      "mode": "managed",
      "type": "aws_launch_configuration",
      "name": "asg_launch_conf",
      "provider": "provider[\"registry.terraform.io/hashicorp/aws\"]",
      "instances": [
        {
          "schema_version": 0,
          "attributes": {
            "arn": "arn:aws:autoscaling:ap-southeast-1:708779265549:launchConfiguration:feaf1b89-5a99-45bc-8395-e68aa4595b15:launchConfigurationName/tf-asg-lc20231028034711457100000003",
            "associate_public_ip_address": false,
            "ebs_block_device": [],
            "ebs_optimized": false,
            "enable_monitoring": true,
            "ephemeral_block_device": [],
            "iam_instance_profile": "",
            "id": "tf-asg-lc20231028034711457100000003",
            "image_id": "ami-0d4ff711255cd3e38",
            "instance_type": "t3.medium",
            "key_name": "",
            "metadata_options": [],
            "name": "tf-asg-lc20231028034711457100000003",
            "name_prefix": "tf-asg-lc",
            "placement_tenancy": "",
            "root_block_device": [],
            "security_groups": [
              "sg-0d8f6e88825d9e0e9"
            ],
            "spot_price": "",
            "user_data": null,
            "user_data_base64": null
          },
          "sensitive_attributes": [],
          "private": "bnVsbA==",
          "dependencies": [
            "aws_security_group.ec2_ingress",
            "data.aws_ami.appsmith_ami",
            "module.vpc.aws_vpc.this"
          ],
          "create_before_destroy": true
        }
      ]
    },
    {
      "mode": "managed",
      "type": "aws_lb",
      "name": "alb",
      "provider": "provider[\"registry.terraform.io/hashicorp/aws\"]",
      "instances": [
        {
          "schema_version": 0,
          "attributes": {
            "access_logs": [
              {
                "bucket": "",
                "enabled": false,
                "prefix": ""
              }
            ],
            "arn": "arn:aws:elasticloadbalancing:ap-southeast-1:708779265549:loadbalancer/app/tf-cloudfront-alb/89f98f9389533b5d",
            "arn_suffix": "app/tf-cloudfront-alb/89f98f9389533b5d",
            "customer_owned_ipv4_pool": "",
            "desync_mitigation_mode": "defensive",
            "dns_name": "tf-cloudfront-alb-1568255376.ap-southeast-1.elb.amazonaws.com",
            "dns_record_client_routing_policy": null,
            "drop_invalid_header_fields": false,
            "enable_cross_zone_load_balancing": true,
            "enable_deletion_protection": false,
            "enable_http2": true,
            "enable_tls_version_and_cipher_suite_headers": false,
            "enable_waf_fail_open": false,
            "enable_xff_client_port": false,
            "id": "arn:aws:elasticloadbalancing:ap-southeast-1:708779265549:loadbalancer/app/tf-cloudfront-alb/89f98f9389533b5d",
            "idle_timeout": 60,
            "internal": false,
            "ip_address_type": "ipv4",
            "load_balancer_type": "application",
            "name": "tf-cloudfront-alb",
            "name_prefix": "",
            "preserve_host_header": false,
            "security_groups": [
              "sg-0cc2867d415f21bd0"
            ],
            "subnet_mapping": [
              {
                "allocation_id": "",
                "ipv6_address": "",
                "outpost_id": "",
                "private_ipv4_address": "",
                "subnet_id": "subnet-055efdd88a14f83f5"
              },
              {
                "allocation_id": "",
                "ipv6_address": "",
                "outpost_id": "",
                "private_ipv4_address": "",
                "subnet_id": "subnet-0bb6d684ebaa20d02"
              }
            ],
            "subnets": [
              "subnet-055efdd88a14f83f5",
              "subnet-0bb6d684ebaa20d02"
            ],
            "tags": {
              "tag_application_code": "Cloud7"
            },
            "tags_all": {
              "tag_application_code": "Cloud7"
            },
            "timeouts": null,
            "vpc_id": "vpc-09da79c642f979f7a",
            "xff_header_processing_mode": "append",
            "zone_id": "Z1LMS91P8CMLE5"
          },
          "sensitive_attributes": [],
          "private": "eyJlMmJmYjczMC1lY2FhLTExZTYtOGY4OC0zNDM2M2JjN2M0YzAiOnsiY3JlYXRlIjo2MDAwMDAwMDAwMDAsImRlbGV0ZSI6NjAwMDAwMDAwMDAwLCJ1cGRhdGUiOjYwMDAwMDAwMDAwMH19",
          "dependencies": [
            "aws_security_group.alb_ingress",
            "module.vpc.aws_subnet.public",
            "module.vpc.aws_vpc.this",
            "module.vpc.aws_vpc_ipv4_cidr_block_association.this"
          ]
        }
      ]
    },
    {
      "mode": "managed",
      "type": "aws_lb_listener",
      "name": "alb_listener",
      "provider": "provider[\"registry.terraform.io/hashicorp/aws\"]",
      "instances": [
        {
          "schema_version": 0,
          "attributes": {
            "alpn_policy": null,
            "arn": "arn:aws:elasticloadbalancing:ap-southeast-1:708779265549:listener/app/tf-cloudfront-alb/89f98f9389533b5d/622cd39d855b5fdb",
            "certificate_arn": null,
            "default_action": [
              {
                "authenticate_cognito": [],
                "authenticate_oidc": [],
                "fixed_response": [],
                "forward": [],
                "order": 1,
                "redirect": [],
                "target_group_arn": "arn:aws:elasticloadbalancing:ap-southeast-1:708779265549:targetgroup/tf-cloudfront-alb-tg/62b8415deac32ef1",
                "type": "forward"
              }
            ],
            "id": "arn:aws:elasticloadbalancing:ap-southeast-1:708779265549:listener/app/tf-cloudfront-alb/89f98f9389533b5d/622cd39d855b5fdb",
            "load_balancer_arn": "arn:aws:elasticloadbalancing:ap-southeast-1:708779265549:loadbalancer/app/tf-cloudfront-alb/89f98f9389533b5d",
            "port": 80,
            "protocol": "HTTP",
            "ssl_policy": "",
            "tags": {},
            "tags_all": {
              "tag_application_code": "Cloud7"
            },
            "timeouts": null
          },
          "sensitive_attributes": [],
          "private": "eyJlMmJmYjczMC1lY2FhLTExZTYtOGY4OC0zNDM2M2JjN2M0YzAiOnsicmVhZCI6NjAwMDAwMDAwMDAwfX0=",
          "dependencies": [
            "aws_lb.alb",
            "aws_lb_target_group.alb_tg",
            "aws_security_group.alb_ingress",
            "module.vpc.aws_subnet.public",
            "module.vpc.aws_vpc.this",
            "module.vpc.aws_vpc_ipv4_cidr_block_association.this"
          ]
        }
      ]
    },
    {
      "mode": "managed",
      "type": "aws_lb_target_group",
      "name": "alb_tg",
      "provider": "provider[\"registry.terraform.io/hashicorp/aws\"]",
      "instances": [
        {
          "schema_version": 0,
          "attributes": {
            "arn": "arn:aws:elasticloadbalancing:ap-southeast-1:708779265549:targetgroup/tf-cloudfront-alb-tg/62b8415deac32ef1",
            "arn_suffix": "targetgroup/tf-cloudfront-alb-tg/62b8415deac32ef1",
            "connection_termination": null,
            "deregistration_delay": "300",
            "health_check": [
              {
                "enabled": true,
                "healthy_threshold": 2,
                "interval": 10,
                "matcher": "200",
                "path": "/",
                "port": "80",
                "protocol": "HTTP",
                "timeout": 5,
                "unhealthy_threshold": 3
              }
            ],
            "id": "arn:aws:elasticloadbalancing:ap-southeast-1:708779265549:targetgroup/tf-cloudfront-alb-tg/62b8415deac32ef1",
            "ip_address_type": "ipv4",
            "lambda_multi_value_headers_enabled": false,
            "load_balancing_algorithm_type": "round_robin",
            "load_balancing_cross_zone_enabled": "use_load_balancer_configuration",
            "name": "tf-cloudfront-alb-tg",
            "name_prefix": "",
            "port": 80,
            "preserve_client_ip": null,
            "protocol": "HTTP",
            "protocol_version": "HTTP1",
            "proxy_protocol_v2": false,
            "slow_start": 0,
            "stickiness": [
              {
                "cookie_duration": 86400,
                "cookie_name": "",
                "enabled": false,
                "type": "lb_cookie"
              }
            ],
            "tags": {
              "tag_application_code": "Cloud7"
            },
            "tags_all": {
              "tag_application_code": "Cloud7"
            },
            "target_failover": [
              {
                "on_deregistration": null,
                "on_unhealthy": null
              }
            ],
            "target_health_state": [
              {
                "enable_unhealthy_connection_termination": null
              }
            ],
            "target_type": "instance",
            "vpc_id": "vpc-09da79c642f979f7a"
          },
          "sensitive_attributes": [],
          "private": "bnVsbA==",
          "dependencies": [
            "module.vpc.aws_vpc.this"
          ],
          "create_before_destroy": true
        }
      ]
    },
    {
      "mode": "managed",
      "type": "aws_s3_bucket",
      "name": "bucket",
      "provider": "provider[\"registry.terraform.io/hashicorp/aws\"]",
      "instances": [
        {
          "schema_version": 0,
          "attributes": {
            "acceleration_status": "",
            "acl": null,
            "arn": "arn:aws:s3:::cloud7-dynamodb-bucket",
            "bucket": "cloud7-dynamodb-bucket",
            "bucket_domain_name": "cloud7-dynamodb-bucket.s3.amazonaws.com",
            "bucket_prefix": "",
            "bucket_regional_domain_name": "cloud7-dynamodb-bucket.s3.ap-southeast-1.amazonaws.com",
            "cors_rule": [],
            "force_destroy": false,
            "grant": [
              {
                "id": "dd98e933f732cf8c657f43566d3f76c7c6f35c8a223ad8a14dddcd1d4650bf98",
                "permissions": [
                  "FULL_CONTROL"
                ],
                "type": "CanonicalUser",
                "uri": ""
              }
            ],
            "hosted_zone_id": "Z3O0J2DXBE1FTB",
            "id": "cloud7-dynamodb-bucket",
            "lifecycle_rule": [],
            "logging": [],
            "object_lock_configuration": [],
            "object_lock_enabled": false,
            "policy": "{\"Statement\":[{\"Action\":[\"s3:PutObject\",\"s3:ListBucket\",\"s3:GetObject\"],\"Effect\":\"Allow\",\"Principal\":{\"Service\":\"glue.amazonaws.com\"},\"Resource\":[\"arn:aws:s3:::cloud7-dynamodb-bucket/*\",\"arn:aws:s3:::cloud7-dynamodb-bucket\"]}],\"Version\":\"2012-10-17\"}",
            "region": "ap-southeast-1",
            "replication_configuration": [],
            "request_payer": "BucketOwner",
            "server_side_encryption_configuration": [
              {
                "rule": [
                  {
                    "apply_server_side_encryption_by_default": [
                      {
                        "kms_master_key_id": "",
                        "sse_algorithm": "AES256"
                      }
                    ],
                    "bucket_key_enabled": false
                  }
                ]
              }
            ],
            "tags": {
              "Environment": "Dev",
              "Name": "My bucket"
            },
            "tags_all": {
              "Environment": "Dev",
              "Name": "My bucket",
              "tag_application_code": "Cloud7"
            },
            "timeouts": null,
            "versioning": [
              {
                "enabled": false,
                "mfa_delete": false
              }
            ],
            "website": [],
            "website_domain": null,
            "website_endpoint": null
          },
          "sensitive_attributes": [],
          "private": "eyJlMmJmYjczMC1lY2FhLTExZTYtOGY4OC0zNDM2M2JjN2M0YzAiOnsiY3JlYXRlIjoxMjAwMDAwMDAwMDAwLCJkZWxldGUiOjM2MDAwMDAwMDAwMDAsInJlYWQiOjEyMDAwMDAwMDAwMDAsInVwZGF0ZSI6MTIwMDAwMDAwMDAwMH19"
        }
      ]
    },
    {
      "mode": "managed",
      "type": "aws_s3_bucket_policy",
      "name": "glue_access",
      "provider": "provider[\"registry.terraform.io/hashicorp/aws\"]",
      "instances": [
        {
          "schema_version": 0,
          "attributes": {
            "bucket": "cloud7-dynamodb-bucket",
            "id": "cloud7-dynamodb-bucket",
            "policy": "{\"Statement\":[{\"Action\":[\"s3:PutObject\",\"s3:ListBucket\",\"s3:GetObject\"],\"Effect\":\"Allow\",\"Principal\":{\"Service\":\"glue.amazonaws.com\"},\"Resource\":[\"arn:aws:s3:::cloud7-dynamodb-bucket/*\",\"arn:aws:s3:::cloud7-dynamodb-bucket\"]}],\"Version\":\"2012-10-17\"}"
          },
          "sensitive_attributes": [],
          "private": "bnVsbA==",
          "dependencies": [
            "aws_s3_bucket.bucket",
            "data.aws_iam_policy_document.glue_allow_access"
          ]
        }
      ]
    },
    {
      "mode": "managed",
      "type": "aws_s3_object",
      "name": "python_script",
      "provider": "provider[\"registry.terraform.io/hashicorp/aws\"]",
      "instances": [
        {
          "schema_version": 0,
          "attributes": {
            "acl": null,
            "bucket": "cloud7-dynamodb-bucket",
            "bucket_key_enabled": false,
            "cache_control": "",
            "checksum_algorithm": null,
            "checksum_crc32": "",
            "checksum_crc32c": "",
            "checksum_sha1": "",
            "checksum_sha256": "",
            "content": null,
            "content_base64": null,
            "content_disposition": "",
            "content_encoding": "",
            "content_language": "",
            "content_type": "application/octet-stream",
            "etag": "4c6a5b0dc11fa57c0f2e332bbb5889a0",
            "force_destroy": false,
            "id": "scripts/glue_script.py",
            "key": "scripts/glue_script.py",
            "kms_key_id": null,
            "metadata": {},
            "object_lock_legal_hold_status": "",
            "object_lock_mode": "",
            "object_lock_retain_until_date": "",
            "server_side_encryption": "AES256",
            "source": "scripts/glue_script.py",
            "source_hash": null,
            "storage_class": "STANDARD",
            "tags": {},
            "tags_all": {
              "tag_application_code": "Cloud7"
            },
            "version_id": "",
            "website_redirect": ""
          },
          "sensitive_attributes": [],
          "private": "bnVsbA==",
          "dependencies": [
            "aws_s3_bucket.bucket"
          ]
        }
      ]
    },
    {
      "mode": "managed",
      "type": "aws_security_group",
      "name": "alb_ingress",
      "provider": "provider[\"registry.terraform.io/hashicorp/aws\"]",
      "instances": [
        {
          "schema_version": 1,
          "attributes": {
            "arn": "arn:aws:ec2:ap-southeast-1:708779265549:security-group/sg-0cc2867d415f21bd0",
            "description": "Managed by Terraform",
            "egress": [
              {
                "cidr_blocks": [
                  "0.0.0.0/0"
                ],
                "description": "",
                "from_port": 0,
                "ipv6_cidr_blocks": [],
                "prefix_list_ids": [],
                "protocol": "-1",
                "security_groups": [],
                "self": false,
                "to_port": 0
              }
            ],
            "id": "sg-0cc2867d415f21bd0",
            "ingress": [
              {
                "cidr_blocks": [
                  "0.0.0.0/0"
                ],
                "description": "",
                "from_port": 80,
                "ipv6_cidr_blocks": [],
                "prefix_list_ids": [],
                "protocol": "tcp",
                "security_groups": [],
                "self": false,
                "to_port": 80
              }
            ],
            "name": "alg_http_ingress",
            "name_prefix": "",
            "owner_id": "708779265549",
            "revoke_rules_on_delete": false,
            "tags": {},
            "tags_all": {
              "tag_application_code": "Cloud7"
            },
            "timeouts": null,
            "vpc_id": "vpc-09da79c642f979f7a"
          },
          "sensitive_attributes": [],
          "private": "eyJlMmJmYjczMC1lY2FhLTExZTYtOGY4OC0zNDM2M2JjN2M0YzAiOnsiY3JlYXRlIjo2MDAwMDAwMDAwMDAsImRlbGV0ZSI6OTAwMDAwMDAwMDAwfSwic2NoZW1hX3ZlcnNpb24iOiIxIn0=",
          "dependencies": [
            "module.vpc.aws_vpc.this"
          ]
        }
      ]
    },
    {
      "mode": "managed",
      "type": "aws_security_group",
      "name": "ec2_ingress",
      "provider": "provider[\"registry.terraform.io/hashicorp/aws\"]",
      "instances": [
        {
          "schema_version": 1,
          "attributes": {
            "arn": "arn:aws:ec2:ap-southeast-1:708779265549:security-group/sg-0d8f6e88825d9e0e9",
            "description": "Used for autoscale group",
            "egress": [
              {
                "cidr_blocks": [
                  "0.0.0.0/0"
                ],
                "description": "",
                "from_port": 0,
                "ipv6_cidr_blocks": [],
                "prefix_list_ids": [],
                "protocol": "-1",
                "security_groups": [],
                "self": false,
                "to_port": 0
              }
            ],
            "id": "sg-0d8f6e88825d9e0e9",
            "ingress": [
              {
                "cidr_blocks": [
                  "0.0.0.0/0"
                ],
                "description": "",
                "from_port": 443,
                "ipv6_cidr_blocks": [],
                "prefix_list_ids": [],
                "protocol": "tcp",
                "security_groups": [],
                "self": false,
                "to_port": 443
              },
              {
                "cidr_blocks": [
                  "0.0.0.0/0"
                ],
                "description": "",
                "from_port": 80,
                "ipv6_cidr_blocks": [],
                "prefix_list_ids": [],
                "protocol": "tcp",
                "security_groups": [],
                "self": false,
                "to_port": 80
              }
            ],
            "name": "ec2_http_ingress",
            "name_prefix": "",
            "owner_id": "708779265549",
            "revoke_rules_on_delete": false,
            "tags": {},
            "tags_all": {
              "tag_application_code": "Cloud7"
            },
            "timeouts": null,
            "vpc_id": "vpc-09da79c642f979f7a"
          },
          "sensitive_attributes": [],
          "private": "eyJlMmJmYjczMC1lY2FhLTExZTYtOGY4OC0zNDM2M2JjN2M0YzAiOnsiY3JlYXRlIjo2MDAwMDAwMDAwMDAsImRlbGV0ZSI6OTAwMDAwMDAwMDAwfSwic2NoZW1hX3ZlcnNpb24iOiIxIn0=",
          "dependencies": [
            "module.vpc.aws_vpc.this"
          ],
          "create_before_destroy": true
        }
      ]
    },
    {
      "mode": "managed",
      "type": "aws_vpc_endpoint",
      "name": "dynamodb",
      "provider": "provider[\"registry.terraform.io/hashicorp/aws\"]",
      "instances": [
        {
          "schema_version": 0,
          "attributes": {
            "arn": "arn:aws:ec2:ap-southeast-1:708779265549:vpc-endpoint/vpce-050232160eca59296",
            "auto_accept": null,
            "cidr_blocks": [
              "35.71.118.0/25",
              "52.94.11.0/24",
              "35.71.118.128/26"
            ],
            "dns_entry": [],
            "dns_options": [],
            "id": "vpce-050232160eca59296",
            "ip_address_type": "",
            "network_interface_ids": [],
            "owner_id": "708779265549",
            "policy": "{\"Statement\":[{\"Action\":\"*\",\"Effect\":\"Allow\",\"Principal\":\"*\",\"Resource\":\"*\"}],\"Version\":\"2008-10-17\"}",
            "prefix_list_id": "pl-67a5400e",
            "private_dns_enabled": false,
            "requester_managed": false,
            "route_table_ids": [
              "rtb-06e4b8efe86da08d6",
              "rtb-096b82bc2854b4351"
            ],
            "security_group_ids": [],
            "service_name": "com.amazonaws.ap-southeast-1.dynamodb",
            "state": "available",
            "subnet_ids": [],
            "tags": null,
            "tags_all": {
              "tag_application_code": "Cloud7"
            },
            "timeouts": null,
            "vpc_endpoint_type": "Gateway",
            "vpc_id": "vpc-09da79c642f979f7a"
          },
          "sensitive_attributes": [],
          "private": "eyJlMmJmYjczMC1lY2FhLTExZTYtOGY4OC0zNDM2M2JjN2M0YzAiOnsiY3JlYXRlIjo2MDAwMDAwMDAwMDAsImRlbGV0ZSI6NjAwMDAwMDAwMDAwLCJ1cGRhdGUiOjYwMDAwMDAwMDAwMH19",
          "dependencies": [
            "module.vpc.aws_route_table.private",
            "module.vpc.aws_vpc.this",
            "module.vpc.aws_vpc_ipv4_cidr_block_association.this"
          ]
        }
      ]
    },
    {
      "mode": "managed",
      "type": "aws_wafv2_web_acl",
      "name": "cloudfront",
      "provider": "provider[\"registry.terraform.io/hashicorp/aws\"].us-east-1",
      "instances": [
        {
          "schema_version": 0,
          "attributes": {
            "arn": "arn:aws:wafv2:us-east-1:708779265549:global/webacl/cloudfront-webacl/63a33dfb-4204-44fb-8e81-b54214929f1d",
            "association_config": [],
            "capacity": 700,
            "captcha_config": [],
            "custom_response_body": [],
            "default_action": [
              {
                "allow": [
                  {
                    "custom_request_handling": []
                  }
                ],
                "block": []
              }
            ],
            "description": "",
            "id": "63a33dfb-4204-44fb-8e81-b54214929f1d",
            "lock_token": "7bdb82d5-b84a-4bed-9f64-73971731ec02",
            "name": "cloudfront-webacl",
            "rule": [
              {
                "action": [],
                "captcha_config": [],
                "name": "AWSManagedRulesCommonRuleSet",
                "override_action": [
                  {
                    "count": [
                      {}
                    ],
                    "none": []
                  }
                ],
                "priority": 0,
                "rule_label": [],
                "statement": [
                  {
                    "and_statement": [],
                    "byte_match_statement": [],
                    "geo_match_statement": [],
                    "ip_set_reference_statement": [],
                    "label_match_statement": [],
                    "managed_rule_group_statement": [
                      {
                        "managed_rule_group_configs": [],
                        "name": "AWSManagedRulesCommonRuleSet",
                        "rule_action_override": [],
                        "scope_down_statement": [],
                        "vendor_name": "AWS",
                        "version": ""
                      }
                    ],
                    "not_statement": [],
                    "or_statement": [],
                    "rate_based_statement": [],
                    "regex_match_statement": [],
                    "regex_pattern_set_reference_statement": [],
                    "rule_group_reference_statement": [],
                    "size_constraint_statement": [],
                    "sqli_match_statement": [],
                    "xss_match_statement": []
                  }
                ],
                "visibility_config": [
                  {
                    "cloudwatch_metrics_enabled": true,
                    "metric_name": "AWSManagedRulesCommonRuleSet",
                    "sampled_requests_enabled": true
                  }
                ]
              }
            ],
            "scope": "CLOUDFRONT",
            "tags": {},
            "tags_all": {},
            "token_domains": [],
            "visibility_config": [
              {
                "cloudwatch_metrics_enabled": true,
                "metric_name": "cloudfrontVisibilityConfig",
                "sampled_requests_enabled": true
              }
            ]
          },
          "sensitive_attributes": [],
          "private": "bnVsbA=="
        }
      ]
    },
    {
      "mode": "managed",
      "type": "aws_wafv2_web_acl",
      "name": "cognito_waf",
      "provider": "provider[\"registry.terraform.io/hashicorp/aws\"]",
      "instances": [
        {
          "schema_version": 0,
          "attributes": {
            "arn": "arn:aws:wafv2:ap-southeast-1:708779265549:regional/webacl/cognito-waf/22ac82f5-98eb-470a-a051-d5c66d3804ae",
            "association_config": [],
            "capacity": 0,
            "captcha_config": [],
            "custom_response_body": [],
            "default_action": [
              {
                "allow": [
                  {
                    "custom_request_handling": []
                  }
                ],
                "block": []
              }
            ],
            "description": "",
            "id": "22ac82f5-98eb-470a-a051-d5c66d3804ae",
            "lock_token": "2ed24fc5-bc68-4e4d-9512-fa749098d2e3",
            "name": "cognito-waf",
            "rule": [],
            "scope": "REGIONAL",
            "tags": {},
            "tags_all": {
              "tag_application_code": "Cloud7"
            },
            "token_domains": [],
            "visibility_config": [
              {
                "cloudwatch_metrics_enabled": true,
                "metric_name": "cognitoVisibilityConfig",
                "sampled_requests_enabled": true
              }
            ]
          },
          "sensitive_attributes": [],
          "private": "bnVsbA=="
        }
      ]
    },
    {
      "mode": "managed",
      "type": "aws_wafv2_web_acl_association",
      "name": "cognito_waf_association",
      "provider": "provider[\"registry.terraform.io/hashicorp/aws\"]",
      "instances": [
        {
          "schema_version": 0,
          "attributes": {
            "id": "arn:aws:wafv2:ap-southeast-1:708779265549:regional/webacl/cognito-waf/22ac82f5-98eb-470a-a051-d5c66d3804ae,arn:aws:cognito-idp:ap-southeast-1:708779265549:userpool/ap-southeast-1_0qW3pXkKD",
            "resource_arn": "arn:aws:cognito-idp:ap-southeast-1:708779265549:userpool/ap-southeast-1_0qW3pXkKD",
            "timeouts": null,
            "web_acl_arn": "arn:aws:wafv2:ap-southeast-1:708779265549:regional/webacl/cognito-waf/22ac82f5-98eb-470a-a051-d5c66d3804ae"
          },
          "sensitive_attributes": [],
          "private": "eyJlMmJmYjczMC1lY2FhLTExZTYtOGY4OC0zNDM2M2JjN2M0YzAiOnsiY3JlYXRlIjozMDAwMDAwMDAwMDB9fQ==",
          "dependencies": [
            "aws_cognito_user_pool.user_pool",
            "aws_wafv2_web_acl.cognito_waf"
          ]
        }
      ]
    },
    {
      "mode": "managed",
      "type": "random_id",
      "name": "id",
      "provider": "provider[\"registry.terraform.io/hashicorp/random\"]",
      "instances": [
        {
          "schema_version": 0,
          "attributes": {
            "b64_std": "wLx3yOGj77w=",
            "b64_url": "wLx3yOGj77w",
            "byte_length": 8,
            "dec": "13888107055566548924",
            "hex": "c0bc77c8e1a3efbc",
            "id": "wLx3yOGj77w",
            "keepers": null,
            "prefix": null
          },
          "sensitive_attributes": []
        }
      ]
    },
    {
      "mode": "managed",
      "type": "tls_private_key",
      "name": "key",
      "provider": "provider[\"registry.terraform.io/hashicorp/tls\"]",
      "instances": [
        {
          "schema_version": 1,
          "attributes": {
            "algorithm": "RSA",
            "ecdsa_curve": "P224",
            "id": "ad2fedf524f1ea498dabca76f1c4f0e42f30624a",
            "private_key_openssh": "-----BEGIN OPENSSH PRIVATE KEY-----\nb3BlbnNzaC1rZXktdjEAAAAABG5vbmUAAAAEbm9uZQAAAAAAAAABAAABFwAAAAdz\nc2gtcnNhAAAAAwEAAQAAAQEAr5KmZf5mUQTY1ccRf4GK58FcBxupcMdYTuz+shov\nhUnDdxNs08B2iICA10sti84+aLDlDzIFBKRI/2Z7X0zOPEMpMKj1ePgi5SGscn+v\nKLGUGrk/9Ks34yLLUH33S4eSVKpZ9+OQnkfzbbkPHKbQt58ZZRSvCiasW6Tm31bd\n8ePSBe/deE1GpbhSjKujeJ+lcgtOJCsp1bhZX1S/jJSmijtTwUxyIR7W0dvxPo6k\n125NXfeToamKDNaiOdY5vXgGtZoP7piBCp74ypGJJqVD38flUZ1jSzEbAEI59axM\nFsFe9IFtL6/a1IMHikmgUYP06syslMlaVx55LagBsls3/wAAA7jQy0K40MtCuAAA\nAAdzc2gtcnNhAAABAQCvkqZl/mZRBNjVxxF/gYrnwVwHG6lwx1hO7P6yGi+FScN3\nE2zTwHaIgIDXSy2Lzj5osOUPMgUEpEj/ZntfTM48QykwqPV4+CLlIaxyf68osZQa\nuT/0qzfjIstQffdLh5JUqln345CeR/NtuQ8cptC3nxllFK8KJqxbpObfVt3x49IF\n7914TUaluFKMq6N4n6VyC04kKynVuFlfVL+MlKaKO1PBTHIhHtbR2/E+jqTXbk1d\n95OhqYoM1qI51jm9eAa1mg/umIEKnvjKkYkmpUPfx+VRnWNLMRsAQjn1rEwWwV70\ngW0vr9rUgweKSaBRg/TqzKyUyVpXHnktqAGyWzf/AAAAAwEAAQAAAQA8J2yniVAY\n9iYsqHXQT9v9p3wWW13kbAhPkld5QguCCVHVHGyu6EQ0ZILAQNusCM/NIr54RFT/\n0CHKj5w5fKE0eHZGW70u4yVhh/YDjMfAk4cA2POWqosNYUBzpZTy5dI2+96zVd6Y\nvGIk98C7ulPMddBHl5yZR8LJ62fGoYaNd0UCxIN0RFC49InglKFVokGitG3Ig5V0\nvIvjFGqXorxnVC/S+2EXxeMks6Bt5g4uH0q8ni8URmrwX+0+S5+AThX8Dv1UUEMh\nKW9aAcRLEqiCwgkqQWX2CCi7Npi9trtlmMwa/kVr10hKvbTlT4gOPL/QYJAMBDCv\nNiyonseXf4OhAAAAgFV1cXAOV+0Sdro3MWMvM29cPsRkLn/gkJAoCKthfAT+YyhC\nNxrBcChfbBpVbRM/gBEqGDvOHnrvvVjrA5XZBcpfRBOj1uZDrxcfjtpFWdTWBOhT\nb1Wh0wZH+s4dxj/Cu4okIacrNmIV6V2FXTIbP2/lCv/Rw6TCpxOF7PGX5r20AAAA\ngQDn+WzkXK/JM3P1a7JLlrxZvZUvC8oRB3KZmFCN7h5wb4iGCNnFA2Jl9YN78el+\nPM1jWW8T1uB3ye0oIRkCvhd4sOt4Sz9ErBl8VvYiwnAV4Unfmo0N3KqZxPQ7NKUy\n4EHVvgYIzXi+sV59AnqBDcaRX5+wLdulDkDvI2SvT2UApwAAAIEAwcHLWDrJ1DeJ\nfZBD/6KMUFKjrLVyp6hgDkRJvoNVt8G3tzlnQGHbmdoxf8s25sGDJcKrhtsGvMRZ\nn1R+Zayn1L+9a7TMAWjMfHsSyenRT5afRM4txNOsqr0gBsbe/+YSnQfBjLgr48Uh\nH/y2AFj1nlCXt9RO0IpAkg6xaIY5YOkAAAAAAQID\n-----END OPENSSH PRIVATE KEY-----\n",
            "private_key_pem": "-----BEGIN RSA PRIVATE KEY-----\nMIIEogIBAAKCAQEAr5KmZf5mUQTY1ccRf4GK58FcBxupcMdYTuz+shovhUnDdxNs\n08B2iICA10sti84+aLDlDzIFBKRI/2Z7X0zOPEMpMKj1ePgi5SGscn+vKLGUGrk/\n9Ks34yLLUH33S4eSVKpZ9+OQnkfzbbkPHKbQt58ZZRSvCiasW6Tm31bd8ePSBe/d\neE1GpbhSjKujeJ+lcgtOJCsp1bhZX1S/jJSmijtTwUxyIR7W0dvxPo6k125NXfeT\noamKDNaiOdY5vXgGtZoP7piBCp74ypGJJqVD38flUZ1jSzEbAEI59axMFsFe9IFt\nL6/a1IMHikmgUYP06syslMlaVx55LagBsls3/wIDAQABAoIBADwnbKeJUBj2Jiyo\nddBP2/2nfBZbXeRsCE+SV3lCC4IJUdUcbK7oRDRkgsBA26wIz80ivnhEVP/QIcqP\nnDl8oTR4dkZbvS7jJWGH9gOMx8CThwDY85aqiw1hQHOllPLl0jb73rNV3pi8YiT3\nwLu6U8x10EeXnJlHwsnrZ8ahho13RQLEg3REULj0ieCUoVWiQaK0bciDlXS8i+MU\napeivGdUL9L7YRfF4ySzoG3mDi4fSryeLxRGavBf7T5Ln4BOFfwO/VRQQyEpb1oB\nxEsSqILCCSpBZfYIKLs2mL22u2WYzBr+RWvXSEq9tOVPiA48v9BgkAwEMK82LKie\nx5d/g6ECgYEA5/ls5FyvyTNz9WuyS5a8Wb2VLwvKEQdymZhQje4ecG+IhgjZxQNi\nZfWDe/HpfjzNY1lvE9bgd8ntKCEZAr4XeLDreEs/RKwZfFb2IsJwFeFJ35qNDdyq\nmcT0OzSlMuBB1b4GCM14vrFefQJ6gQ3GkV+fsC3bpQ5A7yNkr09lAKcCgYEAwcHL\nWDrJ1DeJfZBD/6KMUFKjrLVyp6hgDkRJvoNVt8G3tzlnQGHbmdoxf8s25sGDJcKr\nhtsGvMRZn1R+Zayn1L+9a7TMAWjMfHsSyenRT5afRM4txNOsqr0gBsbe/+YSnQfB\njLgr48UhH/y2AFj1nlCXt9RO0IpAkg6xaIY5YOkCgYAkK81h8l3qpp4/N3LOvItU\nBu67LkBs1Vd2QbzV1LpkV8/W7oxeXv+53EWLTxZUe9Ce3DQoyMmphA/5wOdweQmZ\n5SRiVoFgCOHUdI7erqjhkIZ/Wk8CSVVEsuROUxArVbKOTJoOR1O7kFamcXt+ohJD\nWsDArPXhz84qO7+YYm3iYwKBgDQT8aLqUjs/Hi5oq043k303aRTPxFx57i+HfUa+\nqDh20flmbXEpnEvTEMDnjv8g/i4VD+N0VXBBWlFv9XVAne+aBcDAXKD4WRYQQnGQ\n7hh1RKPKwxSHTH6rzMLliyS+4zvfzM8U5X8YCho943Fed84wnUbkwrZcopRfbKHK\nifuZAoGAVXVxcA5X7RJ2ujcxYy8zb1w+xGQuf+CQkCgIq2F8BP5jKEI3GsFwKF9s\nGlVtEz+AESoYO84eeu+9WOsDldkFyl9EE6PW5kOvFx+O2kVZ1NYE6FNvVaHTBkf6\nzh3GP8K7iiQhpys2YhXpXYVdMhs/b+UK/9HDpMKnE4Xs8ZfmvbQ=\n-----END RSA PRIVATE KEY-----\n",
            "private_key_pem_pkcs8": "-----BEGIN PRIVATE KEY-----\nMIIEvAIBADANBgkqhkiG9w0BAQEFAASCBKYwggSiAgEAAoIBAQCvkqZl/mZRBNjV\nxxF/gYrnwVwHG6lwx1hO7P6yGi+FScN3E2zTwHaIgIDXSy2Lzj5osOUPMgUEpEj/\nZntfTM48QykwqPV4+CLlIaxyf68osZQauT/0qzfjIstQffdLh5JUqln345CeR/Nt\nuQ8cptC3nxllFK8KJqxbpObfVt3x49IF7914TUaluFKMq6N4n6VyC04kKynVuFlf\nVL+MlKaKO1PBTHIhHtbR2/E+jqTXbk1d95OhqYoM1qI51jm9eAa1mg/umIEKnvjK\nkYkmpUPfx+VRnWNLMRsAQjn1rEwWwV70gW0vr9rUgweKSaBRg/TqzKyUyVpXHnkt\nqAGyWzf/AgMBAAECggEAPCdsp4lQGPYmLKh10E/b/ad8Fltd5GwIT5JXeUILgglR\n1RxsruhENGSCwEDbrAjPzSK+eERU/9Ahyo+cOXyhNHh2Rlu9LuMlYYf2A4zHwJOH\nANjzlqqLDWFAc6WU8uXSNvves1XemLxiJPfAu7pTzHXQR5ecmUfCyetnxqGGjXdF\nAsSDdERQuPSJ4JShVaJBorRtyIOVdLyL4xRql6K8Z1Qv0vthF8XjJLOgbeYOLh9K\nvJ4vFEZq8F/tPkufgE4V/A79VFBDISlvWgHESxKogsIJKkFl9ggouzaYvba7ZZjM\nGv5Fa9dISr205U+IDjy/0GCQDAQwrzYsqJ7Hl3+DoQKBgQDn+WzkXK/JM3P1a7JL\nlrxZvZUvC8oRB3KZmFCN7h5wb4iGCNnFA2Jl9YN78el+PM1jWW8T1uB3ye0oIRkC\nvhd4sOt4Sz9ErBl8VvYiwnAV4Unfmo0N3KqZxPQ7NKUy4EHVvgYIzXi+sV59AnqB\nDcaRX5+wLdulDkDvI2SvT2UApwKBgQDBwctYOsnUN4l9kEP/ooxQUqOstXKnqGAO\nREm+g1W3wbe3OWdAYduZ2jF/yzbmwYMlwquG2wa8xFmfVH5lrKfUv71rtMwBaMx8\nexLJ6dFPlp9Ezi3E06yqvSAGxt7/5hKdB8GMuCvjxSEf/LYAWPWeUJe31E7QikCS\nDrFohjlg6QKBgCQrzWHyXeqmnj83cs68i1QG7rsuQGzVV3ZBvNXUumRXz9bujF5e\n/7ncRYtPFlR70J7cNCjIyamED/nA53B5CZnlJGJWgWAI4dR0jt6uqOGQhn9aTwJJ\nVUSy5E5TECtVso5Mmg5HU7uQVqZxe36iEkNawMCs9eHPzio7v5hibeJjAoGANBPx\noupSOz8eLmirTjeTfTdpFM/EXHnuL4d9Rr6oOHbR+WZtcSmcS9MQwOeO/yD+LhUP\n43RVcEFaUW/1dUCd75oFwMBcoPhZFhBCcZDuGHVEo8rDFIdMfqvMwuWLJL7jO9/M\nzxTlfxgKGj3jcV53zjCdRuTCtlyilF9socqJ+5kCgYBVdXFwDlftEna6NzFjLzNv\nXD7EZC5/4JCQKAirYXwE/mMoQjcawXAoX2waVW0TP4ARKhg7zh56771Y6wOV2QXK\nX0QTo9bmQ68XH47aRVnU1gToU29VodMGR/rOHcY/wruKJCGnKzZiFeldhV0yGz9v\n5Qr/0cOkwqcThezxl+a9tA==\n-----END PRIVATE KEY-----\n",
            "public_key_fingerprint_md5": "04:ca:36:fb:d7:cd:0d:d4:ef:05:21:e3:5e:a7:f8:4c",
            "public_key_fingerprint_sha256": "SHA256:5HZ3NWxmLNdyaYmOJHfQ4pDQeuLdeoEY/W76EJLrfRw",
            "public_key_openssh": "ssh-rsa AAAAB3NzaC1yc2EAAAADAQABAAABAQCvkqZl/mZRBNjVxxF/gYrnwVwHG6lwx1hO7P6yGi+FScN3E2zTwHaIgIDXSy2Lzj5osOUPMgUEpEj/ZntfTM48QykwqPV4+CLlIaxyf68osZQauT/0qzfjIstQffdLh5JUqln345CeR/NtuQ8cptC3nxllFK8KJqxbpObfVt3x49IF7914TUaluFKMq6N4n6VyC04kKynVuFlfVL+MlKaKO1PBTHIhHtbR2/E+jqTXbk1d95OhqYoM1qI51jm9eAa1mg/umIEKnvjKkYkmpUPfx+VRnWNLMRsAQjn1rEwWwV70gW0vr9rUgweKSaBRg/TqzKyUyVpXHnktqAGyWzf/\n",
            "public_key_pem": "-----BEGIN PUBLIC KEY-----\nMIIBIjANBgkqhkiG9w0BAQEFAAOCAQ8AMIIBCgKCAQEAr5KmZf5mUQTY1ccRf4GK\n58FcBxupcMdYTuz+shovhUnDdxNs08B2iICA10sti84+aLDlDzIFBKRI/2Z7X0zO\nPEMpMKj1ePgi5SGscn+vKLGUGrk/9Ks34yLLUH33S4eSVKpZ9+OQnkfzbbkPHKbQ\nt58ZZRSvCiasW6Tm31bd8ePSBe/deE1GpbhSjKujeJ+lcgtOJCsp1bhZX1S/jJSm\nijtTwUxyIR7W0dvxPo6k125NXfeToamKDNaiOdY5vXgGtZoP7piBCp74ypGJJqVD\n38flUZ1jSzEbAEI59axMFsFe9IFtL6/a1IMHikmgUYP06syslMlaVx55LagBsls3\n/wIDAQAB\n-----END PUBLIC KEY-----\n",
            "rsa_bits": 2048
          },
          "sensitive_attributes": []
        }
      ]
    },
    {
      "mode": "managed",
      "type": "tls_self_signed_cert",
      "name": "cert",
      "provider": "provider[\"registry.terraform.io/hashicorp/tls\"]",
      "instances": [
        {
          "schema_version": 0,
          "attributes": {
            "allowed_uses": [],
            "cert_pem": "-----BEGIN CERTIFICATE-----\nMIICuTCCAaGgAwIBAgIRAJ+zcyjR1P3ADXiFWurY3aowDQYJKoZIhvcNAQELBQAw\nDzENMAsGA1UEChMEdGVzdDAeFw0yMzEwMjgwMzQ2NThaFw0yMzExMDcwMzQ2NTha\nMA8xDTALBgNVBAoTBHRlc3QwggEiMA0GCSqGSIb3DQEBAQUAA4IBDwAwggEKAoIB\nAQCvkqZl/mZRBNjVxxF/gYrnwVwHG6lwx1hO7P6yGi+FScN3E2zTwHaIgIDXSy2L\nzj5osOUPMgUEpEj/ZntfTM48QykwqPV4+CLlIaxyf68osZQauT/0qzfjIstQffdL\nh5JUqln345CeR/NtuQ8cptC3nxllFK8KJqxbpObfVt3x49IF7914TUaluFKMq6N4\nn6VyC04kKynVuFlfVL+MlKaKO1PBTHIhHtbR2/E+jqTXbk1d95OhqYoM1qI51jm9\neAa1mg/umIEKnvjKkYkmpUPfx+VRnWNLMRsAQjn1rEwWwV70gW0vr9rUgweKSaBR\ng/TqzKyUyVpXHnktqAGyWzf/AgMBAAGjEDAOMAwGA1UdEwEB/wQCMAAwDQYJKoZI\nhvcNAQELBQADggEBADIwxlAl3KEIbHL/iPJVCjiPzUpd/ie5z2Wy7eHVsqbJx0OJ\nomZV80ZV267394FLmCUOQyT92PR0WJhHRigslc3sGSAQ/LtkrLRyrF0mMVHPdCXe\nZG29nVNoaJdZdFwhDwoAH0x7kOFvTBjAsEQ/DsnMw5wpFdoR+uC2xISgfwT0ITRT\nP7kXqkqdMIb2HaSwvquYFW3zIkA4BQPY5HXBV0/wF4bn3YjqKlYZ6YrpqmSMCNKr\nsWj4HhumT8fSoYPv7aGWg1C5TEKVncFcoNLMTWjwYf3bJu6123o402/eklixM/qT\n8tjKScbpgdckty9FsndkmpAUWkhdVQuT/USvtew=\n-----END CERTIFICATE-----\n",
            "dns_names": null,
            "early_renewal_hours": 0,
            "id": "212279008178650136077769660369382989226",
            "ip_addresses": null,
            "is_ca_certificate": false,
            "key_algorithm": "RSA",
            "private_key_pem": "-----BEGIN RSA PRIVATE KEY-----\nMIIEogIBAAKCAQEAr5KmZf5mUQTY1ccRf4GK58FcBxupcMdYTuz+shovhUnDdxNs\n08B2iICA10sti84+aLDlDzIFBKRI/2Z7X0zOPEMpMKj1ePgi5SGscn+vKLGUGrk/\n9Ks34yLLUH33S4eSVKpZ9+OQnkfzbbkPHKbQt58ZZRSvCiasW6Tm31bd8ePSBe/d\neE1GpbhSjKujeJ+lcgtOJCsp1bhZX1S/jJSmijtTwUxyIR7W0dvxPo6k125NXfeT\noamKDNaiOdY5vXgGtZoP7piBCp74ypGJJqVD38flUZ1jSzEbAEI59axMFsFe9IFt\nL6/a1IMHikmgUYP06syslMlaVx55LagBsls3/wIDAQABAoIBADwnbKeJUBj2Jiyo\nddBP2/2nfBZbXeRsCE+SV3lCC4IJUdUcbK7oRDRkgsBA26wIz80ivnhEVP/QIcqP\nnDl8oTR4dkZbvS7jJWGH9gOMx8CThwDY85aqiw1hQHOllPLl0jb73rNV3pi8YiT3\nwLu6U8x10EeXnJlHwsnrZ8ahho13RQLEg3REULj0ieCUoVWiQaK0bciDlXS8i+MU\napeivGdUL9L7YRfF4ySzoG3mDi4fSryeLxRGavBf7T5Ln4BOFfwO/VRQQyEpb1oB\nxEsSqILCCSpBZfYIKLs2mL22u2WYzBr+RWvXSEq9tOVPiA48v9BgkAwEMK82LKie\nx5d/g6ECgYEA5/ls5FyvyTNz9WuyS5a8Wb2VLwvKEQdymZhQje4ecG+IhgjZxQNi\nZfWDe/HpfjzNY1lvE9bgd8ntKCEZAr4XeLDreEs/RKwZfFb2IsJwFeFJ35qNDdyq\nmcT0OzSlMuBB1b4GCM14vrFefQJ6gQ3GkV+fsC3bpQ5A7yNkr09lAKcCgYEAwcHL\nWDrJ1DeJfZBD/6KMUFKjrLVyp6hgDkRJvoNVt8G3tzlnQGHbmdoxf8s25sGDJcKr\nhtsGvMRZn1R+Zayn1L+9a7TMAWjMfHsSyenRT5afRM4txNOsqr0gBsbe/+YSnQfB\njLgr48UhH/y2AFj1nlCXt9RO0IpAkg6xaIY5YOkCgYAkK81h8l3qpp4/N3LOvItU\nBu67LkBs1Vd2QbzV1LpkV8/W7oxeXv+53EWLTxZUe9Ce3DQoyMmphA/5wOdweQmZ\n5SRiVoFgCOHUdI7erqjhkIZ/Wk8CSVVEsuROUxArVbKOTJoOR1O7kFamcXt+ohJD\nWsDArPXhz84qO7+YYm3iYwKBgDQT8aLqUjs/Hi5oq043k303aRTPxFx57i+HfUa+\nqDh20flmbXEpnEvTEMDnjv8g/i4VD+N0VXBBWlFv9XVAne+aBcDAXKD4WRYQQnGQ\n7hh1RKPKwxSHTH6rzMLliyS+4zvfzM8U5X8YCho943Fed84wnUbkwrZcopRfbKHK\nifuZAoGAVXVxcA5X7RJ2ujcxYy8zb1w+xGQuf+CQkCgIq2F8BP5jKEI3GsFwKF9s\nGlVtEz+AESoYO84eeu+9WOsDldkFyl9EE6PW5kOvFx+O2kVZ1NYE6FNvVaHTBkf6\nzh3GP8K7iiQhpys2YhXpXYVdMhs/b+UK/9HDpMKnE4Xs8ZfmvbQ=\n-----END RSA PRIVATE KEY-----\n",
            "ready_for_renewal": false,
            "set_authority_key_id": false,
            "set_subject_key_id": false,
            "subject": [
              {
                "common_name": null,
                "country": null,
                "locality": null,
                "organization": "test",
                "organizational_unit": null,
                "postal_code": null,
                "province": null,
                "serial_number": null,
                "street_address": null
              }
            ],
            "uris": null,
            "validity_end_time": "2023-11-07T11:46:58.0039512+08:00",
            "validity_period_hours": 240,
            "validity_start_time": "2023-10-28T11:46:58.0039512+08:00"
          },
          "sensitive_attributes": [
            [
              {
                "type": "get_attr",
                "value": "private_key_pem"
              }
            ]
          ],
          "dependencies": [
            "tls_private_key.key"
          ]
        }
      ]
    },
    {
      "module": "module.vpc",
      "mode": "managed",
      "type": "aws_default_network_acl",
      "name": "this",
      "provider": "provider[\"registry.terraform.io/hashicorp/aws\"]",
      "instances": [
        {
          "index_key": 0,
          "schema_version": 0,
          "attributes": {
            "arn": "arn:aws:ec2:ap-southeast-1:708779265549:network-acl/acl-06ee4217e8067fc8c",
            "default_network_acl_id": "acl-06ee4217e8067fc8c",
            "egress": [
              {
                "action": "allow",
                "cidr_block": "",
                "from_port": 0,
                "icmp_code": 0,
                "icmp_type": 0,
                "ipv6_cidr_block": "::/0",
                "protocol": "-1",
                "rule_no": 101,
                "to_port": 0
              },
              {
                "action": "allow",
                "cidr_block": "0.0.0.0/0",
                "from_port": 0,
                "icmp_code": 0,
                "icmp_type": 0,
                "ipv6_cidr_block": "",
                "protocol": "-1",
                "rule_no": 100,
                "to_port": 0
              }
            ],
            "id": "acl-06ee4217e8067fc8c",
            "ingress": [
              {
                "action": "allow",
                "cidr_block": "",
                "from_port": 0,
                "icmp_code": 0,
                "icmp_type": 0,
                "ipv6_cidr_block": "::/0",
                "protocol": "-1",
                "rule_no": 101,
                "to_port": 0
              },
              {
                "action": "allow",
                "cidr_block": "0.0.0.0/0",
                "from_port": 0,
                "icmp_code": 0,
                "icmp_type": 0,
                "ipv6_cidr_block": "",
                "protocol": "-1",
                "rule_no": 100,
                "to_port": 0
              }
            ],
            "owner_id": "708779265549",
            "subnet_ids": [
              "subnet-01a1e7878db2a2d0b",
              "subnet-055efdd88a14f83f5",
              "subnet-097742b3c76d12197",
              "subnet-0bb6d684ebaa20d02"
            ],
            "tags": {
              "Name": "tf-vpc-default",
              "tag_application_code": "Cloud7"
            },
            "tags_all": {
              "Name": "tf-vpc-default",
              "tag_application_code": "Cloud7"
            },
            "vpc_id": "vpc-09da79c642f979f7a"
          },
          "sensitive_attributes": [],
          "private": "bnVsbA==",
          "dependencies": [
            "module.vpc.aws_vpc.this"
          ],
          "create_before_destroy": true
        }
      ]
    },
    {
      "module": "module.vpc",
      "mode": "managed",
      "type": "aws_default_route_table",
      "name": "default",
      "provider": "provider[\"registry.terraform.io/hashicorp/aws\"]",
      "instances": [
        {
          "index_key": 0,
          "schema_version": 0,
          "attributes": {
            "arn": "arn:aws:ec2:ap-southeast-1:708779265549:route-table/rtb-0bf9e9191655c27ab",
            "default_route_table_id": "rtb-0bf9e9191655c27ab",
            "id": "rtb-0bf9e9191655c27ab",
            "owner_id": "708779265549",
            "propagating_vgws": [],
            "route": [],
            "tags": {
              "Name": "tf-vpc-default",
              "tag_application_code": "Cloud7"
            },
            "tags_all": {
              "Name": "tf-vpc-default",
              "tag_application_code": "Cloud7"
            },
            "timeouts": {
              "create": "5m",
              "update": "5m"
            },
            "vpc_id": "vpc-09da79c642f979f7a"
          },
          "sensitive_attributes": [],
          "private": "eyJlMmJmYjczMC1lY2FhLTExZTYtOGY4OC0zNDM2M2JjN2M0YzAiOnsiY3JlYXRlIjozMDAwMDAwMDAwMDAsInVwZGF0ZSI6MzAwMDAwMDAwMDAwfX0=",
          "dependencies": [
            "module.vpc.aws_vpc.this"
          ],
          "create_before_destroy": true
        }
      ]
    },
    {
      "module": "module.vpc",
      "mode": "managed",
      "type": "aws_default_security_group",
      "name": "this",
      "provider": "provider[\"registry.terraform.io/hashicorp/aws\"]",
      "instances": [
        {
          "index_key": 0,
          "schema_version": 1,
          "attributes": {
            "arn": "arn:aws:ec2:ap-southeast-1:708779265549:security-group/sg-0df887834fe970bf3",
            "description": "default VPC security group",
            "egress": [],
            "id": "sg-0df887834fe970bf3",
            "ingress": [],
            "name": "default",
            "name_prefix": "",
            "owner_id": "708779265549",
            "revoke_rules_on_delete": false,
            "tags": {
              "Name": "tf-vpc-default",
              "tag_application_code": "Cloud7"
            },
            "tags_all": {
              "Name": "tf-vpc-default",
              "tag_application_code": "Cloud7"
            },
            "vpc_id": "vpc-09da79c642f979f7a"
          },
          "sensitive_attributes": [],
          "private": "eyJzY2hlbWFfdmVyc2lvbiI6IjEifQ==",
          "dependencies": [
            "module.vpc.aws_vpc.this"
          ],
          "create_before_destroy": true
        }
      ]
    },
    {
      "module": "module.vpc",
      "mode": "managed",
      "type": "aws_eip",
      "name": "nat",
      "provider": "provider[\"registry.terraform.io/hashicorp/aws\"]",
      "instances": [
        {
          "index_key": 0,
          "schema_version": 0,
          "attributes": {
            "address": null,
            "allocation_id": "eipalloc-075e6b3bb118ee633",
            "associate_with_private_ip": null,
            "association_id": "eipassoc-0103a45701cf93422",
            "carrier_ip": "",
            "customer_owned_ip": "",
            "customer_owned_ipv4_pool": "",
            "domain": "vpc",
            "id": "eipalloc-075e6b3bb118ee633",
            "instance": "",
            "network_border_group": "ap-southeast-1",
            "network_interface": "eni-030bef1f7263222a6",
            "private_dns": "ip-10-10-0-186.ap-southeast-1.compute.internal",
            "private_ip": "10.10.0.186",
            "public_dns": "ec2-13-213-198-196.ap-southeast-1.compute.amazonaws.com",
            "public_ip": "13.213.198.196",
            "public_ipv4_pool": "amazon",
            "tags": {
              "Name": "tf-vpc-ap-southeast-1a",
              "tag_application_code": "Cloud7"
            },
            "tags_all": {
              "Name": "tf-vpc-ap-southeast-1a",
              "tag_application_code": "Cloud7"
            },
            "timeouts": null,
            "vpc": true
          },
          "sensitive_attributes": [],
          "private": "eyJlMmJmYjczMC1lY2FhLTExZTYtOGY4OC0zNDM2M2JjN2M0YzAiOnsiZGVsZXRlIjoxODAwMDAwMDAwMDAsInJlYWQiOjkwMDAwMDAwMDAwMCwidXBkYXRlIjozMDAwMDAwMDAwMDB9fQ==",
          "dependencies": [
            "module.vpc.aws_internet_gateway.this",
            "module.vpc.aws_vpc.this",
            "module.vpc.aws_vpc_ipv4_cidr_block_association.this"
          ],
          "create_before_destroy": true
        },
        {
          "index_key": 1,
          "schema_version": 0,
          "attributes": {
            "address": null,
            "allocation_id": "eipalloc-0bda71db0f102a06c",
            "associate_with_private_ip": null,
            "association_id": "eipassoc-0814d7e22a9a40d7e",
            "carrier_ip": "",
            "customer_owned_ip": "",
            "customer_owned_ipv4_pool": "",
            "domain": "vpc",
            "id": "eipalloc-0bda71db0f102a06c",
            "instance": "",
            "network_border_group": "ap-southeast-1",
            "network_interface": "eni-0a9678d3c2648209b",
            "private_dns": "ip-10-10-1-21.ap-southeast-1.compute.internal",
            "private_ip": "10.10.1.21",
            "public_dns": "ec2-18-136-0-38.ap-southeast-1.compute.amazonaws.com",
            "public_ip": "18.136.0.38",
            "public_ipv4_pool": "amazon",
            "tags": {
              "Name": "tf-vpc-ap-southeast-1b",
              "tag_application_code": "Cloud7"
            },
            "tags_all": {
              "Name": "tf-vpc-ap-southeast-1b",
              "tag_application_code": "Cloud7"
            },
            "timeouts": null,
            "vpc": true
          },
          "sensitive_attributes": [],
          "private": "eyJlMmJmYjczMC1lY2FhLTExZTYtOGY4OC0zNDM2M2JjN2M0YzAiOnsiZGVsZXRlIjoxODAwMDAwMDAwMDAsInJlYWQiOjkwMDAwMDAwMDAwMCwidXBkYXRlIjozMDAwMDAwMDAwMDB9fQ==",
          "dependencies": [
            "module.vpc.aws_internet_gateway.this",
            "module.vpc.aws_vpc.this",
            "module.vpc.aws_vpc_ipv4_cidr_block_association.this"
          ],
          "create_before_destroy": true
        }
      ]
    },
    {
      "module": "module.vpc",
      "mode": "managed",
      "type": "aws_internet_gateway",
      "name": "this",
      "provider": "provider[\"registry.terraform.io/hashicorp/aws\"]",
      "instances": [
        {
          "index_key": 0,
          "schema_version": 0,
          "attributes": {
            "arn": "arn:aws:ec2:ap-southeast-1:708779265549:internet-gateway/igw-0f37067a53e68a6cb",
            "id": "igw-0f37067a53e68a6cb",
            "owner_id": "708779265549",
            "tags": {
              "Name": "tf-vpc",
              "tag_application_code": "Cloud7"
            },
            "tags_all": {
              "Name": "tf-vpc",
              "tag_application_code": "Cloud7"
            },
            "timeouts": null,
            "vpc_id": "vpc-09da79c642f979f7a"
          },
          "sensitive_attributes": [],
          "private": "eyJlMmJmYjczMC1lY2FhLTExZTYtOGY4OC0zNDM2M2JjN2M0YzAiOnsiY3JlYXRlIjoxMjAwMDAwMDAwMDAwLCJkZWxldGUiOjEyMDAwMDAwMDAwMDAsInVwZGF0ZSI6MTIwMDAwMDAwMDAwMH19",
          "dependencies": [
            "module.vpc.aws_vpc.this",
            "module.vpc.aws_vpc_ipv4_cidr_block_association.this"
          ],
          "create_before_destroy": true
        }
      ]
    },
    {
      "module": "module.vpc",
      "mode": "managed",
      "type": "aws_nat_gateway",
      "name": "this",
      "provider": "provider[\"registry.terraform.io/hashicorp/aws\"]",
      "instances": [
        {
          "index_key": 0,
          "schema_version": 0,
          "attributes": {
            "allocation_id": "eipalloc-075e6b3bb118ee633",
            "association_id": "eipassoc-0103a45701cf93422",
            "connectivity_type": "public",
            "id": "nat-047a3bf0e3f794fbc",
            "network_interface_id": "eni-030bef1f7263222a6",
            "private_ip": "10.10.0.186",
            "public_ip": "13.213.198.196",
            "secondary_allocation_ids": [],
            "secondary_private_ip_address_count": 0,
            "secondary_private_ip_addresses": [],
            "subnet_id": "subnet-055efdd88a14f83f5",
            "tags": {
              "Name": "tf-vpc-ap-southeast-1a",
              "tag_application_code": "Cloud7"
            },
            "tags_all": {
              "Name": "tf-vpc-ap-southeast-1a",
              "tag_application_code": "Cloud7"
            },
            "timeouts": null
          },
          "sensitive_attributes": [],
          "private": "eyJlMmJmYjczMC1lY2FhLTExZTYtOGY4OC0zNDM2M2JjN2M0YzAiOnsiY3JlYXRlIjo2MDAwMDAwMDAwMDAsImRlbGV0ZSI6MTgwMDAwMDAwMDAwMCwidXBkYXRlIjo2MDAwMDAwMDAwMDB9fQ==",
          "dependencies": [
            "module.vpc.aws_eip.nat",
            "module.vpc.aws_internet_gateway.this",
            "module.vpc.aws_subnet.public",
            "module.vpc.aws_vpc.this",
            "module.vpc.aws_vpc_ipv4_cidr_block_association.this"
          ],
          "create_before_destroy": true
        },
        {
          "index_key": 1,
          "schema_version": 0,
          "attributes": {
            "allocation_id": "eipalloc-0bda71db0f102a06c",
            "association_id": "eipassoc-0814d7e22a9a40d7e",
            "connectivity_type": "public",
            "id": "nat-0690a1e3426dc146a",
            "network_interface_id": "eni-0a9678d3c2648209b",
            "private_ip": "10.10.1.21",
            "public_ip": "18.136.0.38",
            "secondary_allocation_ids": [],
            "secondary_private_ip_address_count": 0,
            "secondary_private_ip_addresses": [],
            "subnet_id": "subnet-0bb6d684ebaa20d02",
            "tags": {
              "Name": "tf-vpc-ap-southeast-1b",
              "tag_application_code": "Cloud7"
            },
            "tags_all": {
              "Name": "tf-vpc-ap-southeast-1b",
              "tag_application_code": "Cloud7"
            },
            "timeouts": null
          },
          "sensitive_attributes": [],
          "private": "eyJlMmJmYjczMC1lY2FhLTExZTYtOGY4OC0zNDM2M2JjN2M0YzAiOnsiY3JlYXRlIjo2MDAwMDAwMDAwMDAsImRlbGV0ZSI6MTgwMDAwMDAwMDAwMCwidXBkYXRlIjo2MDAwMDAwMDAwMDB9fQ==",
          "dependencies": [
            "module.vpc.aws_eip.nat",
            "module.vpc.aws_internet_gateway.this",
            "module.vpc.aws_subnet.public",
            "module.vpc.aws_vpc.this",
            "module.vpc.aws_vpc_ipv4_cidr_block_association.this"
          ],
          "create_before_destroy": true
        }
      ]
    },
    {
      "module": "module.vpc",
      "mode": "managed",
      "type": "aws_route",
      "name": "private_nat_gateway",
      "provider": "provider[\"registry.terraform.io/hashicorp/aws\"]",
      "instances": [
        {
          "index_key": 0,
          "schema_version": 0,
          "attributes": {
            "carrier_gateway_id": "",
            "core_network_arn": "",
            "destination_cidr_block": "0.0.0.0/0",
            "destination_ipv6_cidr_block": "",
            "destination_prefix_list_id": "",
            "egress_only_gateway_id": "",
            "gateway_id": "",
            "id": "r-rtb-06e4b8efe86da08d61080289494",
            "instance_id": "",
            "instance_owner_id": "",
            "local_gateway_id": "",
            "nat_gateway_id": "nat-047a3bf0e3f794fbc",
            "network_interface_id": "",
            "origin": "CreateRoute",
            "route_table_id": "rtb-06e4b8efe86da08d6",
            "state": "active",
            "timeouts": {
              "create": "5m",
              "delete": null,
              "update": null
            },
            "transit_gateway_id": "",
            "vpc_endpoint_id": "",
            "vpc_peering_connection_id": ""
          },
          "sensitive_attributes": [],
          "private": "eyJlMmJmYjczMC1lY2FhLTExZTYtOGY4OC0zNDM2M2JjN2M0YzAiOnsiY3JlYXRlIjozMDAwMDAwMDAwMDAsImRlbGV0ZSI6MzAwMDAwMDAwMDAwLCJ1cGRhdGUiOjEyMDAwMDAwMDAwMH19",
          "dependencies": [
            "module.vpc.aws_eip.nat",
            "module.vpc.aws_internet_gateway.this",
            "module.vpc.aws_nat_gateway.this",
            "module.vpc.aws_route_table.private",
            "module.vpc.aws_subnet.public",
            "module.vpc.aws_vpc.this",
            "module.vpc.aws_vpc_ipv4_cidr_block_association.this"
          ],
          "create_before_destroy": true
        },
        {
          "index_key": 1,
          "schema_version": 0,
          "attributes": {
            "carrier_gateway_id": "",
            "core_network_arn": "",
            "destination_cidr_block": "0.0.0.0/0",
            "destination_ipv6_cidr_block": "",
            "destination_prefix_list_id": "",
            "egress_only_gateway_id": "",
            "gateway_id": "",
            "id": "r-rtb-096b82bc2854b43511080289494",
            "instance_id": "",
            "instance_owner_id": "",
            "local_gateway_id": "",
            "nat_gateway_id": "nat-0690a1e3426dc146a",
            "network_interface_id": "",
            "origin": "CreateRoute",
            "route_table_id": "rtb-096b82bc2854b4351",
            "state": "active",
            "timeouts": {
              "create": "5m",
              "delete": null,
              "update": null
            },
            "transit_gateway_id": "",
            "vpc_endpoint_id": "",
            "vpc_peering_connection_id": ""
          },
          "sensitive_attributes": [],
          "private": "eyJlMmJmYjczMC1lY2FhLTExZTYtOGY4OC0zNDM2M2JjN2M0YzAiOnsiY3JlYXRlIjozMDAwMDAwMDAwMDAsImRlbGV0ZSI6MzAwMDAwMDAwMDAwLCJ1cGRhdGUiOjEyMDAwMDAwMDAwMH19",
          "dependencies": [
            "module.vpc.aws_eip.nat",
            "module.vpc.aws_internet_gateway.this",
            "module.vpc.aws_nat_gateway.this",
            "module.vpc.aws_route_table.private",
            "module.vpc.aws_subnet.public",
            "module.vpc.aws_vpc.this",
            "module.vpc.aws_vpc_ipv4_cidr_block_association.this"
          ],
          "create_before_destroy": true
        }
      ]
    },
    {
      "module": "module.vpc",
      "mode": "managed",
      "type": "aws_route",
      "name": "public_internet_gateway",
      "provider": "provider[\"registry.terraform.io/hashicorp/aws\"]",
      "instances": [
        {
          "index_key": 0,
          "schema_version": 0,
          "attributes": {
            "carrier_gateway_id": "",
            "core_network_arn": "",
            "destination_cidr_block": "0.0.0.0/0",
            "destination_ipv6_cidr_block": "",
            "destination_prefix_list_id": "",
            "egress_only_gateway_id": "",
            "gateway_id": "igw-0f37067a53e68a6cb",
            "id": "r-rtb-04375f664feffc46f1080289494",
            "instance_id": "",
            "instance_owner_id": "",
            "local_gateway_id": "",
            "nat_gateway_id": "",
            "network_interface_id": "",
            "origin": "CreateRoute",
            "route_table_id": "rtb-04375f664feffc46f",
            "state": "active",
            "timeouts": {
              "create": "5m",
              "delete": null,
              "update": null
            },
            "transit_gateway_id": "",
            "vpc_endpoint_id": "",
            "vpc_peering_connection_id": ""
          },
          "sensitive_attributes": [],
          "private": "eyJlMmJmYjczMC1lY2FhLTExZTYtOGY4OC0zNDM2M2JjN2M0YzAiOnsiY3JlYXRlIjozMDAwMDAwMDAwMDAsImRlbGV0ZSI6MzAwMDAwMDAwMDAwLCJ1cGRhdGUiOjEyMDAwMDAwMDAwMH19",
          "dependencies": [
            "module.vpc.aws_internet_gateway.this",
            "module.vpc.aws_route_table.public",
            "module.vpc.aws_vpc.this",
            "module.vpc.aws_vpc_ipv4_cidr_block_association.this"
          ],
          "create_before_destroy": true
        }
      ]
    },
    {
      "module": "module.vpc",
      "mode": "managed",
      "type": "aws_route_table",
      "name": "private",
      "provider": "provider[\"registry.terraform.io/hashicorp/aws\"]",
      "instances": [
        {
          "index_key": 0,
          "schema_version": 0,
          "attributes": {
            "arn": "arn:aws:ec2:ap-southeast-1:708779265549:route-table/rtb-06e4b8efe86da08d6",
            "id": "rtb-06e4b8efe86da08d6",
            "owner_id": "708779265549",
            "propagating_vgws": [],
            "route": [
              {
                "carrier_gateway_id": "",
                "cidr_block": "0.0.0.0/0",
                "core_network_arn": "",
                "destination_prefix_list_id": "",
                "egress_only_gateway_id": "",
                "gateway_id": "",
                "ipv6_cidr_block": "",
                "local_gateway_id": "",
                "nat_gateway_id": "nat-047a3bf0e3f794fbc",
                "network_interface_id": "",
                "transit_gateway_id": "",
                "vpc_endpoint_id": "",
                "vpc_peering_connection_id": ""
              }
            ],
            "tags": {
              "Name": "tf-vpc-private-ap-southeast-1a",
              "tag_application_code": "Cloud7"
            },
            "tags_all": {
              "Name": "tf-vpc-private-ap-southeast-1a",
              "tag_application_code": "Cloud7"
            },
            "timeouts": null,
            "vpc_id": "vpc-09da79c642f979f7a"
          },
          "sensitive_attributes": [],
          "private": "eyJlMmJmYjczMC1lY2FhLTExZTYtOGY4OC0zNDM2M2JjN2M0YzAiOnsiY3JlYXRlIjozMDAwMDAwMDAwMDAsImRlbGV0ZSI6MzAwMDAwMDAwMDAwLCJ1cGRhdGUiOjEyMDAwMDAwMDAwMH19",
          "dependencies": [
            "module.vpc.aws_vpc.this",
            "module.vpc.aws_vpc_ipv4_cidr_block_association.this"
          ],
          "create_before_destroy": true
        },
        {
          "index_key": 1,
          "schema_version": 0,
          "attributes": {
            "arn": "arn:aws:ec2:ap-southeast-1:708779265549:route-table/rtb-096b82bc2854b4351",
            "id": "rtb-096b82bc2854b4351",
            "owner_id": "708779265549",
            "propagating_vgws": [],
            "route": [
              {
                "carrier_gateway_id": "",
                "cidr_block": "0.0.0.0/0",
                "core_network_arn": "",
                "destination_prefix_list_id": "",
                "egress_only_gateway_id": "",
                "gateway_id": "",
                "ipv6_cidr_block": "",
                "local_gateway_id": "",
                "nat_gateway_id": "nat-0690a1e3426dc146a",
                "network_interface_id": "",
                "transit_gateway_id": "",
                "vpc_endpoint_id": "",
                "vpc_peering_connection_id": ""
              }
            ],
            "tags": {
              "Name": "tf-vpc-private-ap-southeast-1b",
              "tag_application_code": "Cloud7"
            },
            "tags_all": {
              "Name": "tf-vpc-private-ap-southeast-1b",
              "tag_application_code": "Cloud7"
            },
            "timeouts": null,
            "vpc_id": "vpc-09da79c642f979f7a"
          },
          "sensitive_attributes": [],
          "private": "eyJlMmJmYjczMC1lY2FhLTExZTYtOGY4OC0zNDM2M2JjN2M0YzAiOnsiY3JlYXRlIjozMDAwMDAwMDAwMDAsImRlbGV0ZSI6MzAwMDAwMDAwMDAwLCJ1cGRhdGUiOjEyMDAwMDAwMDAwMH19",
          "dependencies": [
            "module.vpc.aws_vpc.this",
            "module.vpc.aws_vpc_ipv4_cidr_block_association.this"
          ],
          "create_before_destroy": true
        }
      ]
    },
    {
      "module": "module.vpc",
      "mode": "managed",
      "type": "aws_route_table",
      "name": "public",
      "provider": "provider[\"registry.terraform.io/hashicorp/aws\"]",
      "instances": [
        {
          "index_key": 0,
          "schema_version": 0,
          "attributes": {
            "arn": "arn:aws:ec2:ap-southeast-1:708779265549:route-table/rtb-04375f664feffc46f",
            "id": "rtb-04375f664feffc46f",
            "owner_id": "708779265549",
            "propagating_vgws": [],
            "route": [
              {
                "carrier_gateway_id": "",
                "cidr_block": "0.0.0.0/0",
                "core_network_arn": "",
                "destination_prefix_list_id": "",
                "egress_only_gateway_id": "",
                "gateway_id": "igw-0f37067a53e68a6cb",
                "ipv6_cidr_block": "",
                "local_gateway_id": "",
                "nat_gateway_id": "",
                "network_interface_id": "",
                "transit_gateway_id": "",
                "vpc_endpoint_id": "",
                "vpc_peering_connection_id": ""
              }
            ],
            "tags": {
              "Name": "tf-vpc-public",
              "tag_application_code": "Cloud7"
            },
            "tags_all": {
              "Name": "tf-vpc-public",
              "tag_application_code": "Cloud7"
            },
            "timeouts": null,
            "vpc_id": "vpc-09da79c642f979f7a"
          },
          "sensitive_attributes": [],
          "private": "eyJlMmJmYjczMC1lY2FhLTExZTYtOGY4OC0zNDM2M2JjN2M0YzAiOnsiY3JlYXRlIjozMDAwMDAwMDAwMDAsImRlbGV0ZSI6MzAwMDAwMDAwMDAwLCJ1cGRhdGUiOjEyMDAwMDAwMDAwMH19",
          "dependencies": [
            "module.vpc.aws_vpc.this",
            "module.vpc.aws_vpc_ipv4_cidr_block_association.this"
          ],
          "create_before_destroy": true
        }
      ]
    },
    {
      "module": "module.vpc",
      "mode": "managed",
      "type": "aws_route_table_association",
      "name": "private",
      "provider": "provider[\"registry.terraform.io/hashicorp/aws\"]",
      "instances": [
        {
          "index_key": 0,
          "schema_version": 0,
          "attributes": {
            "gateway_id": "",
            "id": "rtbassoc-033cce5e18201622b",
            "route_table_id": "rtb-06e4b8efe86da08d6",
            "subnet_id": "subnet-097742b3c76d12197",
            "timeouts": null
          },
          "sensitive_attributes": [],
          "private": "eyJlMmJmYjczMC1lY2FhLTExZTYtOGY4OC0zNDM2M2JjN2M0YzAiOnsiY3JlYXRlIjozMDAwMDAwMDAwMDAsImRlbGV0ZSI6MzAwMDAwMDAwMDAwLCJ1cGRhdGUiOjEyMDAwMDAwMDAwMH19",
          "dependencies": [
            "module.vpc.aws_route_table.private",
            "module.vpc.aws_subnet.private",
            "module.vpc.aws_vpc.this",
            "module.vpc.aws_vpc_ipv4_cidr_block_association.this"
          ],
          "create_before_destroy": true
        },
        {
          "index_key": 1,
          "schema_version": 0,
          "attributes": {
            "gateway_id": "",
            "id": "rtbassoc-01420b9a4a66ebb40",
            "route_table_id": "rtb-096b82bc2854b4351",
            "subnet_id": "subnet-01a1e7878db2a2d0b",
            "timeouts": null
          },
          "sensitive_attributes": [],
          "private": "eyJlMmJmYjczMC1lY2FhLTExZTYtOGY4OC0zNDM2M2JjN2M0YzAiOnsiY3JlYXRlIjozMDAwMDAwMDAwMDAsImRlbGV0ZSI6MzAwMDAwMDAwMDAwLCJ1cGRhdGUiOjEyMDAwMDAwMDAwMH19",
          "dependencies": [
            "module.vpc.aws_route_table.private",
            "module.vpc.aws_subnet.private",
            "module.vpc.aws_vpc.this",
            "module.vpc.aws_vpc_ipv4_cidr_block_association.this"
          ],
          "create_before_destroy": true
        }
      ]
    },
    {
      "module": "module.vpc",
      "mode": "managed",
      "type": "aws_route_table_association",
      "name": "public",
      "provider": "provider[\"registry.terraform.io/hashicorp/aws\"]",
      "instances": [
        {
          "index_key": 0,
          "schema_version": 0,
          "attributes": {
            "gateway_id": "",
            "id": "rtbassoc-0f075ac5794591b09",
            "route_table_id": "rtb-04375f664feffc46f",
            "subnet_id": "subnet-055efdd88a14f83f5",
            "timeouts": null
          },
          "sensitive_attributes": [],
          "private": "eyJlMmJmYjczMC1lY2FhLTExZTYtOGY4OC0zNDM2M2JjN2M0YzAiOnsiY3JlYXRlIjozMDAwMDAwMDAwMDAsImRlbGV0ZSI6MzAwMDAwMDAwMDAwLCJ1cGRhdGUiOjEyMDAwMDAwMDAwMH19",
          "dependencies": [
            "module.vpc.aws_route_table.public",
            "module.vpc.aws_subnet.public",
            "module.vpc.aws_vpc.this",
            "module.vpc.aws_vpc_ipv4_cidr_block_association.this"
          ],
          "create_before_destroy": true
        },
        {
          "index_key": 1,
          "schema_version": 0,
          "attributes": {
            "gateway_id": "",
            "id": "rtbassoc-0ec5ddec63488ea2d",
            "route_table_id": "rtb-04375f664feffc46f",
            "subnet_id": "subnet-0bb6d684ebaa20d02",
            "timeouts": null
          },
          "sensitive_attributes": [],
          "private": "eyJlMmJmYjczMC1lY2FhLTExZTYtOGY4OC0zNDM2M2JjN2M0YzAiOnsiY3JlYXRlIjozMDAwMDAwMDAwMDAsImRlbGV0ZSI6MzAwMDAwMDAwMDAwLCJ1cGRhdGUiOjEyMDAwMDAwMDAwMH19",
          "dependencies": [
            "module.vpc.aws_route_table.public",
            "module.vpc.aws_subnet.public",
            "module.vpc.aws_vpc.this",
            "module.vpc.aws_vpc_ipv4_cidr_block_association.this"
          ],
          "create_before_destroy": true
        }
      ]
    },
    {
      "module": "module.vpc",
      "mode": "managed",
      "type": "aws_subnet",
      "name": "private",
      "provider": "provider[\"registry.terraform.io/hashicorp/aws\"]",
      "instances": [
        {
          "index_key": 0,
          "schema_version": 1,
          "attributes": {
            "arn": "arn:aws:ec2:ap-southeast-1:708779265549:subnet/subnet-097742b3c76d12197",
            "assign_ipv6_address_on_creation": false,
            "availability_zone": "ap-southeast-1a",
            "availability_zone_id": "apse1-az2",
            "cidr_block": "10.10.2.0/24",
            "customer_owned_ipv4_pool": "",
            "enable_dns64": false,
            "enable_lni_at_device_index": 0,
            "enable_resource_name_dns_a_record_on_launch": false,
            "enable_resource_name_dns_aaaa_record_on_launch": false,
            "id": "subnet-097742b3c76d12197",
            "ipv6_cidr_block": "",
            "ipv6_cidr_block_association_id": "",
            "ipv6_native": false,
            "map_customer_owned_ip_on_launch": false,
            "map_public_ip_on_launch": false,
            "outpost_arn": "",
            "owner_id": "708779265549",
            "private_dns_hostname_type_on_launch": "ip-name",
            "tags": {
              "Name": "tf-vpc-private-ap-southeast-1a",
              "tag_application_code": "Cloud7"
            },
            "tags_all": {
              "Name": "tf-vpc-private-ap-southeast-1a",
              "tag_application_code": "Cloud7"
            },
            "timeouts": null,
            "vpc_id": "vpc-09da79c642f979f7a"
          },
          "sensitive_attributes": [],
          "private": "eyJlMmJmYjczMC1lY2FhLTExZTYtOGY4OC0zNDM2M2JjN2M0YzAiOnsiY3JlYXRlIjo2MDAwMDAwMDAwMDAsImRlbGV0ZSI6MTIwMDAwMDAwMDAwMH0sInNjaGVtYV92ZXJzaW9uIjoiMSJ9",
          "dependencies": [
            "module.vpc.aws_vpc.this",
            "module.vpc.aws_vpc_ipv4_cidr_block_association.this"
          ],
          "create_before_destroy": true
        },
        {
          "index_key": 1,
          "schema_version": 1,
          "attributes": {
            "arn": "arn:aws:ec2:ap-southeast-1:708779265549:subnet/subnet-01a1e7878db2a2d0b",
            "assign_ipv6_address_on_creation": false,
            "availability_zone": "ap-southeast-1b",
            "availability_zone_id": "apse1-az1",
            "cidr_block": "10.10.3.0/24",
            "customer_owned_ipv4_pool": "",
            "enable_dns64": false,
            "enable_lni_at_device_index": 0,
            "enable_resource_name_dns_a_record_on_launch": false,
            "enable_resource_name_dns_aaaa_record_on_launch": false,
            "id": "subnet-01a1e7878db2a2d0b",
            "ipv6_cidr_block": "",
            "ipv6_cidr_block_association_id": "",
            "ipv6_native": false,
            "map_customer_owned_ip_on_launch": false,
            "map_public_ip_on_launch": false,
            "outpost_arn": "",
            "owner_id": "708779265549",
            "private_dns_hostname_type_on_launch": "ip-name",
            "tags": {
              "Name": "tf-vpc-private-ap-southeast-1b",
              "tag_application_code": "Cloud7"
            },
            "tags_all": {
              "Name": "tf-vpc-private-ap-southeast-1b",
              "tag_application_code": "Cloud7"
            },
            "timeouts": null,
            "vpc_id": "vpc-09da79c642f979f7a"
          },
          "sensitive_attributes": [],
          "private": "eyJlMmJmYjczMC1lY2FhLTExZTYtOGY4OC0zNDM2M2JjN2M0YzAiOnsiY3JlYXRlIjo2MDAwMDAwMDAwMDAsImRlbGV0ZSI6MTIwMDAwMDAwMDAwMH0sInNjaGVtYV92ZXJzaW9uIjoiMSJ9",
          "dependencies": [
            "module.vpc.aws_vpc.this",
            "module.vpc.aws_vpc_ipv4_cidr_block_association.this"
          ],
          "create_before_destroy": true
        }
      ]
    },
    {
      "module": "module.vpc",
      "mode": "managed",
      "type": "aws_subnet",
      "name": "public",
      "provider": "provider[\"registry.terraform.io/hashicorp/aws\"]",
      "instances": [
        {
          "index_key": 0,
          "schema_version": 1,
          "attributes": {
            "arn": "arn:aws:ec2:ap-southeast-1:708779265549:subnet/subnet-055efdd88a14f83f5",
            "assign_ipv6_address_on_creation": false,
            "availability_zone": "ap-southeast-1a",
            "availability_zone_id": "apse1-az2",
            "cidr_block": "10.10.0.0/24",
            "customer_owned_ipv4_pool": "",
            "enable_dns64": false,
            "enable_lni_at_device_index": 0,
            "enable_resource_name_dns_a_record_on_launch": false,
            "enable_resource_name_dns_aaaa_record_on_launch": false,
            "id": "subnet-055efdd88a14f83f5",
            "ipv6_cidr_block": "",
            "ipv6_cidr_block_association_id": "",
            "ipv6_native": false,
            "map_customer_owned_ip_on_launch": false,
            "map_public_ip_on_launch": false,
            "outpost_arn": "",
            "owner_id": "708779265549",
            "private_dns_hostname_type_on_launch": "ip-name",
            "tags": {
              "Name": "tf-vpc-public-ap-southeast-1a",
              "tag_application_code": "Cloud7"
            },
            "tags_all": {
              "Name": "tf-vpc-public-ap-southeast-1a",
              "tag_application_code": "Cloud7"
            },
            "timeouts": null,
            "vpc_id": "vpc-09da79c642f979f7a"
          },
          "sensitive_attributes": [],
          "private": "eyJlMmJmYjczMC1lY2FhLTExZTYtOGY4OC0zNDM2M2JjN2M0YzAiOnsiY3JlYXRlIjo2MDAwMDAwMDAwMDAsImRlbGV0ZSI6MTIwMDAwMDAwMDAwMH0sInNjaGVtYV92ZXJzaW9uIjoiMSJ9",
          "dependencies": [
            "module.vpc.aws_vpc.this",
            "module.vpc.aws_vpc_ipv4_cidr_block_association.this"
          ],
          "create_before_destroy": true
        },
        {
          "index_key": 1,
          "schema_version": 1,
          "attributes": {
            "arn": "arn:aws:ec2:ap-southeast-1:708779265549:subnet/subnet-0bb6d684ebaa20d02",
            "assign_ipv6_address_on_creation": false,
            "availability_zone": "ap-southeast-1b",
            "availability_zone_id": "apse1-az1",
            "cidr_block": "10.10.1.0/24",
            "customer_owned_ipv4_pool": "",
            "enable_dns64": false,
            "enable_lni_at_device_index": 0,
            "enable_resource_name_dns_a_record_on_launch": false,
            "enable_resource_name_dns_aaaa_record_on_launch": false,
            "id": "subnet-0bb6d684ebaa20d02",
            "ipv6_cidr_block": "",
            "ipv6_cidr_block_association_id": "",
            "ipv6_native": false,
            "map_customer_owned_ip_on_launch": false,
            "map_public_ip_on_launch": false,
            "outpost_arn": "",
            "owner_id": "708779265549",
            "private_dns_hostname_type_on_launch": "ip-name",
            "tags": {
              "Name": "tf-vpc-public-ap-southeast-1b",
              "tag_application_code": "Cloud7"
            },
            "tags_all": {
              "Name": "tf-vpc-public-ap-southeast-1b",
              "tag_application_code": "Cloud7"
            },
            "timeouts": null,
            "vpc_id": "vpc-09da79c642f979f7a"
          },
          "sensitive_attributes": [],
          "private": "eyJlMmJmYjczMC1lY2FhLTExZTYtOGY4OC0zNDM2M2JjN2M0YzAiOnsiY3JlYXRlIjo2MDAwMDAwMDAwMDAsImRlbGV0ZSI6MTIwMDAwMDAwMDAwMH0sInNjaGVtYV92ZXJzaW9uIjoiMSJ9",
          "dependencies": [
            "module.vpc.aws_vpc.this",
            "module.vpc.aws_vpc_ipv4_cidr_block_association.this"
          ],
          "create_before_destroy": true
        }
      ]
    },
    {
      "module": "module.vpc",
      "mode": "managed",
      "type": "aws_vpc",
      "name": "this",
      "provider": "provider[\"registry.terraform.io/hashicorp/aws\"]",
      "instances": [
        {
          "index_key": 0,
          "schema_version": 1,
          "attributes": {
            "arn": "arn:aws:ec2:ap-southeast-1:708779265549:vpc/vpc-09da79c642f979f7a",
            "assign_generated_ipv6_cidr_block": false,
            "cidr_block": "10.10.0.0/16",
            "default_network_acl_id": "acl-06ee4217e8067fc8c",
            "default_route_table_id": "rtb-0bf9e9191655c27ab",
            "default_security_group_id": "sg-0df887834fe970bf3",
            "dhcp_options_id": "dopt-024e1e1c1ff210d61",
            "enable_dns_hostnames": true,
            "enable_dns_support": true,
            "enable_network_address_usage_metrics": false,
            "id": "vpc-09da79c642f979f7a",
            "instance_tenancy": "default",
            "ipv4_ipam_pool_id": null,
            "ipv4_netmask_length": null,
            "ipv6_association_id": "",
            "ipv6_cidr_block": "",
            "ipv6_cidr_block_network_border_group": "",
            "ipv6_ipam_pool_id": "",
            "ipv6_netmask_length": 0,
            "main_route_table_id": "rtb-0bf9e9191655c27ab",
            "owner_id": "708779265549",
            "tags": {
              "Name": "tf-vpc",
              "tag_application_code": "Cloud7"
            },
            "tags_all": {
              "Name": "tf-vpc",
              "tag_application_code": "Cloud7"
            }
          },
          "sensitive_attributes": [],
          "private": "eyJzY2hlbWFfdmVyc2lvbiI6IjEifQ==",
          "create_before_destroy": true
        }
      ]
    },
    {
      "module": "module.vpc",
      "mode": "managed",
      "type": "aws_vpc_ipv4_cidr_block_association",
      "name": "this",
      "provider": "provider[\"registry.terraform.io/hashicorp/aws\"]",
      "instances": []
    }
  ],
  "check_results": null
}
