{
  "version": 4,
  "terraform_version": "1.5.7",
  "serial": 862,
  "lineage": "106814e0-0f70-f28e-1aeb-ee672e3ab770",
  "outputs": {
    "alb_dns_name": {
      "value": "tf-cloudfront-alb-1568255376.ap-southeast-1.elb.amazonaws.com",
      "type": "string"
    },
    "ca": {
      "value": "-----BEGIN CERTIFICATE-----\nMIIDQTCCAimgAwIBAgITBmyfz5m/jAo54vB4ikPmljZbyjANBgkqhkiG9w0BAQsF\nADA5MQswCQYDVQQGEwJVUzEPMA0GA1UEChMGQW1hem9uMRkwFwYDVQQDExBBbWF6\nb24gUm9vdCBDQSAxMB4XDTE1MDUyNjAwMDAwMFoXDTM4MDExNzAwMDAwMFowOTEL\nMAkGA1UEBhMCVVMxDzANBgNVBAoTBkFtYXpvbjEZMBcGA1UEAxMQQW1hem9uIFJv\nb3QgQ0EgMTCCASIwDQYJKoZIhvcNAQEBBQADggEPADCCAQoCggEBALJ4gHHKeNXj\nca9HgFB0fW7Y14h29Jlo91ghYPl0hAEvrAIthtOgQ3pOsqTQNroBvo3bSMgHFzZM\n9O6II8c+6zf1tRn4SWiw3te5djgdYZ6k/oI2peVKVuRF4fn9tBb6dNqcmzU5L/qw\nIFAGbHrQgLKm+a/sRxmPUDgH3KKHOVj4utWp+UhnMJbulHheb4mjUcAwhmahRWa6\nVOujw5H5SNz/0egwLX0tdHA114gk957EWW67c4cX8jJGKLhD+rcdqsq08p8kDi1L\n93FcXmn/6pUCyziKrlA4b9v7LWIbxcceVOF34GfID5yHI9Y/QCB/IIDEgEw+OyQm\njgSubJrIqg0CAwEAAaNCMEAwDwYDVR0TAQH/BAUwAwEB/zAOBgNVHQ8BAf8EBAMC\nAYYwHQYDVR0OBBYEFIQYzIU07LwMlJQuCFmcx7IQTgoIMA0GCSqGSIb3DQEBCwUA\nA4IBAQCY8jdaQZChGsV2USggNiMOruYou6r4lK5IpDB/G/wkjUu0yKGX9rbxenDI\nU5PMCCjjmCXPI6T53iHTfIUJrU6adTrCC2qJeHZERxhlbI1Bjjt/msv0tadQ1wUs\nN+gDS63pYaACbvXy8MWy7Vu33PqUXHeeE6V/Uq2V8viTO96LXFvKWlJbYK8U90vv\no/ufQJVtMVT8QtPHRh8jrdkPSHCa2XV4cdFyQzR1bldZwgJcJmApzyMZFo6IQ6XU\n5MsI+yMRQ+hDKXJioaldXgjUkK642M4UwtBV8ob2xJNDd2ZhwLnoQdeXeGADbkpy\nrqXRfboQnoZsG4q5WTP468SQvvG5\n-----END CERTIFICATE-----\n",
      "type": "string"
    },
    "certA": {
      "value": "-----BEGIN CERTIFICATE-----\nMIICuTCCAaGgAwIBAgIRAI5y8o/GCCu7qf3E/7omKvwwDQYJKoZIhvcNAQELBQAw\nDzENMAsGA1UEChMEdGVzdDAeFw0yMzEwMzAxMTQ1MTFaFw0yMzExMDkxMTQ1MTFa\nMA8xDTALBgNVBAoTBHRlc3QwggEiMA0GCSqGSIb3DQEBAQUAA4IBDwAwggEKAoIB\nAQCm9hEdBZIFCEbqgGajOUn1edakknHyA3PA/ovrINqlRjaj4EH10I1Icwrm1p5z\n/7oFmYc0DhGDjeaxQv1P8y5cPmyNZ//dewxx1emy9NecvHFKjQHFJXar73StpakT\ngy+h7/KStg6+hFDZgR3PYypqtNo6IHbakWzDkcwnIAfQv8xcqEsXBrRpqRgx7B/Q\n7MzxdEywpO5mXY7bABncCSTKsXoF7IpIT+Fk9S1hSGt+Wrgix/BMfeyaxvaIQXWz\nu7uSXgFODOCNtCD+AI/uq4AQbERMr4ykNKpPVO9c2MHS5f9Suvidmuw2Kl0g6F9c\nlmj1YCIQOLgRxc2pdKTUqLILAgMBAAGjEDAOMAwGA1UdEwEB/wQCMAAwDQYJKoZI\nhvcNAQELBQADggEBAIeoAkAR2JTooMl7duVzQ9l/Y9xUqSGcM1OUfGqZHlo0OVkD\nXhuqo2Xhw48iJk/tLzCk3oJvNnvnJ1bGhsqg3233Z/P98LQeD7gR2aInYOPUjSvI\natyOtdzGmGCGR7AMKPPTKySgWs7zNT5WaBjciyuYou/Lh0LdrBOIXRl1sml6yw2Y\n26cZSvqkdrfJnVLHTdMdIdbhPwiXg0TbTSARYfHSGafhIg25eEc/CxE9vusgAyaP\nVMe88T1d4w+f2W+1MtzU287Ti3AgSliJOTmdVNn9INSDI5EChoQE6ickfRT6OvNc\nAYgdp/Ph6Itc5ZLFQckjkznMMjUlcdVu5+26bR0=\n-----END CERTIFICATE-----\n",
      "type": "string"
    },
    "certB": {
      "value": "-----BEGIN CERTIFICATE-----\nMIICuDCCAaCgAwIBAgIQKyBk6BtkaX/GXvH65Wz6qTANBgkqhkiG9w0BAQsFADAP\nMQ0wCwYDVQQKEwR0ZXN0MB4XDTIzMTAzMDExNDUxMVoXDTIzMTEwOTExNDUxMVow\nDzENMAsGA1UEChMEdGVzdDCCASIwDQYJKoZIhvcNAQEBBQADggEPADCCAQoCggEB\nAKnfzcaAiDFB3UFuf7ouGdTRplUaQVXKGQj0Pt7j23QQ1NsPAs4grASGPtPBrcn1\nzByVd0/tO1qiG76TrDl9MTHuqyN4Xllvc7c61t0pNZt9KEXkf2WsODM+8FwtnFP5\nE44qoEIdG36LY1Az8VsnXyENMr5ayNkOEpPv84EKDkeepWvB99aGxqpoD/FYAxvB\nGBvqIDXyDLMlutFx3RV5BIqjXxtstTVntlu6WfDDuJIhNwl3m//h8yETYv7EpI2s\nRoKsVRnI8LSm5/t/KDd/I3KN8n3K5nTUmazYz6GtzNfj5hJr3A41g+bTHAYauw5v\nvydtAb2QVXnLPUCFRsSekFECAwEAAaMQMA4wDAYDVR0TAQH/BAIwADANBgkqhkiG\n9w0BAQsFAAOCAQEAAh5wKZaRS/MPvBKY/4mnFaD9L3jB6wYlrycUBe7m59d/yc5V\ny87wXqGLqeaN0xn5/6gvDbQOCUr4duoHVXPPSJQZsZlv9bHE9yUklbVhL+Q6zvZ7\n7PC8gP0YLArepA1/t3Obw7vZq7GtEmQmz7O6wLDEXAqk1cAdGSYDHqlI2CR958es\nFeYmnNj+OlxRWdEeeAqO+nkqHloCLmyTQrvb2pg54GPYRWTAL5Jx01czMcW/2ok4\n3N1Knyzgdq/1UYnUwc6baEtcMKmIhK9xbwNnY1iLIICNqazf7wzmIHqtGJmVGcM5\nAdbZJLB55YwVkOhqxXC15/oZPPG2qMGDvDprEw==\n-----END CERTIFICATE-----\n",
      "type": "string"
    },
    "grafana_alb_dns_name": {
      "value": "tf-granfana-alb-444189994.ap-southeast-1.elb.amazonaws.com",
      "type": "string"
    },
    "iot_endpoint": {
      "value": "akd5vb2p5kpj4-ats.iot.ap-southeast-1.amazonaws.com",
      "type": "string"
    },
    "keyA": {
      "value": "-----BEGIN RSA PRIVATE KEY-----\nMIIEowIBAAKCAQEApvYRHQWSBQhG6oBmozlJ9XnWpJJx8gNzwP6L6yDapUY2o+BB\n9dCNSHMK5taec/+6BZmHNA4Rg43msUL9T/MuXD5sjWf/3XsMcdXpsvTXnLxxSo0B\nxSV2q+90raWpE4Mvoe/ykrYOvoRQ2YEdz2MqarTaOiB22pFsw5HMJyAH0L/MXKhL\nFwa0aakYMewf0OzM8XRMsKTuZl2O2wAZ3AkkyrF6BeyKSE/hZPUtYUhrflq4Isfw\nTH3smsb2iEF1s7u7kl4BTgzgjbQg/gCP7quAEGxETK+MpDSqT1TvXNjB0uX/Urr4\nnZrsNipdIOhfXJZo9WAiEDi4EcXNqXSk1KiyCwIDAQABAoIBAQCHVJKAhKBcBd59\ne4A2M1x4Zb6OfMlxUk0EFQ9SkbnIF0Z4xHCSj+3E2MLwYuviuFiO62fE0NZvXJit\n+8+Ze1KLoGmaoL6rRm7K4onf7UfLGo91zx+tLfWn3ZskmU+XqlD0oKptMrZ2xIdI\nFbkU/ZtHDLqKPQA5n4CacNYarILJNy6D8n66S68rA43mcktFvAbMoZUAoTrNTb7D\nsNqN2Tp+qdMhkTf6D1dCOq8a6CNoI5zCaKDMLS2zn5psoQuTnInb4Pt0wGGM8qvQ\no4amLOG4LBR0r5045Vq8M9zcW5EzqsVjdrq5X15K8YBSeWUZ5p/TEUi5jvmq4+M3\naWoWjlnZAoGBAM0yKbVKU5X3ie3zXOTj+5qebv8bq9KNbb7GBe6xcrOXAUjC9QtP\n6uJy4nkgaQ0yCBtWnHk77KiRFv8pAM+c23WNwgw3gSg5neRWZeZkhidy45Cjb1tq\n2JIXsVimaJvtHspPShDTdYlEYwnwt0LJLvNtFhZmOFwB9EzHtVh/ABbVAoGBANBM\nfSy5G5KTPs7myWYsPGW8rfY+J4F9uejusMzWSChdgLb8v+J/5hwoIVGwRYxM/hMm\n3qzZCABgnoQLAsnpepEvh5cCWqs864Lb7x37dPRt1au62Z8EYmyJNKfTE5Ga8ipA\nRecl78eMXB21uSUUilY+LeSTj1WKxb1CjVIgndVfAoGAWhaM8zgXrH7KgrrW7PMf\nEso+Ryh57m4DYb+E+T/U8P36JVzawsWqhRMVVUKifJWbs4z6E8v4YiWZKBtzbLMc\nMucy67Qus19gb9By2o0FzSoGuQjYKhWl0bYvOZGN2e9oFkBrbym3r7VjmgiiHONB\nBsS87sagNdzxygfgGWNgwaUCgYBx7XQFcxU+nSScO6RqKsW6C3HGngYzkBWP7oVq\n88SxtzqAW0uEUdoFCnn22QehDjdlODxQo7/5nN72b6NN1lLAeBOcJ6B5yi8x+qMV\nbgRw8GYOsHr4u4gtvvm61Pr+B5ZuP4s8OwajyQRVB6DFRC/Jreah/4dFDUrMEkuD\nYO2S1wKBgBNp1UfTRn4mW7pPOqFXSNB9/T2Rb5VbG6LzdHxGShXFOyqCSFjRt8Vt\ncT8G3mB8YtXmF1lZTm4D+HHnllH+WoS6xXKcVzhUp91k2jwVe7RJkgauxo2+RsFO\nYIwhM0JnVWM2HxtcHievgqAMtl4xcGdhCll8eym9b5meOpH+x0VG\n-----END RSA PRIVATE KEY-----\n",
      "type": "string",
      "sensitive": true
    },
    "keyB": {
      "value": "-----BEGIN RSA PRIVATE KEY-----\nMIIEowIBAAKCAQEAqd/NxoCIMUHdQW5/ui4Z1NGmVRpBVcoZCPQ+3uPbdBDU2w8C\nziCsBIY+08GtyfXMHJV3T+07WqIbvpOsOX0xMe6rI3heWW9ztzrW3Sk1m30oReR/\nZaw4Mz7wXC2cU/kTjiqgQh0bfotjUDPxWydfIQ0yvlrI2Q4Sk+/zgQoOR56la8H3\n1obGqmgP8VgDG8EYG+ogNfIMsyW60XHdFXkEiqNfG2y1NWe2W7pZ8MO4kiE3CXeb\n/+HzIRNi/sSkjaxGgqxVGcjwtKbn+38oN38jco3yfcrmdNSZrNjPoa3M1+PmEmvc\nDjWD5tMcBhq7Dm+/J20BvZBVecs9QIVGxJ6QUQIDAQABAoIBAB2/sNSja7Zcl3e+\n9yVOr31inaNnrqtscgfsZho4gxUHYY9fSJl6hUVhkR0aXOnyXqVe038ux2cu3nb4\ne3+x2eyppFTY3oUBDJ248ynV7qplN6lNw7W1fD4VNpid8DOQegk6k8ggOtFlbaX9\nArZ45aLvIcTON0Azw7MeoWEmtqt55tFTFYb84YbMXZeOGUk2NxegtvdMolo9+nCv\nKiEvfUEXVvNYcUdcd7w2MpC/pGr+68BAuX0EuxFWTfzb75amVU8r4a/2C8s8hVUs\nSL97pjxHbXhEiaaKRMZZS64SEIKeevSs70TnANoGC65Ef7R1sur/wW5JA6yhgWLl\n0G9jVgECgYEA24TUShsNfhj1yy9uVQ0bC1EhEeSWrW4BX0kzwkN/BUrogF0j+Jyd\n5EOc5GsBN1eu8mJRZMkN05/+g2BwQHNXDPrS1uAwKT++dr6hADqD6HMky2uq49pO\nqMM5XlwESpAJc9NLGsLp7hMgzophSuinmM23wl2BI+H0gMSHw54Iz6ECgYEAxhrn\nAzpFdNRSErSrlcJ22EQnX2AnhQk43QXl73NXyCQ2zGSVxBLTygEkVYmi5OtpFX7J\nvjC7/JKEIEGQF8Kskut2K39aGy9lpxFWBxINGnpYAVvpUacJ04t4Rf3G+9pEReCk\n9fu5vDbNUjo1i9/M7+Md9lLpV5wM8C3wXfDPwrECgYADumDElWsIPjJGbhrIlP1l\nls4h+KjabyjUznBzlyPcGiaSr4JB4Z8I1mEeu/Z8Ux/ke+j39jYm5uuynXuqjIro\n7IWSIqKOwMdiSuB/GX9N/k6cqcpwLi/xy8b4pEVqYsHWVrtKzA6e/XIsL8txMzxN\nawj44w+jZV36pdvMZa2uoQKBgBxykofZH042iw6amSUpRq2po8nDYgltmJfMmAc5\nlfpskN3q98KvPXB9l30dBaI/19g5W7kPAH+1fnmvUITI9MUoQNDgOc07kipah/L9\n+Zm6xdZ0H14VUYjqNzw9xAw4fKNYLfgQzMwlRnivWS8b1S8BezT7FPz6sLTws9qZ\nkQwRAoGBAJJu0E5GGp/CgMN8Qt5Ed+urFVGynGfkKmzIxflf/OKLS48Mpg7ljDmL\nc1ZNCmJIeXgY61Utu6Tz9N0Hy+0CYZe1Q2chZYfGyLTcCv7sAAf3Z+pOGk2n/Drl\neu5debq+ygzSSYfHFh/RIky3LpEBKBLJq8v5u6AfBoD14LaKObJV\n-----END RSA PRIVATE KEY-----\n",
      "type": "string",
      "sensitive": true
    },
    "thing_nameA": {
      "value": "thing_51e637ab00cfbb4e",
      "type": "string"
    },
    "thing_nameB": {
      "value": "thing_24f390bff5ed4e34",
      "type": "string"
    }
  },
  "resources": [
    {
      "mode": "data",
      "type": "aws_ami",
      "name": "amazon_linux_ami",
      "provider": "provider[\"registry.terraform.io/hashicorp/aws\"]",
      "instances": [
        {
          "schema_version": 0,
          "attributes": {
            "architecture": "x86_64",
            "arn": "arn:aws:ec2:ap-southeast-1::image/ami-036d8cf6cf7a08f64",
            "block_device_mappings": [
              {
                "device_name": "/dev/xvda",
                "ebs": {
                  "delete_on_termination": "true",
                  "encrypted": "false",
                  "iops": "3000",
                  "snapshot_id": "snap-0004cb400a9320627",
                  "throughput": "125",
                  "volume_size": "8",
                  "volume_type": "gp3"
                },
                "no_device": "",
                "virtual_name": ""
              }
            ],
            "boot_mode": "uefi-preferred",
            "creation_date": "2023-10-26T18:39:10.000Z",
            "deprecation_time": "2024-01-24T18:39:00.000Z",
            "description": "Amazon Linux 2023 AMI 2023.2.20231026.0 x86_64 HVM kernel-6.1",
            "ena_support": true,
            "executable_users": null,
            "filter": [
              {
                "name": "image-id",
                "values": [
                  "ami-036d8cf6cf7a08f64"
                ]
              },
              {
                "name": "virtualization-type",
                "values": [
                  "hvm"
                ]
              }
            ],
            "hypervisor": "xen",
            "id": "ami-036d8cf6cf7a08f64",
            "image_id": "ami-036d8cf6cf7a08f64",
            "image_location": "amazon/al2023-ami-2023.2.20231026.0-kernel-6.1-x86_64",
            "image_owner_alias": "amazon",
            "image_type": "machine",
            "imds_support": "v2.0",
            "include_deprecated": false,
            "kernel_id": "",
            "most_recent": true,
            "name": "al2023-ami-2023.2.20231026.0-kernel-6.1-x86_64",
            "name_regex": null,
            "owner_id": "137112412989",
            "owners": null,
            "platform": "",
            "platform_details": "Linux/UNIX",
            "product_codes": [],
            "public": true,
            "ramdisk_id": "",
            "root_device_name": "/dev/xvda",
            "root_device_type": "ebs",
            "root_snapshot_id": "snap-0004cb400a9320627",
            "sriov_net_support": "simple",
            "state": "available",
            "state_reason": {
              "code": "UNSET",
              "message": "UNSET"
            },
            "tags": {},
            "timeouts": null,
            "tpm_support": "",
            "usage_operation": "RunInstances",
            "virtualization_type": "hvm"
          },
          "sensitive_attributes": []
        }
      ]
    },
    {
      "mode": "data",
      "type": "aws_ami",
      "name": "appsmith_ami",
      "provider": "provider[\"registry.terraform.io/hashicorp/aws\"]",
      "instances": [
        {
          "schema_version": 0,
          "attributes": {
            "architecture": "x86_64",
            "arn": "arn:aws:ec2:ap-southeast-1::image/ami-0d4ff711255cd3e38",
            "block_device_mappings": [
              {
                "device_name": "/dev/sda1",
                "ebs": {
                  "delete_on_termination": "true",
                  "encrypted": "false",
                  "iops": "0",
                  "snapshot_id": "snap-03ee96388beaf8f62",
                  "throughput": "0",
                  "volume_size": "15",
                  "volume_type": "gp2"
                },
                "no_device": "",
                "virtual_name": ""
              },
              {
                "device_name": "/dev/sdb",
                "ebs": {},
                "no_device": "",
                "virtual_name": "ephemeral0"
              },
              {
                "device_name": "/dev/sdc",
                "ebs": {},
                "no_device": "",
                "virtual_name": "ephemeral1"
              }
            ],
            "boot_mode": "",
            "creation_date": "2023-07-03T04:33:41.000Z",
            "deprecation_time": "2025-07-03T04:33:41.000Z",
            "description": "Appsmith BE AMI",
            "ena_support": true,
            "executable_users": null,
            "filter": [
              {
                "name": "image-id",
                "values": [
                  "ami-0d4ff711255cd3e38"
                ]
              },
              {
                "name": "virtualization-type",
                "values": [
                  "hvm"
                ]
              }
            ],
            "hypervisor": "xen",
            "id": "ami-0d4ff711255cd3e38",
            "image_id": "ami-0d4ff711255cd3e38",
            "image_location": "aws-marketplace/appsmith-ee-ami-20230630043828-prod-dur5gkgbepuca",
            "image_owner_alias": "aws-marketplace",
            "image_type": "machine",
            "imds_support": "",
            "include_deprecated": false,
            "kernel_id": "",
            "most_recent": true,
            "name": "appsmith-ee-ami-20230630043828-prod-dur5gkgbepuca",
            "name_regex": null,
            "owner_id": "679593333241",
            "owners": null,
            "platform": "",
            "platform_details": "Linux/UNIX",
            "product_codes": [
              {
                "product_code_id": "c2nv3iz89us9aapqta4y88mdr",
                "product_code_type": "marketplace"
              }
            ],
            "public": true,
            "ramdisk_id": "",
            "root_device_name": "/dev/sda1",
            "root_device_type": "ebs",
            "root_snapshot_id": "snap-03ee96388beaf8f62",
            "sriov_net_support": "simple",
            "state": "available",
            "state_reason": {
              "code": "UNSET",
              "message": "UNSET"
            },
            "tags": {},
            "timeouts": null,
            "tpm_support": "",
            "usage_operation": "RunInstances",
            "virtualization_type": "hvm"
          },
          "sensitive_attributes": []
        }
      ]
    },
    {
      "mode": "data",
      "type": "aws_arn",
      "name": "thingA",
      "provider": "provider[\"registry.terraform.io/hashicorp/aws\"]",
      "instances": [
        {
          "schema_version": 0,
          "attributes": {
            "account": "708779265549",
            "arn": "arn:aws:iot:ap-southeast-1:708779265549:thing/thing_51e637ab00cfbb4e",
            "id": "arn:aws:iot:ap-southeast-1:708779265549:thing/thing_51e637ab00cfbb4e",
            "partition": "aws",
            "region": "ap-southeast-1",
            "resource": "thing/thing_51e637ab00cfbb4e",
            "service": "iot"
          },
          "sensitive_attributes": []
        }
      ]
    },
    {
      "mode": "data",
      "type": "aws_arn",
      "name": "thingB",
      "provider": "provider[\"registry.terraform.io/hashicorp/aws\"]",
      "instances": [
        {
          "schema_version": 0,
          "attributes": {
            "account": "708779265549",
            "arn": "arn:aws:iot:ap-southeast-1:708779265549:thing/thing_24f390bff5ed4e34",
            "id": "arn:aws:iot:ap-southeast-1:708779265549:thing/thing_24f390bff5ed4e34",
            "partition": "aws",
            "region": "ap-southeast-1",
            "resource": "thing/thing_24f390bff5ed4e34",
            "service": "iot"
          },
          "sensitive_attributes": []
        }
      ]
    },
    {
      "mode": "data",
      "type": "aws_iam_policy_document",
      "name": "cloudfront",
      "provider": "provider[\"registry.terraform.io/hashicorp/aws\"].us-east-1",
      "instances": [
        {
          "schema_version": 0,
          "attributes": {
            "id": "2396432500",
            "json": "{\n  \"Version\": \"2012-10-17\",\n  \"Statement\": [\n    {\n      \"Effect\": \"Allow\",\n      \"Action\": [\n        \"logs:PutLogEvents\",\n        \"logs:CreateLogStream\"\n      ],\n      \"Resource\": \"arn:aws:logs:us-east-1:708779265549:log-group:aws-waf-logs-cloudfront-webacl:*\",\n      \"Principal\": {\n        \"Service\": \"delivery.logs.amazonaws.com\"\n      }\n    }\n  ]\n}",
            "override_policy_documents": null,
            "policy_id": null,
            "source_policy_documents": null,
            "statement": [
              {
                "actions": [
                  "logs:CreateLogStream",
                  "logs:PutLogEvents"
                ],
                "condition": [],
                "effect": "Allow",
                "not_actions": [],
                "not_principals": [],
                "not_resources": [],
                "principals": [
                  {
                    "identifiers": [
                      "delivery.logs.amazonaws.com"
                    ],
                    "type": "Service"
                  }
                ],
                "resources": [
                  "arn:aws:logs:us-east-1:708779265549:log-group:aws-waf-logs-cloudfront-webacl:*"
                ],
                "sid": ""
              }
            ],
            "version": "2012-10-17"
          },
          "sensitive_attributes": []
        }
      ]
    },
    {
      "mode": "data",
      "type": "aws_iot_endpoint",
      "name": "iot_endpoint",
      "provider": "provider[\"registry.terraform.io/hashicorp/aws\"]",
      "instances": [
        {
          "schema_version": 0,
          "attributes": {
            "endpoint_address": "akd5vb2p5kpj4-ats.iot.ap-southeast-1.amazonaws.com",
            "endpoint_type": "iot:Data-ATS",
            "id": "akd5vb2p5kpj4-ats.iot.ap-southeast-1.amazonaws.com"
          },
          "sensitive_attributes": []
        }
      ]
    },
    {
      "mode": "data",
      "type": "http",
      "name": "root_ca",
      "provider": "provider[\"registry.terraform.io/hashicorp/http\"]",
      "instances": [
        {
          "schema_version": 0,
          "attributes": {
            "body": "-----BEGIN CERTIFICATE-----\nMIIDQTCCAimgAwIBAgITBmyfz5m/jAo54vB4ikPmljZbyjANBgkqhkiG9w0BAQsF\nADA5MQswCQYDVQQGEwJVUzEPMA0GA1UEChMGQW1hem9uMRkwFwYDVQQDExBBbWF6\nb24gUm9vdCBDQSAxMB4XDTE1MDUyNjAwMDAwMFoXDTM4MDExNzAwMDAwMFowOTEL\nMAkGA1UEBhMCVVMxDzANBgNVBAoTBkFtYXpvbjEZMBcGA1UEAxMQQW1hem9uIFJv\nb3QgQ0EgMTCCASIwDQYJKoZIhvcNAQEBBQADggEPADCCAQoCggEBALJ4gHHKeNXj\nca9HgFB0fW7Y14h29Jlo91ghYPl0hAEvrAIthtOgQ3pOsqTQNroBvo3bSMgHFzZM\n9O6II8c+6zf1tRn4SWiw3te5djgdYZ6k/oI2peVKVuRF4fn9tBb6dNqcmzU5L/qw\nIFAGbHrQgLKm+a/sRxmPUDgH3KKHOVj4utWp+UhnMJbulHheb4mjUcAwhmahRWa6\nVOujw5H5SNz/0egwLX0tdHA114gk957EWW67c4cX8jJGKLhD+rcdqsq08p8kDi1L\n93FcXmn/6pUCyziKrlA4b9v7LWIbxcceVOF34GfID5yHI9Y/QCB/IIDEgEw+OyQm\njgSubJrIqg0CAwEAAaNCMEAwDwYDVR0TAQH/BAUwAwEB/zAOBgNVHQ8BAf8EBAMC\nAYYwHQYDVR0OBBYEFIQYzIU07LwMlJQuCFmcx7IQTgoIMA0GCSqGSIb3DQEBCwUA\nA4IBAQCY8jdaQZChGsV2USggNiMOruYou6r4lK5IpDB/G/wkjUu0yKGX9rbxenDI\nU5PMCCjjmCXPI6T53iHTfIUJrU6adTrCC2qJeHZERxhlbI1Bjjt/msv0tadQ1wUs\nN+gDS63pYaACbvXy8MWy7Vu33PqUXHeeE6V/Uq2V8viTO96LXFvKWlJbYK8U90vv\no/ufQJVtMVT8QtPHRh8jrdkPSHCa2XV4cdFyQzR1bldZwgJcJmApzyMZFo6IQ6XU\n5MsI+yMRQ+hDKXJioaldXgjUkK642M4UwtBV8ob2xJNDd2ZhwLnoQdeXeGADbkpy\nrqXRfboQnoZsG4q5WTP468SQvvG5\n-----END CERTIFICATE-----\n",
            "ca_cert_pem": null,
            "id": "https://www.amazontrust.com/repository/AmazonRootCA1.pem",
            "insecure": null,
            "method": null,
            "request_body": null,
            "request_headers": null,
            "request_timeout_ms": null,
            "response_body": "-----BEGIN CERTIFICATE-----\nMIIDQTCCAimgAwIBAgITBmyfz5m/jAo54vB4ikPmljZbyjANBgkqhkiG9w0BAQsF\nADA5MQswCQYDVQQGEwJVUzEPMA0GA1UEChMGQW1hem9uMRkwFwYDVQQDExBBbWF6\nb24gUm9vdCBDQSAxMB4XDTE1MDUyNjAwMDAwMFoXDTM4MDExNzAwMDAwMFowOTEL\nMAkGA1UEBhMCVVMxDzANBgNVBAoTBkFtYXpvbjEZMBcGA1UEAxMQQW1hem9uIFJv\nb3QgQ0EgMTCCASIwDQYJKoZIhvcNAQEBBQADggEPADCCAQoCggEBALJ4gHHKeNXj\nca9HgFB0fW7Y14h29Jlo91ghYPl0hAEvrAIthtOgQ3pOsqTQNroBvo3bSMgHFzZM\n9O6II8c+6zf1tRn4SWiw3te5djgdYZ6k/oI2peVKVuRF4fn9tBb6dNqcmzU5L/qw\nIFAGbHrQgLKm+a/sRxmPUDgH3KKHOVj4utWp+UhnMJbulHheb4mjUcAwhmahRWa6\nVOujw5H5SNz/0egwLX0tdHA114gk957EWW67c4cX8jJGKLhD+rcdqsq08p8kDi1L\n93FcXmn/6pUCyziKrlA4b9v7LWIbxcceVOF34GfID5yHI9Y/QCB/IIDEgEw+OyQm\njgSubJrIqg0CAwEAAaNCMEAwDwYDVR0TAQH/BAUwAwEB/zAOBgNVHQ8BAf8EBAMC\nAYYwHQYDVR0OBBYEFIQYzIU07LwMlJQuCFmcx7IQTgoIMA0GCSqGSIb3DQEBCwUA\nA4IBAQCY8jdaQZChGsV2USggNiMOruYou6r4lK5IpDB/G/wkjUu0yKGX9rbxenDI\nU5PMCCjjmCXPI6T53iHTfIUJrU6adTrCC2qJeHZERxhlbI1Bjjt/msv0tadQ1wUs\nN+gDS63pYaACbvXy8MWy7Vu33PqUXHeeE6V/Uq2V8viTO96LXFvKWlJbYK8U90vv\no/ufQJVtMVT8QtPHRh8jrdkPSHCa2XV4cdFyQzR1bldZwgJcJmApzyMZFo6IQ6XU\n5MsI+yMRQ+hDKXJioaldXgjUkK642M4UwtBV8ob2xJNDd2ZhwLnoQdeXeGADbkpy\nrqXRfboQnoZsG4q5WTP468SQvvG5\n-----END CERTIFICATE-----\n",
            "response_body_base64": "LS0tLS1CRUdJTiBDRVJUSUZJQ0FURS0tLS0tCk1JSURRVENDQWltZ0F3SUJBZ0lUQm15Zno1bS9qQW81NHZCNGlrUG1salpieWpBTkJna3Foa2lHOXcwQkFRc0YKQURBNU1Rc3dDUVlEVlFRR0V3SlZVekVQTUEwR0ExVUVDaE1HUVcxaGVtOXVNUmt3RndZRFZRUURFeEJCYldGNgpiMjRnVW05dmRDQkRRU0F4TUI0WERURTFNRFV5TmpBd01EQXdNRm9YRFRNNE1ERXhOekF3TURBd01Gb3dPVEVMCk1Ba0dBMVVFQmhNQ1ZWTXhEekFOQmdOVkJBb1RCa0Z0WVhwdmJqRVpNQmNHQTFVRUF4TVFRVzFoZW05dUlGSnYKYjNRZ1EwRWdNVENDQVNJd0RRWUpLb1pJaHZjTkFRRUJCUUFEZ2dFUEFEQ0NBUW9DZ2dFQkFMSjRnSEhLZU5YagpjYTlIZ0ZCMGZXN1kxNGgyOUpsbzkxZ2hZUGwwaEFFdnJBSXRodE9nUTNwT3NxVFFOcm9Cdm8zYlNNZ0hGelpNCjlPNklJOGMrNnpmMXRSbjRTV2l3M3RlNWRqZ2RZWjZrL29JMnBlVktWdVJGNGZuOXRCYjZkTnFjbXpVNUwvcXcKSUZBR2JIclFnTEttK2Evc1J4bVBVRGdIM0tLSE9WajR1dFdwK1Vobk1KYnVsSGhlYjRtalVjQXdobWFoUldhNgpWT3VqdzVINVNOei8wZWd3TFgwdGRIQTExNGdrOTU3RVdXNjdjNGNYOGpKR0tMaEQrcmNkcXNxMDhwOGtEaTFMCjkzRmNYbW4vNnBVQ3l6aUtybEE0Yjl2N0xXSWJ4Y2NlVk9GMzRHZklENXlISTlZL1FDQi9JSURFZ0V3K095UW0KamdTdWJKcklxZzBDQXdFQUFhTkNNRUF3RHdZRFZSMFRBUUgvQkFVd0F3RUIvekFPQmdOVkhROEJBZjhFQkFNQwpBWVl3SFFZRFZSME9CQllFRklRWXpJVTA3THdNbEpRdUNGbWN4N0lRVGdvSU1BMEdDU3FHU0liM0RRRUJDd1VBCkE0SUJBUUNZOGpkYVFaQ2hHc1YyVVNnZ05pTU9ydVlvdTZyNGxLNUlwREIvRy93a2pVdTB5S0dYOXJieGVuREkKVTVQTUNDamptQ1hQSTZUNTNpSFRmSVVKclU2YWRUckNDMnFKZUhaRVJ4aGxiSTFCamp0L21zdjB0YWRRMXdVcwpOK2dEUzYzcFlhQUNidlh5OE1XeTdWdTMzUHFVWEhlZUU2Vi9VcTJWOHZpVE85NkxYRnZLV2xKYllLOFU5MHZ2Cm8vdWZRSlZ0TVZUOFF0UEhSaDhqcmRrUFNIQ2EyWFY0Y2RGeVF6UjFibGRad2dKY0ptQXB6eU1aRm82SVE2WFUKNU1zSSt5TVJRK2hES1hKaW9hbGRYZ2pVa0s2NDJNNFV3dEJWOG9iMnhKTkRkMlpod0xub1FkZVhlR0FEYmtweQpycVhSZmJvUW5vWnNHNHE1V1RQNDY4U1F2dkc1Ci0tLS0tRU5EIENFUlRJRklDQVRFLS0tLS0K",
            "response_headers": {
              "Age": "280261",
              "Cache-Control": "max-age=31556952, public",
              "Connection": "keep-alive",
              "Content-Length": "1188",
              "Content-Type": "text/plain; charset=US-ASCII",
              "Date": "Sun, 29 Oct 2023 13:25:20 GMT",
              "Etag": "\"7095142f080d1d25221eec161ff14223\"",
              "Last-Modified": "Tue, 16 May 2023 23:46:54 GMT",
              "Server": "AmazonS3",
              "Via": "1.1 d1a7553a1d5e7893c2e3eb99d2820c18.cloudfront.net (CloudFront)",
              "X-Amz-Cf-Id": "NkrpuLiCwm_-WFjNSPEM1dAwjKXtrwF9SnsRotFmjgSmajppSClbgQ==",
              "X-Amz-Cf-Pop": "SIN2-P1",
              "X-Amz-Version-Id": "EjSqvzLeybkUJ6ps3XoPDJxhfjWVbUP1",
              "X-Cache": "Hit from cloudfront"
            },
            "retry": null,
            "status_code": 200,
            "url": "https://www.amazontrust.com/repository/AmazonRootCA1.pem"
          },
          "sensitive_attributes": []
        }
      ]
    },
    {
      "mode": "data",
      "type": "template_cloudinit_config",
      "name": "user_data",
      "provider": "provider[\"registry.terraform.io/hashicorp/template\"]",
      "instances": [
        {
          "schema_version": 0,
          "attributes": {
            "base64_encode": true,
            "gzip": false,
            "id": "3705288688",
            "part": [
              {
                "content": "#!/bin/bash\r\nsudo yum update -y\r\nsudo yum install -y docker\r\nsudo service docker start\r\nsudo curl -L https://github.com/docker/compose/releases/latest/download/docker-compose-$(uname -s)-$(uname -m) -o /usr/local/bin/docker-compose\r\nsudo chmod +x /usr/local/bin/docker-compose\r\ncurl -fsSL https://raw.githubusercontent.com/grafana/oncall/dev/docker-compose.yml -o docker-compose.yml\r\necho \"DOMAIN=http://localhost:8080\r\n# Remove 'with_grafana' below if you want to use existing grafana\r\n# Add 'with_prometheus' below to optionally enable a local prometheus for oncall metrics\r\n# e.g. COMPOSE_PROFILES=with_grafana,with_prometheus\r\nCOMPOSE_PROFILES=with_grafana\r\n# to setup an auth token for prometheus exporter metrics:\r\n# PROMETHEUS_EXPORTER_SECRET=my_random_prometheus_secret\r\n# also, make sure to enable the /metrics endpoint:\r\n# FEATURE_PROMETHEUS_EXPORTER_ENABLED=True\r\nSECRET_KEY=my_random_secret_must_be_more_than_32_characters_long\" \u003e .env\r\necho \"global:\r\n  scrape_interval:     15s\r\n  evaluation_interval: 15s\r\n\r\nscrape_configs:\r\n  - job_name: prometheus\r\n    metrics_path: /metrics/\r\n    authorization:\r\n      credentials: my_random_prometheus_secret\r\n    static_configs:\r\n      - targets: [\\\"host.docker.internal:8080\\\"]\" \u003e prometheus.yml\r\ndocker-compose pull \u0026\u0026 docker-compose up -d\r\n",
                "content_type": "text/x-shellscript",
                "filename": "",
                "merge_type": ""
              }
            ],
            "rendered": "Q29udGVudC1UeXBlOiBtdWx0aXBhcnQvbWl4ZWQ7IGJvdW5kYXJ5PSJNSU1FQk9VTkRBUlkiCk1JTUUtVmVyc2lvbjogMS4wDQoNCi0tTUlNRUJPVU5EQVJZDQpDb250ZW50LVRyYW5zZmVyLUVuY29kaW5nOiA3Yml0DQpDb250ZW50LVR5cGU6IHRleHQveC1zaGVsbHNjcmlwdA0KTWltZS1WZXJzaW9uOiAxLjANCg0KIyEvYmluL2Jhc2gNCnN1ZG8geXVtIHVwZGF0ZSAteQ0Kc3VkbyB5dW0gaW5zdGFsbCAteSBkb2NrZXINCnN1ZG8gc2VydmljZSBkb2NrZXIgc3RhcnQNCnN1ZG8gY3VybCAtTCBodHRwczovL2dpdGh1Yi5jb20vZG9ja2VyL2NvbXBvc2UvcmVsZWFzZXMvbGF0ZXN0L2Rvd25sb2FkL2RvY2tlci1jb21wb3NlLSQodW5hbWUgLXMpLSQodW5hbWUgLW0pIC1vIC91c3IvbG9jYWwvYmluL2RvY2tlci1jb21wb3NlDQpzdWRvIGNobW9kICt4IC91c3IvbG9jYWwvYmluL2RvY2tlci1jb21wb3NlDQpjdXJsIC1mc1NMIGh0dHBzOi8vcmF3LmdpdGh1YnVzZXJjb250ZW50LmNvbS9ncmFmYW5hL29uY2FsbC9kZXYvZG9ja2VyLWNvbXBvc2UueW1sIC1vIGRvY2tlci1jb21wb3NlLnltbA0KZWNobyAiRE9NQUlOPWh0dHA6Ly9sb2NhbGhvc3Q6ODA4MA0KIyBSZW1vdmUgJ3dpdGhfZ3JhZmFuYScgYmVsb3cgaWYgeW91IHdhbnQgdG8gdXNlIGV4aXN0aW5nIGdyYWZhbmENCiMgQWRkICd3aXRoX3Byb21ldGhldXMnIGJlbG93IHRvIG9wdGlvbmFsbHkgZW5hYmxlIGEgbG9jYWwgcHJvbWV0aGV1cyBmb3Igb25jYWxsIG1ldHJpY3MNCiMgZS5nLiBDT01QT1NFX1BST0ZJTEVTPXdpdGhfZ3JhZmFuYSx3aXRoX3Byb21ldGhldXMNCkNPTVBPU0VfUFJPRklMRVM9d2l0aF9ncmFmYW5hDQojIHRvIHNldHVwIGFuIGF1dGggdG9rZW4gZm9yIHByb21ldGhldXMgZXhwb3J0ZXIgbWV0cmljczoNCiMgUFJPTUVUSEVVU19FWFBPUlRFUl9TRUNSRVQ9bXlfcmFuZG9tX3Byb21ldGhldXNfc2VjcmV0DQojIGFsc28sIG1ha2Ugc3VyZSB0byBlbmFibGUgdGhlIC9tZXRyaWNzIGVuZHBvaW50Og0KIyBGRUFUVVJFX1BST01FVEhFVVNfRVhQT1JURVJfRU5BQkxFRD1UcnVlDQpTRUNSRVRfS0VZPW15X3JhbmRvbV9zZWNyZXRfbXVzdF9iZV9tb3JlX3RoYW5fMzJfY2hhcmFjdGVyc19sb25nIiA+IC5lbnYNCmVjaG8gImdsb2JhbDoNCiAgc2NyYXBlX2ludGVydmFsOiAgICAgMTVzDQogIGV2YWx1YXRpb25faW50ZXJ2YWw6IDE1cw0KDQpzY3JhcGVfY29uZmlnczoNCiAgLSBqb2JfbmFtZTogcHJvbWV0aGV1cw0KICAgIG1ldHJpY3NfcGF0aDogL21ldHJpY3MvDQogICAgYXV0aG9yaXphdGlvbjoNCiAgICAgIGNyZWRlbnRpYWxzOiBteV9yYW5kb21fcHJvbWV0aGV1c19zZWNyZXQNCiAgICBzdGF0aWNfY29uZmlnczoNCiAgICAgIC0gdGFyZ2V0czogW1wiaG9zdC5kb2NrZXIuaW50ZXJuYWw6ODA4MFwiXSIgPiBwcm9tZXRoZXVzLnltbA0KZG9ja2VyLWNvbXBvc2UgcHVsbCAmJiBkb2NrZXItY29tcG9zZSB1cCAtZA0KDQotLU1JTUVCT1VOREFSWS0tDQo="
          },
          "sensitive_attributes": []
        }
      ]
    },
    {
      "mode": "managed",
      "type": "aws_acm_certificate",
      "name": "cert",
      "provider": "provider[\"registry.terraform.io/hashicorp/aws\"].us-east-1",
      "instances": [
        {
          "schema_version": 0,
          "attributes": {
            "arn": "arn:aws:acm:us-east-1:708779265549:certificate/25edb8bf-0ccd-43e5-b01f-1f825e98403a",
            "certificate_authority_arn": "",
            "certificate_body": null,
            "certificate_chain": null,
            "domain_name": "cloud7.solutions",
            "domain_validation_options": [
              {
                "domain_name": "*.cloud7.solutions",
                "resource_record_name": "_addddff2a79c9d5e6c2ff83f995ba362.cloud7.solutions.",
                "resource_record_type": "CNAME",
                "resource_record_value": "_a930b02a9d5336b705159176d828b223.myvvytqgqf.acm-validations.aws."
              },
              {
                "domain_name": "cloud7.solutions",
                "resource_record_name": "_addddff2a79c9d5e6c2ff83f995ba362.cloud7.solutions.",
                "resource_record_type": "CNAME",
                "resource_record_value": "_a930b02a9d5336b705159176d828b223.myvvytqgqf.acm-validations.aws."
              }
            ],
            "early_renewal_duration": "",
            "id": "arn:aws:acm:us-east-1:708779265549:certificate/25edb8bf-0ccd-43e5-b01f-1f825e98403a",
            "key_algorithm": "RSA_2048",
            "not_after": "2024-11-27T23:59:59Z",
            "not_before": "2023-10-30T00:00:00Z",
            "options": [
              {
                "certificate_transparency_logging_preference": "ENABLED"
              }
            ],
            "pending_renewal": false,
            "private_key": null,
            "renewal_eligibility": "ELIGIBLE",
            "renewal_summary": [],
            "status": "ISSUED",
            "subject_alternative_names": [
              "*.cloud7.solutions",
              "cloud7.solutions"
            ],
            "tags": {},
            "tags_all": {},
            "type": "AMAZON_ISSUED",
            "validation_emails": [],
            "validation_method": "DNS",
            "validation_option": []
          },
          "sensitive_attributes": [],
          "private": "bnVsbA=="
        }
      ]
    },
    {
      "mode": "managed",
      "type": "aws_appautoscaling_policy",
      "name": "environment_table_read_policy",
      "provider": "provider[\"registry.terraform.io/hashicorp/aws\"]",
      "instances": [
        {
          "schema_version": 0,
          "attributes": {
            "alarm_arns": [
              "arn:aws:cloudwatch:ap-southeast-1:708779265549:alarm:TargetTracking-table/iotdata-AlarmHigh-59d4ed75-1599-4cc4-82e7-26cce875ef8a",
              "arn:aws:cloudwatch:ap-southeast-1:708779265549:alarm:TargetTracking-table/iotdata-AlarmLow-de3cfbde-e2c3-4c09-916f-b531e433aeec",
              "arn:aws:cloudwatch:ap-southeast-1:708779265549:alarm:TargetTracking-table/iotdata-ProvisionedCapacityHigh-ce2a48e4-5bcc-4062-9a44-9f237f6629c6",
              "arn:aws:cloudwatch:ap-southeast-1:708779265549:alarm:TargetTracking-table/iotdata-ProvisionedCapacityLow-fd64050b-457c-45c7-9583-3e85a665ac0a"
            ],
            "arn": "arn:aws:autoscaling:ap-southeast-1:708779265549:scalingPolicy:ddfe2d08-02d9-47e4-8576-8a61d98301c0:resource/dynamodb/table/iotdata:policyName/DynamoDBReadCapacityUtilization:table/iotdata",
            "id": "DynamoDBReadCapacityUtilization:table/iotdata",
            "name": "DynamoDBReadCapacityUtilization:table/iotdata",
            "policy_type": "TargetTrackingScaling",
            "resource_id": "table/iotdata",
            "scalable_dimension": "dynamodb:table:ReadCapacityUnits",
            "service_namespace": "dynamodb",
            "step_scaling_policy_configuration": [],
            "target_tracking_scaling_policy_configuration": [
              {
                "customized_metric_specification": [],
                "disable_scale_in": false,
                "predefined_metric_specification": [
                  {
                    "predefined_metric_type": "DynamoDBReadCapacityUtilization",
                    "resource_label": ""
                  }
                ],
                "scale_in_cooldown": 0,
                "scale_out_cooldown": 0,
                "target_value": 70
              }
            ]
          },
          "sensitive_attributes": [],
          "private": "bnVsbA==",
          "dependencies": [
            "aws_appautoscaling_target.environment_table_read_target",
            "aws_dynamodb_table.basic-dynamodb-table"
          ]
        }
      ]
    },
    {
      "mode": "managed",
      "type": "aws_appautoscaling_policy",
      "name": "environment_table_write_policy",
      "provider": "provider[\"registry.terraform.io/hashicorp/aws\"]",
      "instances": [
        {
          "schema_version": 0,
          "attributes": {
            "alarm_arns": [
              "arn:aws:cloudwatch:ap-southeast-1:708779265549:alarm:TargetTracking-table/iotdata-AlarmHigh-8b8bcdfb-1144-4e56-b2ac-a26db1e9cc00",
              "arn:aws:cloudwatch:ap-southeast-1:708779265549:alarm:TargetTracking-table/iotdata-AlarmLow-d2f77a82-073f-4f06-ab23-ff3964fa5ecb",
              "arn:aws:cloudwatch:ap-southeast-1:708779265549:alarm:TargetTracking-table/iotdata-ProvisionedCapacityHigh-424c9263-8076-4b57-8a98-714160cce176",
              "arn:aws:cloudwatch:ap-southeast-1:708779265549:alarm:TargetTracking-table/iotdata-ProvisionedCapacityLow-d822abab-a4c4-4c44-a178-59da22151864"
            ],
            "arn": "arn:aws:autoscaling:ap-southeast-1:708779265549:scalingPolicy:991dd688-ae15-4e8a-90a7-69ad85223bc0:resource/dynamodb/table/iotdata:policyName/DynamoDBWriteCapacityUtilization:table/iotdata",
            "id": "DynamoDBWriteCapacityUtilization:table/iotdata",
            "name": "DynamoDBWriteCapacityUtilization:table/iotdata",
            "policy_type": "TargetTrackingScaling",
            "resource_id": "table/iotdata",
            "scalable_dimension": "dynamodb:table:WriteCapacityUnits",
            "service_namespace": "dynamodb",
            "step_scaling_policy_configuration": [],
            "target_tracking_scaling_policy_configuration": [
              {
                "customized_metric_specification": [],
                "disable_scale_in": false,
                "predefined_metric_specification": [
                  {
                    "predefined_metric_type": "DynamoDBWriteCapacityUtilization",
                    "resource_label": ""
                  }
                ],
                "scale_in_cooldown": 0,
                "scale_out_cooldown": 0,
                "target_value": 70
              }
            ]
          },
          "sensitive_attributes": [],
          "private": "bnVsbA==",
          "dependencies": [
            "aws_appautoscaling_target.environment_table_write_target",
            "aws_dynamodb_table.basic-dynamodb-table"
          ]
        }
      ]
    },
    {
      "mode": "managed",
      "type": "aws_appautoscaling_target",
      "name": "environment_table_read_target",
      "provider": "provider[\"registry.terraform.io/hashicorp/aws\"]",
      "instances": [
        {
          "schema_version": 0,
          "attributes": {
            "arn": "arn:aws:application-autoscaling:ap-southeast-1:708779265549:scalable-target/0d26ddfe2d0802d947e485768a61d98301c0",
            "id": "table/iotdata",
            "max_capacity": 20,
            "min_capacity": 10,
            "resource_id": "table/iotdata",
            "role_arn": "arn:aws:iam::708779265549:role/aws-service-role/dynamodb.application-autoscaling.amazonaws.com/AWSServiceRoleForApplicationAutoScaling_DynamoDBTable",
            "scalable_dimension": "dynamodb:table:ReadCapacityUnits",
            "service_namespace": "dynamodb",
            "tags": {},
            "tags_all": {
              "tag_application_code": "Cloud7"
            }
          },
          "sensitive_attributes": [],
          "private": "bnVsbA==",
          "dependencies": [
            "aws_dynamodb_table.basic-dynamodb-table"
          ]
        }
      ]
    },
    {
      "mode": "managed",
      "type": "aws_appautoscaling_target",
      "name": "environment_table_write_target",
      "provider": "provider[\"registry.terraform.io/hashicorp/aws\"]",
      "instances": [
        {
          "schema_version": 0,
          "attributes": {
            "arn": "arn:aws:application-autoscaling:ap-southeast-1:708779265549:scalable-target/0d26991dd688ae154e8a90a769ad85223bc0",
            "id": "table/iotdata",
            "max_capacity": 20,
            "min_capacity": 10,
            "resource_id": "table/iotdata",
            "role_arn": "arn:aws:iam::708779265549:role/aws-service-role/dynamodb.application-autoscaling.amazonaws.com/AWSServiceRoleForApplicationAutoScaling_DynamoDBTable",
            "scalable_dimension": "dynamodb:table:WriteCapacityUnits",
            "service_namespace": "dynamodb",
            "tags": {},
            "tags_all": {
              "tag_application_code": "Cloud7"
            }
          },
          "sensitive_attributes": [],
          "private": "bnVsbA==",
          "dependencies": [
            "aws_dynamodb_table.basic-dynamodb-table"
          ]
        }
      ]
    },
    {
      "mode": "managed",
      "type": "aws_autoscaling_group",
      "name": "asg",
      "provider": "provider[\"registry.terraform.io/hashicorp/aws\"]",
      "instances": [
        {
          "schema_version": 1,
          "attributes": {
            "arn": "arn:aws:autoscaling:ap-southeast-1:708779265549:autoScalingGroup:b2ac9651-8d05-48f4-909b-c8006a5c1f2a:autoScalingGroupName/tf-asg",
            "availability_zones": [
              "ap-southeast-1a",
              "ap-southeast-1b"
            ],
            "capacity_rebalance": false,
            "context": "",
            "default_cooldown": 300,
            "default_instance_warmup": 0,
            "desired_capacity": 1,
            "desired_capacity_type": "",
            "enabled_metrics": [],
            "force_delete": false,
            "force_delete_warm_pool": false,
            "health_check_grace_period": 300,
            "health_check_type": "EC2",
            "id": "tf-asg",
            "ignore_failed_scaling_activities": false,
            "initial_lifecycle_hook": [],
            "instance_refresh": [],
            "launch_configuration": "tf-asg-lc20231028034711457100000003",
            "launch_template": [],
            "load_balancers": [],
            "max_instance_lifetime": 0,
            "max_size": 1,
            "metrics_granularity": "1Minute",
            "min_elb_capacity": null,
            "min_size": 1,
            "mixed_instances_policy": [],
            "name": "tf-asg",
            "name_prefix": "",
            "placement_group": "",
            "predicted_capacity": 0,
            "protect_from_scale_in": false,
            "service_linked_role_arn": "arn:aws:iam::708779265549:role/aws-service-role/autoscaling.amazonaws.com/AWSServiceRoleForAutoScaling",
            "suspended_processes": [],
            "tag": [],
            "target_group_arns": [
              "arn:aws:elasticloadbalancing:ap-southeast-1:708779265549:targetgroup/tf-cloudfront-alb-tg/62b8415deac32ef1"
            ],
            "termination_policies": [],
            "timeouts": null,
            "traffic_source": [
              {
                "identifier": "arn:aws:elasticloadbalancing:ap-southeast-1:708779265549:targetgroup/tf-cloudfront-alb-tg/62b8415deac32ef1",
                "type": "elbv2"
              }
            ],
            "vpc_zone_identifier": [
              "subnet-01a1e7878db2a2d0b",
              "subnet-097742b3c76d12197"
            ],
            "wait_for_capacity_timeout": "10m",
            "wait_for_elb_capacity": null,
            "warm_pool": [],
            "warm_pool_size": 0
          },
          "sensitive_attributes": [],
          "private": "eyJlMmJmYjczMC1lY2FhLTExZTYtOGY4OC0zNDM2M2JjN2M0YzAiOnsiZGVsZXRlIjo2MDAwMDAwMDAwMDAsInVwZGF0ZSI6NjAwMDAwMDAwMDAwfSwic2NoZW1hX3ZlcnNpb24iOiIxIn0=",
          "dependencies": [
            "aws_launch_configuration.asg_launch_conf",
            "aws_lb_target_group.alb_tg",
            "aws_security_group.ec2_ingress",
            "data.aws_ami.appsmith_ami",
            "module.vpc.aws_cloudwatch_log_group.flow_log",
            "module.vpc.aws_customer_gateway.this",
            "module.vpc.aws_db_subnet_group.database",
            "module.vpc.aws_default_network_acl.this",
            "module.vpc.aws_default_route_table.default",
            "module.vpc.aws_default_security_group.this",
            "module.vpc.aws_default_vpc.this",
            "module.vpc.aws_egress_only_internet_gateway.this",
            "module.vpc.aws_eip.nat",
            "module.vpc.aws_elasticache_subnet_group.elasticache",
            "module.vpc.aws_flow_log.this",
            "module.vpc.aws_iam_policy.vpc_flow_log_cloudwatch",
            "module.vpc.aws_iam_role.vpc_flow_log_cloudwatch",
            "module.vpc.aws_iam_role_policy_attachment.vpc_flow_log_cloudwatch",
            "module.vpc.aws_internet_gateway.this",
            "module.vpc.aws_nat_gateway.this",
            "module.vpc.aws_network_acl.database",
            "module.vpc.aws_network_acl.elasticache",
            "module.vpc.aws_network_acl.intra",
            "module.vpc.aws_network_acl.outpost",
            "module.vpc.aws_network_acl.private",
            "module.vpc.aws_network_acl.public",
            "module.vpc.aws_network_acl.redshift",
            "module.vpc.aws_network_acl_rule.database_inbound",
            "module.vpc.aws_network_acl_rule.database_outbound",
            "module.vpc.aws_network_acl_rule.elasticache_inbound",
            "module.vpc.aws_network_acl_rule.elasticache_outbound",
            "module.vpc.aws_network_acl_rule.intra_inbound",
            "module.vpc.aws_network_acl_rule.intra_outbound",
            "module.vpc.aws_network_acl_rule.outpost_inbound",
            "module.vpc.aws_network_acl_rule.outpost_outbound",
            "module.vpc.aws_network_acl_rule.private_inbound",
            "module.vpc.aws_network_acl_rule.private_outbound",
            "module.vpc.aws_network_acl_rule.public_inbound",
            "module.vpc.aws_network_acl_rule.public_outbound",
            "module.vpc.aws_network_acl_rule.redshift_inbound",
            "module.vpc.aws_network_acl_rule.redshift_outbound",
            "module.vpc.aws_redshift_subnet_group.redshift",
            "module.vpc.aws_route.database_dns64_nat_gateway",
            "module.vpc.aws_route.database_internet_gateway",
            "module.vpc.aws_route.database_ipv6_egress",
            "module.vpc.aws_route.database_nat_gateway",
            "module.vpc.aws_route.private_dns64_nat_gateway",
            "module.vpc.aws_route.private_ipv6_egress",
            "module.vpc.aws_route.private_nat_gateway",
            "module.vpc.aws_route.public_internet_gateway",
            "module.vpc.aws_route.public_internet_gateway_ipv6",
            "module.vpc.aws_route_table.database",
            "module.vpc.aws_route_table.elasticache",
            "module.vpc.aws_route_table.intra",
            "module.vpc.aws_route_table.private",
            "module.vpc.aws_route_table.public",
            "module.vpc.aws_route_table.redshift",
            "module.vpc.aws_route_table_association.database",
            "module.vpc.aws_route_table_association.elasticache",
            "module.vpc.aws_route_table_association.intra",
            "module.vpc.aws_route_table_association.outpost",
            "module.vpc.aws_route_table_association.private",
            "module.vpc.aws_route_table_association.public",
            "module.vpc.aws_route_table_association.redshift",
            "module.vpc.aws_route_table_association.redshift_public",
            "module.vpc.aws_subnet.database",
            "module.vpc.aws_subnet.elasticache",
            "module.vpc.aws_subnet.intra",
            "module.vpc.aws_subnet.outpost",
            "module.vpc.aws_subnet.private",
            "module.vpc.aws_subnet.public",
            "module.vpc.aws_subnet.redshift",
            "module.vpc.aws_vpc.this",
            "module.vpc.aws_vpc_dhcp_options.this",
            "module.vpc.aws_vpc_dhcp_options_association.this",
            "module.vpc.aws_vpc_ipv4_cidr_block_association.this",
            "module.vpc.aws_vpn_gateway.this",
            "module.vpc.aws_vpn_gateway_attachment.this",
            "module.vpc.aws_vpn_gateway_route_propagation.intra",
            "module.vpc.aws_vpn_gateway_route_propagation.private",
            "module.vpc.aws_vpn_gateway_route_propagation.public",
            "module.vpc.data.aws_iam_policy_document.flow_log_cloudwatch_assume_role",
            "module.vpc.data.aws_iam_policy_document.vpc_flow_log_cloudwatch"
          ],
          "create_before_destroy": true
        }
      ]
    },
    {
      "mode": "managed",
      "type": "aws_autoscaling_group",
      "name": "grafana_asg",
      "provider": "provider[\"registry.terraform.io/hashicorp/aws\"]",
      "instances": [
        {
          "schema_version": 1,
          "attributes": {
            "arn": "arn:aws:autoscaling:ap-southeast-1:708779265549:autoScalingGroup:c08a5314-771b-4c29-8e30-0e640738a989:autoScalingGroupName/grafana-asg",
            "availability_zones": [
              "ap-southeast-1a",
              "ap-southeast-1b"
            ],
            "capacity_rebalance": false,
            "context": "",
            "default_cooldown": 300,
            "default_instance_warmup": 0,
            "desired_capacity": 1,
            "desired_capacity_type": "",
            "enabled_metrics": [],
            "force_delete": false,
            "force_delete_warm_pool": false,
            "health_check_grace_period": 300,
            "health_check_type": "EC2",
            "id": "grafana-asg",
            "ignore_failed_scaling_activities": false,
            "initial_lifecycle_hook": [],
            "instance_refresh": [],
            "launch_configuration": "tf-asg-grafana-lc20231101183229679400000001",
            "launch_template": [],
            "load_balancers": [],
            "max_instance_lifetime": 0,
            "max_size": 1,
            "metrics_granularity": "1Minute",
            "min_elb_capacity": null,
            "min_size": 1,
            "mixed_instances_policy": [],
            "name": "grafana-asg",
            "name_prefix": "",
            "placement_group": "",
            "predicted_capacity": 0,
            "protect_from_scale_in": false,
            "service_linked_role_arn": "arn:aws:iam::708779265549:role/aws-service-role/autoscaling.amazonaws.com/AWSServiceRoleForAutoScaling",
            "suspended_processes": [],
            "tag": [
              {
                "key": "Name",
                "propagate_at_launch": true,
                "value": "grafana-asg"
              }
            ],
            "target_group_arns": [
              "arn:aws:elasticloadbalancing:ap-southeast-1:708779265549:targetgroup/tf-grafana-alb-tg/43d5c9d7b952140c"
            ],
            "termination_policies": [],
            "timeouts": null,
            "traffic_source": [
              {
                "identifier": "arn:aws:elasticloadbalancing:ap-southeast-1:708779265549:targetgroup/tf-grafana-alb-tg/43d5c9d7b952140c",
                "type": "elbv2"
              }
            ],
            "vpc_zone_identifier": [
              "subnet-01a1e7878db2a2d0b",
              "subnet-097742b3c76d12197"
            ],
            "wait_for_capacity_timeout": "10m",
            "wait_for_elb_capacity": null,
            "warm_pool": [],
            "warm_pool_size": 0
          },
          "sensitive_attributes": [],
          "private": "eyJlMmJmYjczMC1lY2FhLTExZTYtOGY4OC0zNDM2M2JjN2M0YzAiOnsiZGVsZXRlIjo2MDAwMDAwMDAwMDAsInVwZGF0ZSI6NjAwMDAwMDAwMDAwfSwic2NoZW1hX3ZlcnNpb24iOiIxIn0=",
          "dependencies": [
            "aws_launch_configuration.grafana_asg_launch_conf",
            "aws_lb_target_group.grafana_alb_tg",
            "aws_security_group.ec2_ingress_grafana",
            "data.aws_ami.amazon_linux_ami",
            "data.template_cloudinit_config.user_data",
            "module.vpc.aws_cloudwatch_log_group.flow_log",
            "module.vpc.aws_customer_gateway.this",
            "module.vpc.aws_db_subnet_group.database",
            "module.vpc.aws_default_network_acl.this",
            "module.vpc.aws_default_route_table.default",
            "module.vpc.aws_default_security_group.this",
            "module.vpc.aws_default_vpc.this",
            "module.vpc.aws_egress_only_internet_gateway.this",
            "module.vpc.aws_eip.nat",
            "module.vpc.aws_elasticache_subnet_group.elasticache",
            "module.vpc.aws_flow_log.this",
            "module.vpc.aws_iam_policy.vpc_flow_log_cloudwatch",
            "module.vpc.aws_iam_role.vpc_flow_log_cloudwatch",
            "module.vpc.aws_iam_role_policy_attachment.vpc_flow_log_cloudwatch",
            "module.vpc.aws_internet_gateway.this",
            "module.vpc.aws_nat_gateway.this",
            "module.vpc.aws_network_acl.database",
            "module.vpc.aws_network_acl.elasticache",
            "module.vpc.aws_network_acl.intra",
            "module.vpc.aws_network_acl.outpost",
            "module.vpc.aws_network_acl.private",
            "module.vpc.aws_network_acl.public",
            "module.vpc.aws_network_acl.redshift",
            "module.vpc.aws_network_acl_rule.database_inbound",
            "module.vpc.aws_network_acl_rule.database_outbound",
            "module.vpc.aws_network_acl_rule.elasticache_inbound",
            "module.vpc.aws_network_acl_rule.elasticache_outbound",
            "module.vpc.aws_network_acl_rule.intra_inbound",
            "module.vpc.aws_network_acl_rule.intra_outbound",
            "module.vpc.aws_network_acl_rule.outpost_inbound",
            "module.vpc.aws_network_acl_rule.outpost_outbound",
            "module.vpc.aws_network_acl_rule.private_inbound",
            "module.vpc.aws_network_acl_rule.private_outbound",
            "module.vpc.aws_network_acl_rule.public_inbound",
            "module.vpc.aws_network_acl_rule.public_outbound",
            "module.vpc.aws_network_acl_rule.redshift_inbound",
            "module.vpc.aws_network_acl_rule.redshift_outbound",
            "module.vpc.aws_redshift_subnet_group.redshift",
            "module.vpc.aws_route.database_dns64_nat_gateway",
            "module.vpc.aws_route.database_internet_gateway",
            "module.vpc.aws_route.database_ipv6_egress",
            "module.vpc.aws_route.database_nat_gateway",
            "module.vpc.aws_route.private_dns64_nat_gateway",
            "module.vpc.aws_route.private_ipv6_egress",
            "module.vpc.aws_route.private_nat_gateway",
            "module.vpc.aws_route.public_internet_gateway",
            "module.vpc.aws_route.public_internet_gateway_ipv6",
            "module.vpc.aws_route_table.database",
            "module.vpc.aws_route_table.elasticache",
            "module.vpc.aws_route_table.intra",
            "module.vpc.aws_route_table.private",
            "module.vpc.aws_route_table.public",
            "module.vpc.aws_route_table.redshift",
            "module.vpc.aws_route_table_association.database",
            "module.vpc.aws_route_table_association.elasticache",
            "module.vpc.aws_route_table_association.intra",
            "module.vpc.aws_route_table_association.outpost",
            "module.vpc.aws_route_table_association.private",
            "module.vpc.aws_route_table_association.public",
            "module.vpc.aws_route_table_association.redshift",
            "module.vpc.aws_route_table_association.redshift_public",
            "module.vpc.aws_subnet.database",
            "module.vpc.aws_subnet.elasticache",
            "module.vpc.aws_subnet.intra",
            "module.vpc.aws_subnet.outpost",
            "module.vpc.aws_subnet.private",
            "module.vpc.aws_subnet.public",
            "module.vpc.aws_subnet.redshift",
            "module.vpc.aws_vpc.this",
            "module.vpc.aws_vpc_dhcp_options.this",
            "module.vpc.aws_vpc_dhcp_options_association.this",
            "module.vpc.aws_vpc_ipv4_cidr_block_association.this",
            "module.vpc.aws_vpn_gateway.this",
            "module.vpc.aws_vpn_gateway_attachment.this",
            "module.vpc.aws_vpn_gateway_route_propagation.intra",
            "module.vpc.aws_vpn_gateway_route_propagation.private",
            "module.vpc.aws_vpn_gateway_route_propagation.public",
            "module.vpc.data.aws_iam_policy_document.flow_log_cloudwatch_assume_role",
            "module.vpc.data.aws_iam_policy_document.vpc_flow_log_cloudwatch"
          ],
          "create_before_destroy": true
        }
      ]
    },
    {
      "mode": "managed",
      "type": "aws_cloudfront_distribution",
      "name": "cf_dist",
      "provider": "provider[\"registry.terraform.io/hashicorp/aws\"]",
      "instances": [
        {
          "schema_version": 1,
          "attributes": {
            "aliases": [
              "cloud7.solutions"
            ],
            "arn": "arn:aws:cloudfront::708779265549:distribution/EGJPNB5DX4MNJ",
            "caller_reference": "terraform-20231028034933064200000004",
            "comment": null,
            "continuous_deployment_policy_id": "",
            "custom_error_response": [],
            "default_cache_behavior": [
              {
                "allowed_methods": [
                  "DELETE",
                  "GET",
                  "HEAD",
                  "OPTIONS",
                  "PATCH",
                  "POST",
                  "PUT"
                ],
                "cache_policy_id": "",
                "cached_methods": [
                  "GET",
                  "HEAD",
                  "OPTIONS"
                ],
                "compress": false,
                "default_ttl": 0,
                "field_level_encryption_id": "",
                "forwarded_values": [
                  {
                    "cookies": [
                      {
                        "forward": "all",
                        "whitelisted_names": []
                      }
                    ],
                    "headers": [],
                    "query_string": true,
                    "query_string_cache_keys": []
                  }
                ],
                "function_association": [],
                "lambda_function_association": [],
                "max_ttl": 0,
                "min_ttl": 0,
                "origin_request_policy_id": "",
                "realtime_log_config_arn": "",
                "response_headers_policy_id": "",
                "smooth_streaming": false,
                "target_origin_id": "tf-cloudfront-alb-1568255376.ap-southeast-1.elb.amazonaws.com",
                "trusted_key_groups": [],
                "trusted_signers": [],
                "viewer_protocol_policy": "redirect-to-https"
              }
            ],
            "default_root_object": "",
            "domain_name": "d2bl1otdeell8r.cloudfront.net",
            "enabled": true,
            "etag": "E1T5WIZHP72H3F",
            "hosted_zone_id": "Z2FDTNDATAQYW2",
            "http_version": "http2",
            "id": "EGJPNB5DX4MNJ",
            "in_progress_validation_batches": 0,
            "is_ipv6_enabled": false,
            "last_modified_time": "2023-10-30 16:18:23.858 +0000 UTC",
            "logging_config": [],
            "ordered_cache_behavior": [],
            "origin": [
              {
                "connection_attempts": 3,
                "connection_timeout": 10,
                "custom_header": [],
                "custom_origin_config": [
                  {
                    "http_port": 80,
                    "https_port": 443,
                    "origin_keepalive_timeout": 5,
                    "origin_protocol_policy": "http-only",
                    "origin_read_timeout": 30,
                    "origin_ssl_protocols": [
                      "TLSv1.2"
                    ]
                  }
                ],
                "domain_name": "tf-cloudfront-alb-1568255376.ap-southeast-1.elb.amazonaws.com",
                "origin_access_control_id": "",
                "origin_id": "tf-cloudfront-alb-1568255376.ap-southeast-1.elb.amazonaws.com",
                "origin_path": "",
                "origin_shield": [],
                "s3_origin_config": []
              }
            ],
            "origin_group": [],
            "price_class": "PriceClass_All",
            "restrictions": [
              {
                "geo_restriction": [
                  {
                    "locations": [
                      "SG"
                    ],
                    "restriction_type": "whitelist"
                  }
                ]
              }
            ],
            "retain_on_delete": false,
            "staging": false,
            "status": "Deployed",
            "tags": {
              "tag_application_code": "Cloud7"
            },
            "tags_all": {
              "tag_application_code": "Cloud7"
            },
            "trusted_key_groups": [
              {
                "enabled": false,
                "items": []
              }
            ],
            "trusted_signers": [
              {
                "enabled": false,
                "items": []
              }
            ],
            "viewer_certificate": [
              {
                "acm_certificate_arn": "arn:aws:acm:us-east-1:708779265549:certificate/25edb8bf-0ccd-43e5-b01f-1f825e98403a",
                "cloudfront_default_certificate": false,
                "iam_certificate_id": "",
                "minimum_protocol_version": "TLSv1.2_2018",
                "ssl_support_method": "sni-only"
              }
            ],
            "wait_for_deployment": true,
            "web_acl_id": "arn:aws:wafv2:us-east-1:708779265549:global/webacl/cloudfront-webacl/63a33dfb-4204-44fb-8e81-b54214929f1d"
          },
          "sensitive_attributes": [],
          "private": "eyJzY2hlbWFfdmVyc2lvbiI6IjEifQ==",
          "dependencies": [
            "aws_acm_certificate.cert",
            "aws_lb.alb",
            "aws_security_group.alb_ingress",
            "aws_wafv2_web_acl.cloudfront",
            "module.vpc.aws_subnet.public",
            "module.vpc.aws_vpc.this",
            "module.vpc.aws_vpc_ipv4_cidr_block_association.this"
          ]
        }
      ]
    },
    {
      "mode": "managed",
      "type": "aws_cloudwatch_log_group",
      "name": "cloudfront",
      "provider": "provider[\"registry.terraform.io/hashicorp/aws\"].us-east-1",
      "instances": [
        {
          "schema_version": 0,
          "attributes": {
            "arn": "arn:aws:logs:us-east-1:708779265549:log-group:aws-waf-logs-cloudfront-webacl",
            "id": "aws-waf-logs-cloudfront-webacl",
            "kms_key_id": "",
            "name": "aws-waf-logs-cloudfront-webacl",
            "name_prefix": "",
            "retention_in_days": 7,
            "skip_destroy": false,
            "tags": {},
            "tags_all": {}
          },
          "sensitive_attributes": [],
          "private": "bnVsbA==",
          "dependencies": [
            "aws_wafv2_web_acl.cloudfront"
          ]
        }
      ]
    },
    {
      "mode": "managed",
      "type": "aws_cloudwatch_log_resource_policy",
      "name": "cloudfront",
      "provider": "provider[\"registry.terraform.io/hashicorp/aws\"].us-east-1",
      "instances": [
        {
          "schema_version": 0,
          "attributes": {
            "id": "cloudfront-webacl-policy",
            "policy_document": "{\"Statement\":[{\"Action\":[\"logs:PutLogEvents\",\"logs:CreateLogStream\"],\"Effect\":\"Allow\",\"Principal\":{\"Service\":\"delivery.logs.amazonaws.com\"},\"Resource\":\"arn:aws:logs:us-east-1:708779265549:log-group:aws-waf-logs-cloudfront-webacl:*\"}],\"Version\":\"2012-10-17\"}",
            "policy_name": "cloudfront-webacl-policy"
          },
          "sensitive_attributes": [],
          "private": "bnVsbA==",
          "dependencies": [
            "aws_cloudwatch_log_group.cloudfront",
            "aws_wafv2_web_acl.cloudfront",
            "data.aws_iam_policy_document.cloudfront"
          ]
        }
      ]
    },
    {
      "mode": "managed",
      "type": "aws_dynamodb_table",
      "name": "basic-dynamodb-table",
      "provider": "provider[\"registry.terraform.io/hashicorp/aws\"]",
      "instances": [
        {
          "schema_version": 1,
          "attributes": {
            "arn": "arn:aws:dynamodb:ap-southeast-1:708779265549:table/iotdata",
            "attribute": [
              {
                "name": "thingId",
                "type": "S"
              },
              {
                "name": "timestamp",
                "type": "N"
              }
            ],
            "billing_mode": "PROVISIONED",
            "deletion_protection_enabled": false,
            "global_secondary_index": [],
            "hash_key": "thingId",
            "id": "iotdata",
            "import_table": [],
            "local_secondary_index": [],
            "name": "iotdata",
            "point_in_time_recovery": [
              {
                "enabled": false
              }
            ],
            "range_key": "timestamp",
            "read_capacity": 10,
            "replica": [],
            "restore_date_time": null,
            "restore_source_name": null,
            "restore_to_latest_time": null,
            "server_side_encryption": [],
            "stream_arn": "",
            "stream_enabled": false,
            "stream_label": "",
            "stream_view_type": "",
            "table_class": "STANDARD",
            "tags": {},
            "tags_all": {
              "tag_application_code": "Cloud7"
            },
            "timeouts": null,
            "ttl": [
              {
                "attribute_name": "",
                "enabled": false
              }
            ],
            "write_capacity": 10
          },
          "sensitive_attributes": [],
          "private": "eyJlMmJmYjczMC1lY2FhLTExZTYtOGY4OC0zNDM2M2JjN2M0YzAiOnsiY3JlYXRlIjoxODAwMDAwMDAwMDAwLCJkZWxldGUiOjYwMDAwMDAwMDAwMCwidXBkYXRlIjozNjAwMDAwMDAwMDAwfSwic2NoZW1hX3ZlcnNpb24iOiIxIn0="
        }
      ]
    },
    {
      "mode": "managed",
      "type": "aws_iot_certificate",
      "name": "certA",
      "provider": "provider[\"registry.terraform.io/hashicorp/aws\"]",
      "instances": [
        {
          "schema_version": 0,
          "attributes": {
            "active": true,
            "arn": "arn:aws:iot:ap-southeast-1:708779265549:cert/5756d548c03894bb5036f4240913f59dec064f3462a489ff995adc1a40ab1bb1",
            "ca_pem": null,
            "certificate_pem": "-----BEGIN CERTIFICATE-----\nMIICuTCCAaGgAwIBAgIRAI5y8o/GCCu7qf3E/7omKvwwDQYJKoZIhvcNAQELBQAw\nDzENMAsGA1UEChMEdGVzdDAeFw0yMzEwMzAxMTQ1MTFaFw0yMzExMDkxMTQ1MTFa\nMA8xDTALBgNVBAoTBHRlc3QwggEiMA0GCSqGSIb3DQEBAQUAA4IBDwAwggEKAoIB\nAQCm9hEdBZIFCEbqgGajOUn1edakknHyA3PA/ovrINqlRjaj4EH10I1Icwrm1p5z\n/7oFmYc0DhGDjeaxQv1P8y5cPmyNZ//dewxx1emy9NecvHFKjQHFJXar73StpakT\ngy+h7/KStg6+hFDZgR3PYypqtNo6IHbakWzDkcwnIAfQv8xcqEsXBrRpqRgx7B/Q\n7MzxdEywpO5mXY7bABncCSTKsXoF7IpIT+Fk9S1hSGt+Wrgix/BMfeyaxvaIQXWz\nu7uSXgFODOCNtCD+AI/uq4AQbERMr4ykNKpPVO9c2MHS5f9Suvidmuw2Kl0g6F9c\nlmj1YCIQOLgRxc2pdKTUqLILAgMBAAGjEDAOMAwGA1UdEwEB/wQCMAAwDQYJKoZI\nhvcNAQELBQADggEBAIeoAkAR2JTooMl7duVzQ9l/Y9xUqSGcM1OUfGqZHlo0OVkD\nXhuqo2Xhw48iJk/tLzCk3oJvNnvnJ1bGhsqg3233Z/P98LQeD7gR2aInYOPUjSvI\natyOtdzGmGCGR7AMKPPTKySgWs7zNT5WaBjciyuYou/Lh0LdrBOIXRl1sml6yw2Y\n26cZSvqkdrfJnVLHTdMdIdbhPwiXg0TbTSARYfHSGafhIg25eEc/CxE9vusgAyaP\nVMe88T1d4w+f2W+1MtzU287Ti3AgSliJOTmdVNn9INSDI5EChoQE6ickfRT6OvNc\nAYgdp/Ph6Itc5ZLFQckjkznMMjUlcdVu5+26bR0=\n-----END CERTIFICATE-----",
            "csr": null,
            "id": "5756d548c03894bb5036f4240913f59dec064f3462a489ff995adc1a40ab1bb1",
            "private_key": null,
            "public_key": null
          },
          "sensitive_attributes": [],
          "private": "bnVsbA==",
          "dependencies": [
            "tls_private_key.keyA",
            "tls_self_signed_cert.certA"
          ]
        }
      ]
    },
    {
      "mode": "managed",
      "type": "aws_iot_certificate",
      "name": "certB",
      "provider": "provider[\"registry.terraform.io/hashicorp/aws\"]",
      "instances": [
        {
          "schema_version": 0,
          "attributes": {
            "active": true,
            "arn": "arn:aws:iot:ap-southeast-1:708779265549:cert/592cb58d315bea9b622a72be1497b57f2282048ca9567a3a2b5061f56ac087e9",
            "ca_pem": null,
            "certificate_pem": "-----BEGIN CERTIFICATE-----\nMIICuDCCAaCgAwIBAgIQKyBk6BtkaX/GXvH65Wz6qTANBgkqhkiG9w0BAQsFADAP\nMQ0wCwYDVQQKEwR0ZXN0MB4XDTIzMTAzMDExNDUxMVoXDTIzMTEwOTExNDUxMVow\nDzENMAsGA1UEChMEdGVzdDCCASIwDQYJKoZIhvcNAQEBBQADggEPADCCAQoCggEB\nAKnfzcaAiDFB3UFuf7ouGdTRplUaQVXKGQj0Pt7j23QQ1NsPAs4grASGPtPBrcn1\nzByVd0/tO1qiG76TrDl9MTHuqyN4Xllvc7c61t0pNZt9KEXkf2WsODM+8FwtnFP5\nE44qoEIdG36LY1Az8VsnXyENMr5ayNkOEpPv84EKDkeepWvB99aGxqpoD/FYAxvB\nGBvqIDXyDLMlutFx3RV5BIqjXxtstTVntlu6WfDDuJIhNwl3m//h8yETYv7EpI2s\nRoKsVRnI8LSm5/t/KDd/I3KN8n3K5nTUmazYz6GtzNfj5hJr3A41g+bTHAYauw5v\nvydtAb2QVXnLPUCFRsSekFECAwEAAaMQMA4wDAYDVR0TAQH/BAIwADANBgkqhkiG\n9w0BAQsFAAOCAQEAAh5wKZaRS/MPvBKY/4mnFaD9L3jB6wYlrycUBe7m59d/yc5V\ny87wXqGLqeaN0xn5/6gvDbQOCUr4duoHVXPPSJQZsZlv9bHE9yUklbVhL+Q6zvZ7\n7PC8gP0YLArepA1/t3Obw7vZq7GtEmQmz7O6wLDEXAqk1cAdGSYDHqlI2CR958es\nFeYmnNj+OlxRWdEeeAqO+nkqHloCLmyTQrvb2pg54GPYRWTAL5Jx01czMcW/2ok4\n3N1Knyzgdq/1UYnUwc6baEtcMKmIhK9xbwNnY1iLIICNqazf7wzmIHqtGJmVGcM5\nAdbZJLB55YwVkOhqxXC15/oZPPG2qMGDvDprEw==\n-----END CERTIFICATE-----",
            "csr": null,
            "id": "592cb58d315bea9b622a72be1497b57f2282048ca9567a3a2b5061f56ac087e9",
            "private_key": null,
            "public_key": null
          },
          "sensitive_attributes": [],
          "private": "bnVsbA==",
          "dependencies": [
            "tls_private_key.keyB",
            "tls_self_signed_cert.certB"
          ]
        }
      ]
    },
    {
      "mode": "managed",
      "type": "aws_iot_policy",
      "name": "policyA",
      "provider": "provider[\"registry.terraform.io/hashicorp/aws\"]",
      "instances": [
        {
          "schema_version": 0,
          "attributes": {
            "arn": "arn:aws:iot:ap-southeast-1:708779265549:policy/thingpolicy_51e637ab00cfbb4e",
            "default_version_id": "1",
            "id": "thingpolicy_51e637ab00cfbb4e",
            "name": "thingpolicy_51e637ab00cfbb4e",
            "policy": "{\"Statement\":[{\"Action\":[\"iot:Connect\"],\"Effect\":\"Allow\",\"Resource\":\"arn:aws:iot:ap-southeast-1:708779265549:client/${iot:Connection.Thing.ThingName}\"},{\"Action\":[\"iot:Publish\",\"iot:Receive\"],\"Effect\":\"Allow\",\"Resource\":\"arn:aws:iot:ap-southeast-1:708779265549:topic/things/${iot:Connection.Thing.ThingName}/*\"},{\"Action\":[\"iot:Subscribe\"],\"Effect\":\"Allow\",\"Resource\":\"arn:aws:iot:ap-southeast-1:708779265549:topicfilter/things/${iot:Connection.Thing.ThingName}/*\"}],\"Version\":\"2012-10-17\"}"
          },
          "sensitive_attributes": [],
          "private": "bnVsbA==",
          "dependencies": [
            "aws_iot_thing.thingA",
            "data.aws_arn.thingA",
            "random_id.idA"
          ]
        }
      ]
    },
    {
      "mode": "managed",
      "type": "aws_iot_policy",
      "name": "policyB",
      "provider": "provider[\"registry.terraform.io/hashicorp/aws\"]",
      "instances": [
        {
          "schema_version": 0,
          "attributes": {
            "arn": "arn:aws:iot:ap-southeast-1:708779265549:policy/thingpolicy_24f390bff5ed4e34",
            "default_version_id": "1",
            "id": "thingpolicy_24f390bff5ed4e34",
            "name": "thingpolicy_24f390bff5ed4e34",
            "policy": "{\"Statement\":[{\"Action\":[\"iot:Connect\"],\"Effect\":\"Allow\",\"Resource\":\"arn:aws:iot:ap-southeast-1:708779265549:client/${iot:Connection.Thing.ThingName}\"},{\"Action\":[\"iot:Publish\",\"iot:Receive\"],\"Effect\":\"Allow\",\"Resource\":\"arn:aws:iot:ap-southeast-1:708779265549:topic/things/${iot:Connection.Thing.ThingName}/*\"},{\"Action\":[\"iot:Subscribe\"],\"Effect\":\"Allow\",\"Resource\":\"arn:aws:iot:ap-southeast-1:708779265549:topicfilter/things/${iot:Connection.Thing.ThingName}/*\"}],\"Version\":\"2012-10-17\"}"
          },
          "sensitive_attributes": [],
          "private": "bnVsbA==",
          "dependencies": [
            "aws_iot_thing.thingB",
            "data.aws_arn.thingB",
            "random_id.idB"
          ]
        }
      ]
    },
    {
      "mode": "managed",
      "type": "aws_iot_policy_attachment",
      "name": "attachmentA",
      "provider": "provider[\"registry.terraform.io/hashicorp/aws\"]",
      "instances": [
        {
          "schema_version": 0,
          "attributes": {
            "id": "thingpolicy_51e637ab00cfbb4e|arn:aws:iot:ap-southeast-1:708779265549:cert/5756d548c03894bb5036f4240913f59dec064f3462a489ff995adc1a40ab1bb1",
            "policy": "thingpolicy_51e637ab00cfbb4e",
            "target": "arn:aws:iot:ap-southeast-1:708779265549:cert/5756d548c03894bb5036f4240913f59dec064f3462a489ff995adc1a40ab1bb1"
          },
          "sensitive_attributes": [],
          "private": "bnVsbA==",
          "dependencies": [
            "aws_iot_certificate.certA",
            "aws_iot_policy.policyA",
            "aws_iot_thing.thingA",
            "data.aws_arn.thingA",
            "random_id.idA",
            "tls_private_key.keyA",
            "tls_self_signed_cert.certA"
          ]
        }
      ]
    },
    {
      "mode": "managed",
      "type": "aws_iot_policy_attachment",
      "name": "attachmentB",
      "provider": "provider[\"registry.terraform.io/hashicorp/aws\"]",
      "instances": [
        {
          "schema_version": 0,
          "attributes": {
            "id": "thingpolicy_24f390bff5ed4e34|arn:aws:iot:ap-southeast-1:708779265549:cert/592cb58d315bea9b622a72be1497b57f2282048ca9567a3a2b5061f56ac087e9",
            "policy": "thingpolicy_24f390bff5ed4e34",
            "target": "arn:aws:iot:ap-southeast-1:708779265549:cert/592cb58d315bea9b622a72be1497b57f2282048ca9567a3a2b5061f56ac087e9"
          },
          "sensitive_attributes": [],
          "private": "bnVsbA==",
          "dependencies": [
            "aws_iot_certificate.certB",
            "aws_iot_policy.policyB",
            "aws_iot_thing.thingB",
            "data.aws_arn.thingB",
            "random_id.idB",
            "tls_private_key.keyB",
            "tls_self_signed_cert.certB"
          ]
        }
      ]
    },
    {
      "mode": "managed",
      "type": "aws_iot_thing",
      "name": "thingA",
      "provider": "provider[\"registry.terraform.io/hashicorp/aws\"]",
      "instances": [
        {
          "schema_version": 0,
          "attributes": {
            "arn": "arn:aws:iot:ap-southeast-1:708779265549:thing/thing_51e637ab00cfbb4e",
            "attributes": {},
            "default_client_id": "thing_51e637ab00cfbb4e",
            "id": "thing_51e637ab00cfbb4e",
            "name": "thing_51e637ab00cfbb4e",
            "thing_type_name": "",
            "version": 1
          },
          "sensitive_attributes": [],
          "private": "bnVsbA==",
          "dependencies": [
            "random_id.idA"
          ]
        }
      ]
    },
    {
      "mode": "managed",
      "type": "aws_iot_thing",
      "name": "thingB",
      "provider": "provider[\"registry.terraform.io/hashicorp/aws\"]",
      "instances": [
        {
          "schema_version": 0,
          "attributes": {
            "arn": "arn:aws:iot:ap-southeast-1:708779265549:thing/thing_24f390bff5ed4e34",
            "attributes": {},
            "default_client_id": "thing_24f390bff5ed4e34",
            "id": "thing_24f390bff5ed4e34",
            "name": "thing_24f390bff5ed4e34",
            "thing_type_name": "",
            "version": 1
          },
          "sensitive_attributes": [],
          "private": "bnVsbA==",
          "dependencies": [
            "random_id.idB"
          ]
        }
      ]
    },
    {
      "mode": "managed",
      "type": "aws_iot_thing_principal_attachment",
      "name": "attachmentA",
      "provider": "provider[\"registry.terraform.io/hashicorp/aws\"]",
      "instances": [
        {
          "schema_version": 0,
          "attributes": {
            "id": "thing_51e637ab00cfbb4e|arn:aws:iot:ap-southeast-1:708779265549:cert/5756d548c03894bb5036f4240913f59dec064f3462a489ff995adc1a40ab1bb1",
            "principal": "arn:aws:iot:ap-southeast-1:708779265549:cert/5756d548c03894bb5036f4240913f59dec064f3462a489ff995adc1a40ab1bb1",
            "thing": "thing_51e637ab00cfbb4e"
          },
          "sensitive_attributes": [],
          "private": "bnVsbA==",
          "dependencies": [
            "aws_iot_certificate.certA",
            "aws_iot_thing.thingA",
            "random_id.idA",
            "tls_private_key.keyA",
            "tls_self_signed_cert.certA"
          ]
        }
      ]
    },
    {
      "mode": "managed",
      "type": "aws_iot_thing_principal_attachment",
      "name": "attachmentB",
      "provider": "provider[\"registry.terraform.io/hashicorp/aws\"]",
      "instances": [
        {
          "schema_version": 0,
          "attributes": {
            "id": "thing_24f390bff5ed4e34|arn:aws:iot:ap-southeast-1:708779265549:cert/592cb58d315bea9b622a72be1497b57f2282048ca9567a3a2b5061f56ac087e9",
            "principal": "arn:aws:iot:ap-southeast-1:708779265549:cert/592cb58d315bea9b622a72be1497b57f2282048ca9567a3a2b5061f56ac087e9",
            "thing": "thing_24f390bff5ed4e34"
          },
          "sensitive_attributes": [],
          "private": "bnVsbA==",
          "dependencies": [
            "aws_iot_certificate.certB",
            "aws_iot_thing.thingB",
            "random_id.idB",
            "tls_private_key.keyB",
            "tls_self_signed_cert.certB"
          ]
        }
      ]
    },
    {
      "mode": "managed",
      "type": "aws_iot_topic_rule",
      "name": "rule",
      "provider": "provider[\"registry.terraform.io/hashicorp/aws\"]",
      "instances": [
        {
          "schema_version": 0,
          "attributes": {
            "arn": "arn:aws:iot:ap-southeast-1:708779265549:rule/lambda",
            "cloudwatch_alarm": [],
            "cloudwatch_logs": [],
            "cloudwatch_metric": [],
            "description": "lambda rule",
            "dynamodb": [],
            "dynamodbv2": [],
            "elasticsearch": [],
            "enabled": true,
            "error_action": [],
            "firehose": [],
            "http": [],
            "id": "lambda",
            "iot_analytics": [],
            "iot_events": [],
            "kafka": [],
            "kinesis": [],
            "lambda": [
              {
                "function_arn": "arn:aws:lambda:ap-southeast-1:708779265549:function:covidtestfunc"
              }
            ],
            "name": "lambda",
            "republish": [],
            "s3": [],
            "sns": [],
            "sql": "SELECT thingId, Oxygen, PulseRate, Temperature FROM 'things/+/test'",
            "sql_version": "2016-03-23",
            "sqs": [],
            "step_functions": [],
            "tags": {},
            "tags_all": {
              "tag_application_code": "Cloud7"
            },
            "timestream": []
          },
          "sensitive_attributes": [],
          "private": "bnVsbA=="
        }
      ]
    },
    {
      "mode": "managed",
      "type": "aws_lambda_permission",
      "name": "iot_topic_rule_permission",
      "provider": "provider[\"registry.terraform.io/hashicorp/aws\"]",
      "instances": [
        {
          "schema_version": 0,
          "attributes": {
            "action": "lambda:InvokeFunction",
            "event_source_token": null,
            "function_name": "covidtestfunc",
            "function_url_auth_type": null,
            "id": "terraform-20231030081658746800000001",
            "principal": "iot.amazonaws.com",
            "principal_org_id": null,
            "qualifier": "",
            "source_account": null,
            "source_arn": "arn:aws:iot:ap-southeast-1:708779265549:rule/lambda",
            "statement_id": "terraform-20231030081658746800000001",
            "statement_id_prefix": "terraform-"
          },
          "sensitive_attributes": [],
          "private": "bnVsbA==",
          "dependencies": [
            "aws_iot_topic_rule.rule"
          ]
        }
      ]
    },
    {
      "mode": "managed",
      "type": "aws_launch_configuration",
      "name": "asg_launch_conf",
      "provider": "provider[\"registry.terraform.io/hashicorp/aws\"]",
      "instances": [
        {
          "schema_version": 0,
          "attributes": {
            "arn": "arn:aws:autoscaling:ap-southeast-1:708779265549:launchConfiguration:feaf1b89-5a99-45bc-8395-e68aa4595b15:launchConfigurationName/tf-asg-lc20231028034711457100000003",
            "associate_public_ip_address": false,
            "ebs_block_device": [],
            "ebs_optimized": false,
            "enable_monitoring": true,
            "ephemeral_block_device": [],
            "iam_instance_profile": "",
            "id": "tf-asg-lc20231028034711457100000003",
            "image_id": "ami-0d4ff711255cd3e38",
            "instance_type": "t3.medium",
            "key_name": "",
            "metadata_options": [],
            "name": "tf-asg-lc20231028034711457100000003",
            "name_prefix": "tf-asg-lc",
            "placement_tenancy": "",
            "root_block_device": [],
            "security_groups": [
              "sg-0d8f6e88825d9e0e9"
            ],
            "spot_price": "",
            "user_data": null,
            "user_data_base64": null
          },
          "sensitive_attributes": [],
          "private": "bnVsbA==",
          "dependencies": [
            "aws_security_group.ec2_ingress",
            "data.aws_ami.appsmith_ami",
            "module.vpc.aws_vpc.this"
          ],
          "create_before_destroy": true
        }
      ]
    },
    {
      "mode": "managed",
      "type": "aws_launch_configuration",
      "name": "grafana_asg_launch_conf",
      "provider": "provider[\"registry.terraform.io/hashicorp/aws\"]",
      "instances": [
        {
          "schema_version": 0,
          "attributes": {
            "arn": "arn:aws:autoscaling:ap-southeast-1:708779265549:launchConfiguration:8d7ac6ac-fb13-4d2e-964e-2222c39b2b4f:launchConfigurationName/tf-asg-grafana-lc20231101183229679400000001",
            "associate_public_ip_address": false,
            "ebs_block_device": [],
            "ebs_optimized": false,
            "enable_monitoring": true,
            "ephemeral_block_device": [],
            "iam_instance_profile": "",
            "id": "tf-asg-grafana-lc20231101183229679400000001",
            "image_id": "ami-036d8cf6cf7a08f64",
            "instance_type": "t3.medium",
            "key_name": "",
            "metadata_options": [],
            "name": "tf-asg-grafana-lc20231101183229679400000001",
            "name_prefix": "tf-asg-grafana-lc",
            "placement_tenancy": "",
            "root_block_device": [],
            "security_groups": [
              "sg-0bc1bf589c07bd776"
            ],
            "spot_price": "",
            "user_data": "b0d3bf68faa34b933aea020adf606851b8b6a8fd",
            "user_data_base64": null
          },
          "sensitive_attributes": [],
          "private": "bnVsbA==",
          "dependencies": [
            "aws_security_group.ec2_ingress_grafana",
            "data.aws_ami.amazon_linux_ami",
            "data.template_cloudinit_config.user_data",
            "module.vpc.aws_vpc.this"
          ],
          "create_before_destroy": true
        }
      ]
    },
    {
      "mode": "managed",
      "type": "aws_lb",
      "name": "alb",
      "provider": "provider[\"registry.terraform.io/hashicorp/aws\"]",
      "instances": [
        {
          "schema_version": 0,
          "attributes": {
            "access_logs": [
              {
                "bucket": "",
                "enabled": false,
                "prefix": ""
              }
            ],
            "arn": "arn:aws:elasticloadbalancing:ap-southeast-1:708779265549:loadbalancer/app/tf-cloudfront-alb/89f98f9389533b5d",
            "arn_suffix": "app/tf-cloudfront-alb/89f98f9389533b5d",
            "customer_owned_ipv4_pool": "",
            "desync_mitigation_mode": "defensive",
            "dns_name": "tf-cloudfront-alb-1568255376.ap-southeast-1.elb.amazonaws.com",
            "dns_record_client_routing_policy": null,
            "drop_invalid_header_fields": false,
            "enable_cross_zone_load_balancing": true,
            "enable_deletion_protection": false,
            "enable_http2": true,
            "enable_tls_version_and_cipher_suite_headers": false,
            "enable_waf_fail_open": false,
            "enable_xff_client_port": false,
            "id": "arn:aws:elasticloadbalancing:ap-southeast-1:708779265549:loadbalancer/app/tf-cloudfront-alb/89f98f9389533b5d",
            "idle_timeout": 60,
            "internal": false,
            "ip_address_type": "ipv4",
            "load_balancer_type": "application",
            "name": "tf-cloudfront-alb",
            "name_prefix": "",
            "preserve_host_header": false,
            "security_groups": [
              "sg-0cc2867d415f21bd0"
            ],
            "subnet_mapping": [
              {
                "allocation_id": "",
                "ipv6_address": "",
                "outpost_id": "",
                "private_ipv4_address": "",
                "subnet_id": "subnet-055efdd88a14f83f5"
              },
              {
                "allocation_id": "",
                "ipv6_address": "",
                "outpost_id": "",
                "private_ipv4_address": "",
                "subnet_id": "subnet-0bb6d684ebaa20d02"
              }
            ],
            "subnets": [
              "subnet-055efdd88a14f83f5",
              "subnet-0bb6d684ebaa20d02"
            ],
            "tags": {
              "tag_application_code": "Cloud7"
            },
            "tags_all": {
              "tag_application_code": "Cloud7"
            },
            "timeouts": null,
            "vpc_id": "vpc-09da79c642f979f7a",
            "xff_header_processing_mode": "append",
            "zone_id": "Z1LMS91P8CMLE5"
          },
          "sensitive_attributes": [],
          "private": "eyJlMmJmYjczMC1lY2FhLTExZTYtOGY4OC0zNDM2M2JjN2M0YzAiOnsiY3JlYXRlIjo2MDAwMDAwMDAwMDAsImRlbGV0ZSI6NjAwMDAwMDAwMDAwLCJ1cGRhdGUiOjYwMDAwMDAwMDAwMH19",
          "dependencies": [
            "aws_security_group.alb_ingress",
            "module.vpc.aws_subnet.public",
            "module.vpc.aws_vpc.this",
            "module.vpc.aws_vpc_ipv4_cidr_block_association.this"
          ]
        }
      ]
    },
    {
      "mode": "managed",
      "type": "aws_lb",
      "name": "grafana_alb",
      "provider": "provider[\"registry.terraform.io/hashicorp/aws\"]",
      "instances": [
        {
          "schema_version": 0,
          "attributes": {
            "access_logs": [
              {
                "bucket": "",
                "enabled": false,
                "prefix": ""
              }
            ],
            "arn": "arn:aws:elasticloadbalancing:ap-southeast-1:708779265549:loadbalancer/app/tf-granfana-alb/92f81b6aaccecca1",
            "arn_suffix": "app/tf-granfana-alb/92f81b6aaccecca1",
            "customer_owned_ipv4_pool": "",
            "desync_mitigation_mode": "defensive",
            "dns_name": "tf-granfana-alb-444189994.ap-southeast-1.elb.amazonaws.com",
            "dns_record_client_routing_policy": null,
            "drop_invalid_header_fields": false,
            "enable_cross_zone_load_balancing": true,
            "enable_deletion_protection": false,
            "enable_http2": true,
            "enable_tls_version_and_cipher_suite_headers": false,
            "enable_waf_fail_open": false,
            "enable_xff_client_port": false,
            "id": "arn:aws:elasticloadbalancing:ap-southeast-1:708779265549:loadbalancer/app/tf-granfana-alb/92f81b6aaccecca1",
            "idle_timeout": 60,
            "internal": false,
            "ip_address_type": "ipv4",
            "load_balancer_type": "application",
            "name": "tf-granfana-alb",
            "name_prefix": "",
            "preserve_host_header": false,
            "security_groups": [
              "sg-0d9a095491a2772b8"
            ],
            "subnet_mapping": [
              {
                "allocation_id": "",
                "ipv6_address": "",
                "outpost_id": "",
                "private_ipv4_address": "",
                "subnet_id": "subnet-055efdd88a14f83f5"
              },
              {
                "allocation_id": "",
                "ipv6_address": "",
                "outpost_id": "",
                "private_ipv4_address": "",
                "subnet_id": "subnet-0bb6d684ebaa20d02"
              }
            ],
            "subnets": [
              "subnet-055efdd88a14f83f5",
              "subnet-0bb6d684ebaa20d02"
            ],
            "tags": {
              "tag_application_code": "Cloud7"
            },
            "tags_all": {
              "tag_application_code": "Cloud7"
            },
            "timeouts": null,
            "vpc_id": "vpc-09da79c642f979f7a",
            "xff_header_processing_mode": "append",
            "zone_id": "Z1LMS91P8CMLE5"
          },
          "sensitive_attributes": [],
          "private": "eyJlMmJmYjczMC1lY2FhLTExZTYtOGY4OC0zNDM2M2JjN2M0YzAiOnsiY3JlYXRlIjo2MDAwMDAwMDAwMDAsImRlbGV0ZSI6NjAwMDAwMDAwMDAwLCJ1cGRhdGUiOjYwMDAwMDAwMDAwMH19",
          "dependencies": [
            "aws_security_group.grafana_alb_ingress",
            "module.vpc.aws_subnet.public",
            "module.vpc.aws_vpc.this",
            "module.vpc.aws_vpc_ipv4_cidr_block_association.this"
          ]
        }
      ]
    },
    {
      "mode": "managed",
      "type": "aws_lb_listener",
      "name": "alb_listener",
      "provider": "provider[\"registry.terraform.io/hashicorp/aws\"]",
      "instances": [
        {
          "schema_version": 0,
          "attributes": {
            "alpn_policy": null,
            "arn": "arn:aws:elasticloadbalancing:ap-southeast-1:708779265549:listener/app/tf-cloudfront-alb/89f98f9389533b5d/622cd39d855b5fdb",
            "certificate_arn": null,
            "default_action": [
              {
                "authenticate_cognito": [],
                "authenticate_oidc": [],
                "fixed_response": [],
                "forward": [],
                "order": 1,
                "redirect": [],
                "target_group_arn": "arn:aws:elasticloadbalancing:ap-southeast-1:708779265549:targetgroup/tf-cloudfront-alb-tg/62b8415deac32ef1",
                "type": "forward"
              }
            ],
            "id": "arn:aws:elasticloadbalancing:ap-southeast-1:708779265549:listener/app/tf-cloudfront-alb/89f98f9389533b5d/622cd39d855b5fdb",
            "load_balancer_arn": "arn:aws:elasticloadbalancing:ap-southeast-1:708779265549:loadbalancer/app/tf-cloudfront-alb/89f98f9389533b5d",
            "port": 80,
            "protocol": "HTTP",
            "ssl_policy": "",
            "tags": {},
            "tags_all": {
              "tag_application_code": "Cloud7"
            },
            "timeouts": null
          },
          "sensitive_attributes": [],
          "private": "eyJlMmJmYjczMC1lY2FhLTExZTYtOGY4OC0zNDM2M2JjN2M0YzAiOnsicmVhZCI6NjAwMDAwMDAwMDAwfX0=",
          "dependencies": [
            "aws_lb.alb",
            "aws_lb_target_group.alb_tg",
            "aws_security_group.alb_ingress",
            "module.vpc.aws_subnet.public",
            "module.vpc.aws_vpc.this",
            "module.vpc.aws_vpc_ipv4_cidr_block_association.this"
          ]
        }
      ]
    },
    {
      "mode": "managed",
      "type": "aws_lb_listener",
      "name": "grafana_alb_listener",
      "provider": "provider[\"registry.terraform.io/hashicorp/aws\"]",
      "instances": [
        {
          "schema_version": 0,
          "attributes": {
            "alpn_policy": null,
            "arn": "arn:aws:elasticloadbalancing:ap-southeast-1:708779265549:listener/app/tf-granfana-alb/92f81b6aaccecca1/0feb3a5742a5977a",
            "certificate_arn": null,
            "default_action": [
              {
                "authenticate_cognito": [],
                "authenticate_oidc": [],
                "fixed_response": [],
                "forward": [],
                "order": 1,
                "redirect": [],
                "target_group_arn": "arn:aws:elasticloadbalancing:ap-southeast-1:708779265549:targetgroup/tf-grafana-alb-tg/43d5c9d7b952140c",
                "type": "forward"
              }
            ],
            "id": "arn:aws:elasticloadbalancing:ap-southeast-1:708779265549:listener/app/tf-granfana-alb/92f81b6aaccecca1/0feb3a5742a5977a",
            "load_balancer_arn": "arn:aws:elasticloadbalancing:ap-southeast-1:708779265549:loadbalancer/app/tf-granfana-alb/92f81b6aaccecca1",
            "port": 80,
            "protocol": "HTTP",
            "ssl_policy": "",
            "tags": {},
            "tags_all": {
              "tag_application_code": "Cloud7"
            },
            "timeouts": null
          },
          "sensitive_attributes": [],
          "private": "eyJlMmJmYjczMC1lY2FhLTExZTYtOGY4OC0zNDM2M2JjN2M0YzAiOnsicmVhZCI6NjAwMDAwMDAwMDAwfX0=",
          "dependencies": [
            "aws_lb.grafana_alb",
            "aws_lb_target_group.grafana_alb_tg",
            "aws_security_group.grafana_alb_ingress",
            "module.vpc.aws_subnet.public",
            "module.vpc.aws_vpc.this",
            "module.vpc.aws_vpc_ipv4_cidr_block_association.this"
          ]
        }
      ]
    },
    {
      "mode": "managed",
      "type": "aws_lb_target_group",
      "name": "alb_tg",
      "provider": "provider[\"registry.terraform.io/hashicorp/aws\"]",
      "instances": [
        {
          "schema_version": 0,
          "attributes": {
            "arn": "arn:aws:elasticloadbalancing:ap-southeast-1:708779265549:targetgroup/tf-cloudfront-alb-tg/62b8415deac32ef1",
            "arn_suffix": "targetgroup/tf-cloudfront-alb-tg/62b8415deac32ef1",
            "connection_termination": null,
            "deregistration_delay": "300",
            "health_check": [
              {
                "enabled": true,
                "healthy_threshold": 2,
                "interval": 10,
                "matcher": "200",
                "path": "/",
                "port": "80",
                "protocol": "HTTP",
                "timeout": 5,
                "unhealthy_threshold": 3
              }
            ],
            "id": "arn:aws:elasticloadbalancing:ap-southeast-1:708779265549:targetgroup/tf-cloudfront-alb-tg/62b8415deac32ef1",
            "ip_address_type": "ipv4",
            "lambda_multi_value_headers_enabled": false,
            "load_balancing_algorithm_type": "round_robin",
            "load_balancing_cross_zone_enabled": "use_load_balancer_configuration",
            "name": "tf-cloudfront-alb-tg",
            "name_prefix": "",
            "port": 80,
            "preserve_client_ip": null,
            "protocol": "HTTP",
            "protocol_version": "HTTP1",
            "proxy_protocol_v2": false,
            "slow_start": 0,
            "stickiness": [
              {
                "cookie_duration": 86400,
                "cookie_name": "",
                "enabled": false,
                "type": "lb_cookie"
              }
            ],
            "tags": {
              "tag_application_code": "Cloud7"
            },
            "tags_all": {
              "tag_application_code": "Cloud7"
            },
            "target_failover": [
              {
                "on_deregistration": null,
                "on_unhealthy": null
              }
            ],
            "target_health_state": [
              {
                "enable_unhealthy_connection_termination": null
              }
            ],
            "target_type": "instance",
            "vpc_id": "vpc-09da79c642f979f7a"
          },
          "sensitive_attributes": [],
          "private": "bnVsbA==",
          "dependencies": [
            "module.vpc.aws_vpc.this"
          ],
          "create_before_destroy": true
        }
      ]
    },
    {
      "mode": "managed",
      "type": "aws_lb_target_group",
      "name": "grafana_alb_tg",
      "provider": "provider[\"registry.terraform.io/hashicorp/aws\"]",
      "instances": [
        {
          "schema_version": 0,
          "attributes": {
            "arn": "arn:aws:elasticloadbalancing:ap-southeast-1:708779265549:targetgroup/tf-grafana-alb-tg/43d5c9d7b952140c",
            "arn_suffix": "targetgroup/tf-grafana-alb-tg/43d5c9d7b952140c",
            "connection_termination": null,
            "deregistration_delay": "300",
            "health_check": [
              {
                "enabled": true,
                "healthy_threshold": 2,
                "interval": 10,
                "matcher": "200",
                "path": "/",
                "port": "3000",
                "protocol": "HTTP",
                "timeout": 5,
                "unhealthy_threshold": 3
              }
            ],
            "id": "arn:aws:elasticloadbalancing:ap-southeast-1:708779265549:targetgroup/tf-grafana-alb-tg/43d5c9d7b952140c",
            "ip_address_type": "ipv4",
            "lambda_multi_value_headers_enabled": false,
            "load_balancing_algorithm_type": "round_robin",
            "load_balancing_cross_zone_enabled": "use_load_balancer_configuration",
            "name": "tf-grafana-alb-tg",
            "name_prefix": "",
            "port": 3000,
            "preserve_client_ip": null,
            "protocol": "HTTP",
            "protocol_version": "HTTP1",
            "proxy_protocol_v2": false,
            "slow_start": 0,
            "stickiness": [
              {
                "cookie_duration": 86400,
                "cookie_name": "",
                "enabled": false,
                "type": "lb_cookie"
              }
            ],
            "tags": {
              "tag_application_code": "Cloud7"
            },
            "tags_all": {
              "tag_application_code": "Cloud7"
            },
            "target_failover": [
              {
                "on_deregistration": null,
                "on_unhealthy": null
              }
            ],
            "target_health_state": [
              {
                "enable_unhealthy_connection_termination": null
              }
            ],
            "target_type": "instance",
            "vpc_id": "vpc-09da79c642f979f7a"
          },
          "sensitive_attributes": [],
          "private": "bnVsbA==",
          "dependencies": [
            "module.vpc.aws_vpc.this"
          ],
          "create_before_destroy": true
        }
      ]
    },
    {
      "mode": "managed",
      "type": "aws_network_acl_rule",
      "name": "acl_http",
      "provider": "provider[\"registry.terraform.io/hashicorp/aws\"]",
      "instances": [
        {
          "schema_version": 0,
          "attributes": {
            "cidr_block": "0.0.0.0/0",
            "egress": false,
            "from_port": 80,
            "icmp_code": null,
            "icmp_type": null,
            "id": "nacl-3498083913",
            "ipv6_cidr_block": "",
            "network_acl_id": "acl-06ee4217e8067fc8c",
            "protocol": "6",
            "rule_action": "allow",
            "rule_number": 103,
            "to_port": 80
          },
          "sensitive_attributes": [],
          "private": "bnVsbA==",
          "dependencies": [
            "module.vpc.aws_vpc.this"
          ]
        }
      ]
    },
    {
      "mode": "managed",
      "type": "aws_network_acl_rule",
      "name": "acl_https",
      "provider": "provider[\"registry.terraform.io/hashicorp/aws\"]",
      "instances": [
        {
          "schema_version": 0,
          "attributes": {
            "cidr_block": "0.0.0.0/0",
            "egress": false,
            "from_port": 443,
            "icmp_code": null,
            "icmp_type": null,
            "id": "nacl-1260767782",
            "ipv6_cidr_block": "",
            "network_acl_id": "acl-06ee4217e8067fc8c",
            "protocol": "6",
            "rule_action": "allow",
            "rule_number": 102,
            "to_port": 443
          },
          "sensitive_attributes": [],
          "private": "bnVsbA==",
          "dependencies": [
            "module.vpc.aws_vpc.this"
          ]
        }
      ]
    },
    {
      "mode": "managed",
      "type": "aws_route53_health_check",
      "name": "health_check",
      "provider": "provider[\"registry.terraform.io/hashicorp/aws\"]",
      "instances": [
        {
          "schema_version": 0,
          "attributes": {
            "arn": "arn:aws:route53:::healthcheck/9e780dd9-853c-4210-8241-9d6fbdf157ba",
            "child_health_threshold": 0,
            "child_healthchecks": null,
            "cloudwatch_alarm_name": null,
            "cloudwatch_alarm_region": null,
            "disabled": false,
            "enable_sni": true,
            "failure_threshold": 3,
            "fqdn": "cloud7.solutions",
            "id": "9e780dd9-853c-4210-8241-9d6fbdf157ba",
            "insufficient_data_health_status": "",
            "invert_healthcheck": false,
            "ip_address": "",
            "measure_latency": false,
            "port": 443,
            "reference_name": null,
            "regions": [
              "ap-northeast-1",
              "ap-southeast-1",
              "ap-southeast-2"
            ],
            "request_interval": 30,
            "resource_path": "",
            "routing_control_arn": "",
            "search_string": "",
            "tags": {
              "Name": "health_check"
            },
            "tags_all": {
              "Name": "health_check",
              "tag_application_code": "Cloud7"
            },
            "type": "HTTPS"
          },
          "sensitive_attributes": [],
          "private": "bnVsbA==",
          "dependencies": [
            "aws_route53_record.websiteurl"
          ]
        }
      ]
    },
    {
      "mode": "managed",
      "type": "aws_route53_record",
      "name": "certvalidation",
      "provider": "provider[\"registry.terraform.io/hashicorp/aws\"]",
      "instances": [
        {
          "index_key": "*.cloud7.solutions",
          "schema_version": 2,
          "attributes": {
            "alias": [],
            "allow_overwrite": true,
            "cidr_routing_policy": [],
            "failover_routing_policy": [],
            "fqdn": "_addddff2a79c9d5e6c2ff83f995ba362.cloud7.solutions",
            "geolocation_routing_policy": [],
            "health_check_id": "",
            "id": "Z0123292LAIUD4AU158__addddff2a79c9d5e6c2ff83f995ba362.cloud7.solutions._CNAME",
            "latency_routing_policy": [],
            "multivalue_answer_routing_policy": false,
            "name": "_addddff2a79c9d5e6c2ff83f995ba362.cloud7.solutions",
            "records": [
              "_a930b02a9d5336b705159176d828b223.myvvytqgqf.acm-validations.aws."
            ],
            "set_identifier": "",
            "ttl": 60,
            "type": "CNAME",
            "weighted_routing_policy": [],
            "zone_id": "Z0123292LAIUD4AU158"
          },
          "sensitive_attributes": [],
          "private": "eyJzY2hlbWFfdmVyc2lvbiI6IjIifQ==",
          "dependencies": [
            "aws_acm_certificate.cert",
            "aws_route53_zone.hosted_zone"
          ]
        },
        {
          "index_key": "cloud7.solutions",
          "schema_version": 2,
          "attributes": {
            "alias": [],
            "allow_overwrite": true,
            "cidr_routing_policy": [],
            "failover_routing_policy": [],
            "fqdn": "_addddff2a79c9d5e6c2ff83f995ba362.cloud7.solutions",
            "geolocation_routing_policy": [],
            "health_check_id": "",
            "id": "Z0123292LAIUD4AU158__addddff2a79c9d5e6c2ff83f995ba362.cloud7.solutions._CNAME",
            "latency_routing_policy": [],
            "multivalue_answer_routing_policy": false,
            "name": "_addddff2a79c9d5e6c2ff83f995ba362.cloud7.solutions",
            "records": [
              "_a930b02a9d5336b705159176d828b223.myvvytqgqf.acm-validations.aws."
            ],
            "set_identifier": "",
            "ttl": 60,
            "type": "CNAME",
            "weighted_routing_policy": [],
            "zone_id": "Z0123292LAIUD4AU158"
          },
          "sensitive_attributes": [],
          "private": "eyJzY2hlbWFfdmVyc2lvbiI6IjIifQ==",
          "dependencies": [
            "aws_acm_certificate.cert",
            "aws_route53_zone.hosted_zone"
          ]
        }
      ]
    },
    {
      "mode": "managed",
      "type": "aws_route53_record",
      "name": "websiteurl",
      "provider": "provider[\"registry.terraform.io/hashicorp/aws\"]",
      "instances": [
        {
          "schema_version": 2,
          "attributes": {
            "alias": [
              {
                "evaluate_target_health": true,
                "name": "d2bl1otdeell8r.cloudfront.net",
                "zone_id": "Z2FDTNDATAQYW2"
              }
            ],
            "allow_overwrite": null,
            "cidr_routing_policy": [],
            "failover_routing_policy": [],
            "fqdn": "cloud7.solutions",
            "geolocation_routing_policy": [],
            "health_check_id": "",
            "id": "Z0123292LAIUD4AU158_cloud7.solutions_A",
            "latency_routing_policy": [],
            "multivalue_answer_routing_policy": false,
            "name": "cloud7.solutions",
            "records": [],
            "set_identifier": "",
            "ttl": 0,
            "type": "A",
            "weighted_routing_policy": [],
            "zone_id": "Z0123292LAIUD4AU158"
          },
          "sensitive_attributes": [],
          "private": "eyJzY2hlbWFfdmVyc2lvbiI6IjIifQ==",
          "dependencies": [
            "aws_acm_certificate.cert",
            "aws_cloudfront_distribution.cf_dist",
            "aws_lb.alb",
            "aws_route53_zone.hosted_zone",
            "aws_security_group.alb_ingress",
            "aws_wafv2_web_acl.cloudfront",
            "module.vpc.aws_subnet.public",
            "module.vpc.aws_vpc.this",
            "module.vpc.aws_vpc_ipv4_cidr_block_association.this"
          ]
        }
      ]
    },
    {
      "mode": "managed",
      "type": "aws_route53_zone",
      "name": "hosted_zone",
      "provider": "provider[\"registry.terraform.io/hashicorp/aws\"]",
      "instances": [
        {
          "schema_version": 0,
          "attributes": {
            "arn": "arn:aws:route53:::hostedzone/Z0123292LAIUD4AU158",
            "comment": "Managed by Terraform",
            "delegation_set_id": "",
            "force_destroy": false,
            "id": "Z0123292LAIUD4AU158",
            "name": "cloud7.solutions",
            "name_servers": [
              "ns-1381.awsdns-44.org",
              "ns-1587.awsdns-06.co.uk",
              "ns-314.awsdns-39.com",
              "ns-955.awsdns-55.net"
            ],
            "primary_name_server": "ns-1587.awsdns-06.co.uk",
            "tags": {},
            "tags_all": {
              "tag_application_code": "Cloud7"
            },
            "vpc": [],
            "zone_id": "Z0123292LAIUD4AU158"
          },
          "sensitive_attributes": [],
          "private": "bnVsbA=="
        }
      ]
    },
    {
      "mode": "managed",
      "type": "aws_s3_bucket",
      "name": "bucket",
      "provider": "provider[\"registry.terraform.io/hashicorp/aws\"]",
      "instances": [
        {
          "schema_version": 0,
          "attributes": {
            "acceleration_status": "",
            "acl": null,
            "arn": "arn:aws:s3:::cloud7-dynamodb-bucket",
            "bucket": "cloud7-dynamodb-bucket",
            "bucket_domain_name": "cloud7-dynamodb-bucket.s3.amazonaws.com",
            "bucket_prefix": "",
            "bucket_regional_domain_name": "cloud7-dynamodb-bucket.s3.ap-southeast-1.amazonaws.com",
            "cors_rule": [],
            "force_destroy": false,
            "grant": [
              {
                "id": "dd98e933f732cf8c657f43566d3f76c7c6f35c8a223ad8a14dddcd1d4650bf98",
                "permissions": [
                  "FULL_CONTROL"
                ],
                "type": "CanonicalUser",
                "uri": ""
              }
            ],
            "hosted_zone_id": "Z3O0J2DXBE1FTB",
            "id": "cloud7-dynamodb-bucket",
            "lifecycle_rule": [],
            "logging": [],
            "object_lock_configuration": [],
            "object_lock_enabled": false,
            "policy": "",
            "region": "ap-southeast-1",
            "replication_configuration": [],
            "request_payer": "BucketOwner",
            "server_side_encryption_configuration": [
              {
                "rule": [
                  {
                    "apply_server_side_encryption_by_default": [
                      {
                        "kms_master_key_id": "",
                        "sse_algorithm": "AES256"
                      }
                    ],
                    "bucket_key_enabled": false
                  }
                ]
              }
            ],
            "tags": {
              "Environment": "Dev",
              "Name": "My bucket"
            },
            "tags_all": {
              "Environment": "Dev",
              "Name": "My bucket",
              "tag_application_code": "Cloud7"
            },
            "timeouts": null,
            "versioning": [
              {
                "enabled": false,
                "mfa_delete": false
              }
            ],
            "website": [],
            "website_domain": null,
            "website_endpoint": null
          },
          "sensitive_attributes": [],
          "private": "eyJlMmJmYjczMC1lY2FhLTExZTYtOGY4OC0zNDM2M2JjN2M0YzAiOnsiY3JlYXRlIjoxMjAwMDAwMDAwMDAwLCJkZWxldGUiOjM2MDAwMDAwMDAwMDAsInJlYWQiOjEyMDAwMDAwMDAwMDAsInVwZGF0ZSI6MTIwMDAwMDAwMDAwMH19"
        }
      ]
    },
    {
      "mode": "managed",
      "type": "aws_security_group",
      "name": "alb_ingress",
      "provider": "provider[\"registry.terraform.io/hashicorp/aws\"]",
      "instances": [
        {
          "schema_version": 1,
          "attributes": {
            "arn": "arn:aws:ec2:ap-southeast-1:708779265549:security-group/sg-0cc2867d415f21bd0",
            "description": "Managed by Terraform",
            "egress": [
              {
                "cidr_blocks": [
                  "0.0.0.0/0"
                ],
                "description": "",
                "from_port": 0,
                "ipv6_cidr_blocks": [],
                "prefix_list_ids": [],
                "protocol": "-1",
                "security_groups": [],
                "self": false,
                "to_port": 0
              }
            ],
            "id": "sg-0cc2867d415f21bd0",
            "ingress": [
              {
                "cidr_blocks": [
                  "0.0.0.0/0"
                ],
                "description": "",
                "from_port": 443,
                "ipv6_cidr_blocks": [],
                "prefix_list_ids": [],
                "protocol": "tcp",
                "security_groups": [],
                "self": false,
                "to_port": 443
              },
              {
                "cidr_blocks": [
                  "0.0.0.0/0"
                ],
                "description": "",
                "from_port": 80,
                "ipv6_cidr_blocks": [],
                "prefix_list_ids": [],
                "protocol": "tcp",
                "security_groups": [],
                "self": false,
                "to_port": 80
              }
            ],
            "name": "alg_http_ingress",
            "name_prefix": "",
            "owner_id": "708779265549",
            "revoke_rules_on_delete": false,
            "tags": {},
            "tags_all": {
              "tag_application_code": "Cloud7"
            },
            "timeouts": null,
            "vpc_id": "vpc-09da79c642f979f7a"
          },
          "sensitive_attributes": [],
          "private": "eyJlMmJmYjczMC1lY2FhLTExZTYtOGY4OC0zNDM2M2JjN2M0YzAiOnsiY3JlYXRlIjo2MDAwMDAwMDAwMDAsImRlbGV0ZSI6OTAwMDAwMDAwMDAwfSwic2NoZW1hX3ZlcnNpb24iOiIxIn0=",
          "dependencies": [
            "module.vpc.aws_vpc.this"
          ]
        }
      ]
    },
    {
      "mode": "managed",
      "type": "aws_security_group",
      "name": "ec2_ingress",
      "provider": "provider[\"registry.terraform.io/hashicorp/aws\"]",
      "instances": [
        {
          "schema_version": 1,
          "attributes": {
            "arn": "arn:aws:ec2:ap-southeast-1:708779265549:security-group/sg-0d8f6e88825d9e0e9",
            "description": "Used for autoscale group",
            "egress": [
              {
                "cidr_blocks": [
                  "0.0.0.0/0"
                ],
                "description": "",
                "from_port": 0,
                "ipv6_cidr_blocks": [],
                "prefix_list_ids": [],
                "protocol": "-1",
                "security_groups": [],
                "self": false,
                "to_port": 0
              }
            ],
            "id": "sg-0d8f6e88825d9e0e9",
            "ingress": [
              {
                "cidr_blocks": [
                  "0.0.0.0/0"
                ],
                "description": "",
                "from_port": 22,
                "ipv6_cidr_blocks": [],
                "prefix_list_ids": [],
                "protocol": "tcp",
                "security_groups": [],
                "self": false,
                "to_port": 22
              },
              {
                "cidr_blocks": [
                  "0.0.0.0/0"
                ],
                "description": "",
                "from_port": 443,
                "ipv6_cidr_blocks": [],
                "prefix_list_ids": [],
                "protocol": "tcp",
                "security_groups": [],
                "self": false,
                "to_port": 443
              },
              {
                "cidr_blocks": [
                  "0.0.0.0/0"
                ],
                "description": "",
                "from_port": 80,
                "ipv6_cidr_blocks": [],
                "prefix_list_ids": [],
                "protocol": "tcp",
                "security_groups": [],
                "self": false,
                "to_port": 80
              }
            ],
            "name": "ec2_http_ingress",
            "name_prefix": "",
            "owner_id": "708779265549",
            "revoke_rules_on_delete": false,
            "tags": {},
            "tags_all": {
              "tag_application_code": "Cloud7"
            },
            "timeouts": null,
            "vpc_id": "vpc-09da79c642f979f7a"
          },
          "sensitive_attributes": [],
          "private": "eyJlMmJmYjczMC1lY2FhLTExZTYtOGY4OC0zNDM2M2JjN2M0YzAiOnsiY3JlYXRlIjo2MDAwMDAwMDAwMDAsImRlbGV0ZSI6OTAwMDAwMDAwMDAwfSwic2NoZW1hX3ZlcnNpb24iOiIxIn0=",
          "dependencies": [
            "module.vpc.aws_vpc.this"
          ],
          "create_before_destroy": true
        }
      ]
    },
    {
      "mode": "managed",
      "type": "aws_security_group",
      "name": "ec2_ingress_grafana",
      "provider": "provider[\"registry.terraform.io/hashicorp/aws\"]",
      "instances": [
        {
          "schema_version": 1,
          "attributes": {
            "arn": "arn:aws:ec2:ap-southeast-1:708779265549:security-group/sg-0bc1bf589c07bd776",
            "description": "Used for autoscale group",
            "egress": [
              {
                "cidr_blocks": [
                  "0.0.0.0/0"
                ],
                "description": "",
                "from_port": 0,
                "ipv6_cidr_blocks": [],
                "prefix_list_ids": [],
                "protocol": "-1",
                "security_groups": [],
                "self": false,
                "to_port": 0
              }
            ],
            "id": "sg-0bc1bf589c07bd776",
            "ingress": [
              {
                "cidr_blocks": [
                  "0.0.0.0/0"
                ],
                "description": "",
                "from_port": 22,
                "ipv6_cidr_blocks": [],
                "prefix_list_ids": [],
                "protocol": "tcp",
                "security_groups": [],
                "self": false,
                "to_port": 22
              },
              {
                "cidr_blocks": [
                  "0.0.0.0/0"
                ],
                "description": "",
                "from_port": 3000,
                "ipv6_cidr_blocks": [],
                "prefix_list_ids": [],
                "protocol": "tcp",
                "security_groups": [],
                "self": false,
                "to_port": 3000
              },
              {
                "cidr_blocks": [
                  "0.0.0.0/0"
                ],
                "description": "",
                "from_port": 443,
                "ipv6_cidr_blocks": [],
                "prefix_list_ids": [],
                "protocol": "tcp",
                "security_groups": [],
                "self": false,
                "to_port": 443
              },
              {
                "cidr_blocks": [
                  "0.0.0.0/0"
                ],
                "description": "",
                "from_port": 80,
                "ipv6_cidr_blocks": [],
                "prefix_list_ids": [],
                "protocol": "tcp",
                "security_groups": [],
                "self": false,
                "to_port": 80
              }
            ],
            "name": "ec2_http_ingress_grafana",
            "name_prefix": "",
            "owner_id": "708779265549",
            "revoke_rules_on_delete": false,
            "tags": {},
            "tags_all": {
              "tag_application_code": "Cloud7"
            },
            "timeouts": null,
            "vpc_id": "vpc-09da79c642f979f7a"
          },
          "sensitive_attributes": [],
          "private": "eyJlMmJmYjczMC1lY2FhLTExZTYtOGY4OC0zNDM2M2JjN2M0YzAiOnsiY3JlYXRlIjo2MDAwMDAwMDAwMDAsImRlbGV0ZSI6OTAwMDAwMDAwMDAwfSwic2NoZW1hX3ZlcnNpb24iOiIxIn0=",
          "dependencies": [
            "module.vpc.aws_vpc.this"
          ],
          "create_before_destroy": true
        }
      ]
    },
    {
      "mode": "managed",
      "type": "aws_security_group",
      "name": "grafana_alb_ingress",
      "provider": "provider[\"registry.terraform.io/hashicorp/aws\"]",
      "instances": [
        {
          "schema_version": 1,
          "attributes": {
            "arn": "arn:aws:ec2:ap-southeast-1:708779265549:security-group/sg-0d9a095491a2772b8",
            "description": "Managed by Terraform",
            "egress": [
              {
                "cidr_blocks": [
                  "0.0.0.0/0"
                ],
                "description": "",
                "from_port": 0,
                "ipv6_cidr_blocks": [],
                "prefix_list_ids": [],
                "protocol": "-1",
                "security_groups": [],
                "self": false,
                "to_port": 0
              }
            ],
            "id": "sg-0d9a095491a2772b8",
            "ingress": [
              {
                "cidr_blocks": [
                  "0.0.0.0/0"
                ],
                "description": "",
                "from_port": 3000,
                "ipv6_cidr_blocks": [],
                "prefix_list_ids": [],
                "protocol": "tcp",
                "security_groups": [],
                "self": false,
                "to_port": 3000
              },
              {
                "cidr_blocks": [
                  "0.0.0.0/0"
                ],
                "description": "",
                "from_port": 443,
                "ipv6_cidr_blocks": [],
                "prefix_list_ids": [],
                "protocol": "tcp",
                "security_groups": [],
                "self": false,
                "to_port": 443
              },
              {
                "cidr_blocks": [
                  "0.0.0.0/0"
                ],
                "description": "",
                "from_port": 80,
                "ipv6_cidr_blocks": [],
                "prefix_list_ids": [],
                "protocol": "tcp",
                "security_groups": [],
                "self": false,
                "to_port": 80
              }
            ],
            "name": "grafana_alg_http_ingress",
            "name_prefix": "",
            "owner_id": "708779265549",
            "revoke_rules_on_delete": false,
            "tags": {},
            "tags_all": {
              "tag_application_code": "Cloud7"
            },
            "timeouts": null,
            "vpc_id": "vpc-09da79c642f979f7a"
          },
          "sensitive_attributes": [],
          "private": "eyJlMmJmYjczMC1lY2FhLTExZTYtOGY4OC0zNDM2M2JjN2M0YzAiOnsiY3JlYXRlIjo2MDAwMDAwMDAwMDAsImRlbGV0ZSI6OTAwMDAwMDAwMDAwfSwic2NoZW1hX3ZlcnNpb24iOiIxIn0=",
          "dependencies": [
            "module.vpc.aws_vpc.this"
          ]
        }
      ]
    },
    {
      "mode": "managed",
      "type": "aws_sns_topic",
      "name": "admin_alert",
      "provider": "provider[\"registry.terraform.io/hashicorp/aws\"]",
      "instances": [
        {
          "schema_version": 0,
          "attributes": {
            "application_failure_feedback_role_arn": "",
            "application_success_feedback_role_arn": "",
            "application_success_feedback_sample_rate": 0,
            "arn": "arn:aws:sns:ap-southeast-1:708779265549:admin-alerts-topic",
            "content_based_deduplication": false,
            "delivery_policy": "",
            "display_name": "",
            "fifo_topic": false,
            "firehose_failure_feedback_role_arn": "",
            "firehose_success_feedback_role_arn": "",
            "firehose_success_feedback_sample_rate": 0,
            "http_failure_feedback_role_arn": "",
            "http_success_feedback_role_arn": "",
            "http_success_feedback_sample_rate": 0,
            "id": "arn:aws:sns:ap-southeast-1:708779265549:admin-alerts-topic",
            "kms_master_key_id": "alias/aws/sns",
            "lambda_failure_feedback_role_arn": "",
            "lambda_success_feedback_role_arn": "",
            "lambda_success_feedback_sample_rate": 0,
            "name": "admin-alerts-topic",
            "name_prefix": "",
            "owner": "708779265549",
            "policy": "{\"Id\":\"__default_policy_ID\",\"Statement\":[{\"Action\":[\"SNS:GetTopicAttributes\",\"SNS:SetTopicAttributes\",\"SNS:AddPermission\",\"SNS:RemovePermission\",\"SNS:DeleteTopic\",\"SNS:Subscribe\",\"SNS:ListSubscriptionsByTopic\",\"SNS:Publish\"],\"Condition\":{\"StringEquals\":{\"AWS:SourceOwner\":\"708779265549\"}},\"Effect\":\"Allow\",\"Principal\":{\"AWS\":\"*\"},\"Resource\":\"arn:aws:sns:ap-southeast-1:708779265549:admin-alerts-topic\",\"Sid\":\"__default_statement_ID\"}],\"Version\":\"2008-10-17\"}",
            "signature_version": 0,
            "sqs_failure_feedback_role_arn": "",
            "sqs_success_feedback_role_arn": "",
            "sqs_success_feedback_sample_rate": 0,
            "tags": {},
            "tags_all": {
              "tag_application_code": "Cloud7"
            },
            "tracing_config": ""
          },
          "sensitive_attributes": [],
          "private": "bnVsbA=="
        }
      ]
    },
    {
      "mode": "managed",
      "type": "aws_sns_topic",
      "name": "user_alert",
      "provider": "provider[\"registry.terraform.io/hashicorp/aws\"]",
      "instances": [
        {
          "schema_version": 0,
          "attributes": {
            "application_failure_feedback_role_arn": "",
            "application_success_feedback_role_arn": "",
            "application_success_feedback_sample_rate": 0,
            "arn": "arn:aws:sns:ap-southeast-1:708779265549:user-alerts-topic",
            "content_based_deduplication": false,
            "delivery_policy": "",
            "display_name": "",
            "fifo_topic": false,
            "firehose_failure_feedback_role_arn": "",
            "firehose_success_feedback_role_arn": "",
            "firehose_success_feedback_sample_rate": 0,
            "http_failure_feedback_role_arn": "",
            "http_success_feedback_role_arn": "",
            "http_success_feedback_sample_rate": 0,
            "id": "arn:aws:sns:ap-southeast-1:708779265549:user-alerts-topic",
            "kms_master_key_id": "alias/aws/sns",
            "lambda_failure_feedback_role_arn": "",
            "lambda_success_feedback_role_arn": "",
            "lambda_success_feedback_sample_rate": 0,
            "name": "user-alerts-topic",
            "name_prefix": "",
            "owner": "708779265549",
            "policy": "{\"Id\":\"__default_policy_ID\",\"Statement\":[{\"Action\":[\"SNS:GetTopicAttributes\",\"SNS:SetTopicAttributes\",\"SNS:AddPermission\",\"SNS:RemovePermission\",\"SNS:DeleteTopic\",\"SNS:Subscribe\",\"SNS:ListSubscriptionsByTopic\",\"SNS:Publish\"],\"Condition\":{\"StringEquals\":{\"AWS:SourceOwner\":\"708779265549\"}},\"Effect\":\"Allow\",\"Principal\":{\"AWS\":\"*\"},\"Resource\":\"arn:aws:sns:ap-southeast-1:708779265549:user-alerts-topic\",\"Sid\":\"__default_statement_ID\"}],\"Version\":\"2008-10-17\"}",
            "signature_version": 0,
            "sqs_failure_feedback_role_arn": "",
            "sqs_success_feedback_role_arn": "",
            "sqs_success_feedback_sample_rate": 0,
            "tags": {},
            "tags_all": {
              "tag_application_code": "Cloud7"
            },
            "tracing_config": ""
          },
          "sensitive_attributes": [],
          "private": "bnVsbA=="
        }
      ]
    },
    {
      "mode": "managed",
      "type": "aws_sns_topic_subscription",
      "name": "admin_alert_grafana",
      "provider": "provider[\"registry.terraform.io/hashicorp/aws\"]",
      "instances": [
        {
          "schema_version": 0,
          "attributes": {
            "arn": "arn:aws:sns:ap-southeast-1:708779265549:user-alerts-topic:1b2e0364-fc06-41a1-9228-7b49e9ec1b3e",
            "confirmation_timeout_in_minutes": 1,
            "confirmation_was_authenticated": false,
            "delivery_policy": "",
            "endpoint": "https://oncall-prod-us-central-0.grafana.net/oncall/integrations/v1/amazon_sns/Dp243BbBx6jXeQxjlXUW4ReTh/",
            "endpoint_auto_confirms": false,
            "filter_policy": "",
            "filter_policy_scope": "",
            "id": "arn:aws:sns:ap-southeast-1:708779265549:user-alerts-topic:1b2e0364-fc06-41a1-9228-7b49e9ec1b3e",
            "owner_id": "708779265549",
            "pending_confirmation": true,
            "protocol": "https",
            "raw_message_delivery": false,
            "redrive_policy": "",
            "subscription_role_arn": "",
            "topic_arn": "arn:aws:sns:ap-southeast-1:708779265549:user-alerts-topic"
          },
          "sensitive_attributes": [],
          "private": "bnVsbA==",
          "dependencies": [
            "aws_sns_topic.admin_alert",
            "aws_sns_topic.user_alert"
          ]
        }
      ]
    },
    {
      "mode": "managed",
      "type": "aws_sns_topic_subscription",
      "name": "admin_alert_subscription",
      "provider": "provider[\"registry.terraform.io/hashicorp/aws\"]",
      "instances": [
        {
          "schema_version": 0,
          "attributes": {
            "arn": "arn:aws:sns:ap-southeast-1:708779265549:admin-alerts-topic:ff58d755-0a2a-4c50-b817-713ca617917f",
            "confirmation_timeout_in_minutes": 1,
            "confirmation_was_authenticated": false,
            "delivery_policy": "",
            "endpoint": "junyang.ong.2021@scis.smu.edu.sg",
            "endpoint_auto_confirms": false,
            "filter_policy": "",
            "filter_policy_scope": "",
            "id": "arn:aws:sns:ap-southeast-1:708779265549:admin-alerts-topic:ff58d755-0a2a-4c50-b817-713ca617917f",
            "owner_id": "708779265549",
            "pending_confirmation": false,
            "protocol": "email",
            "raw_message_delivery": false,
            "redrive_policy": "",
            "subscription_role_arn": "",
            "topic_arn": "arn:aws:sns:ap-southeast-1:708779265549:admin-alerts-topic"
          },
          "sensitive_attributes": [],
          "private": "bnVsbA==",
          "dependencies": [
            "aws_sns_topic.admin_alert"
          ]
        }
      ]
    },
    {
      "mode": "managed",
      "type": "aws_sns_topic_subscription",
      "name": "admin_alert_subscription_2",
      "provider": "provider[\"registry.terraform.io/hashicorp/aws\"]",
      "instances": [
        {
          "schema_version": 0,
          "attributes": {
            "arn": "arn:aws:sns:ap-southeast-1:708779265549:admin-alerts-topic:8c26fe80-69f2-4084-b000-01de5eb67b62",
            "confirmation_timeout_in_minutes": 1,
            "confirmation_was_authenticated": false,
            "delivery_policy": "",
            "endpoint": "yingfu.lim.2022@msc.smu.edu.sg",
            "endpoint_auto_confirms": false,
            "filter_policy": "",
            "filter_policy_scope": "",
            "id": "arn:aws:sns:ap-southeast-1:708779265549:admin-alerts-topic:8c26fe80-69f2-4084-b000-01de5eb67b62",
            "owner_id": "708779265549",
            "pending_confirmation": false,
            "protocol": "email",
            "raw_message_delivery": false,
            "redrive_policy": "",
            "subscription_role_arn": "",
            "topic_arn": "arn:aws:sns:ap-southeast-1:708779265549:admin-alerts-topic"
          },
          "sensitive_attributes": [],
          "private": "bnVsbA==",
          "dependencies": [
            "aws_sns_topic.admin_alert"
          ]
        }
      ]
    },
    {
      "mode": "managed",
      "type": "aws_sns_topic_subscription",
      "name": "user_alert_subscription",
      "provider": "provider[\"registry.terraform.io/hashicorp/aws\"]",
      "instances": [
        {
          "schema_version": 0,
          "attributes": {
            "arn": "arn:aws:sns:ap-southeast-1:708779265549:user-alerts-topic:75092596-4002-42f9-b19c-a739815c873e",
            "confirmation_timeout_in_minutes": 1,
            "confirmation_was_authenticated": false,
            "delivery_policy": "",
            "endpoint": "junyang.ong.2021@scis.smu.edu.sg",
            "endpoint_auto_confirms": false,
            "filter_policy": "",
            "filter_policy_scope": "",
            "id": "arn:aws:sns:ap-southeast-1:708779265549:user-alerts-topic:75092596-4002-42f9-b19c-a739815c873e",
            "owner_id": "708779265549",
            "pending_confirmation": false,
            "protocol": "email",
            "raw_message_delivery": false,
            "redrive_policy": "",
            "subscription_role_arn": "",
            "topic_arn": "arn:aws:sns:ap-southeast-1:708779265549:user-alerts-topic"
          },
          "sensitive_attributes": [],
          "private": "bnVsbA==",
          "dependencies": [
            "aws_sns_topic.user_alert"
          ]
        }
      ]
    },
    {
      "mode": "managed",
      "type": "aws_sns_topic_subscription",
      "name": "user_alert_subscription_2",
      "provider": "provider[\"registry.terraform.io/hashicorp/aws\"]",
      "instances": [
        {
          "schema_version": 0,
          "attributes": {
            "arn": "arn:aws:sns:ap-southeast-1:708779265549:user-alerts-topic:5a4af060-2984-41ce-acf4-9b3d88269fe6",
            "confirmation_timeout_in_minutes": 1,
            "confirmation_was_authenticated": false,
            "delivery_policy": "",
            "endpoint": "yingfu.lim.2022@msc.smu.edu.sg",
            "endpoint_auto_confirms": false,
            "filter_policy": "",
            "filter_policy_scope": "",
            "id": "arn:aws:sns:ap-southeast-1:708779265549:user-alerts-topic:5a4af060-2984-41ce-acf4-9b3d88269fe6",
            "owner_id": "708779265549",
            "pending_confirmation": false,
            "protocol": "email",
            "raw_message_delivery": false,
            "redrive_policy": "",
            "subscription_role_arn": "",
            "topic_arn": "arn:aws:sns:ap-southeast-1:708779265549:user-alerts-topic"
          },
          "sensitive_attributes": [],
          "private": "bnVsbA==",
          "dependencies": [
            "aws_sns_topic.user_alert"
          ]
        }
      ]
    },
    {
      "mode": "managed",
      "type": "aws_vpc_endpoint",
      "name": "dynamodb",
      "provider": "provider[\"registry.terraform.io/hashicorp/aws\"]",
      "instances": [
        {
          "schema_version": 0,
          "attributes": {
            "arn": "arn:aws:ec2:ap-southeast-1:708779265549:vpc-endpoint/vpce-050232160eca59296",
            "auto_accept": null,
            "cidr_blocks": [
              "35.71.118.0/25",
              "52.94.11.0/24",
              "35.71.118.128/26"
            ],
            "dns_entry": [],
            "dns_options": [],
            "id": "vpce-050232160eca59296",
            "ip_address_type": "",
            "network_interface_ids": [],
            "owner_id": "708779265549",
            "policy": "{\"Statement\":[{\"Action\":\"*\",\"Effect\":\"Allow\",\"Principal\":\"*\",\"Resource\":\"*\"}],\"Version\":\"2008-10-17\"}",
            "prefix_list_id": "pl-67a5400e",
            "private_dns_enabled": false,
            "requester_managed": false,
            "route_table_ids": [
              "rtb-06e4b8efe86da08d6",
              "rtb-096b82bc2854b4351"
            ],
            "security_group_ids": [],
            "service_name": "com.amazonaws.ap-southeast-1.dynamodb",
            "state": "available",
            "subnet_ids": [],
            "tags": {},
            "tags_all": {
              "tag_application_code": "Cloud7"
            },
            "timeouts": null,
            "vpc_endpoint_type": "Gateway",
            "vpc_id": "vpc-09da79c642f979f7a"
          },
          "sensitive_attributes": [],
          "private": "eyJlMmJmYjczMC1lY2FhLTExZTYtOGY4OC0zNDM2M2JjN2M0YzAiOnsiY3JlYXRlIjo2MDAwMDAwMDAwMDAsImRlbGV0ZSI6NjAwMDAwMDAwMDAwLCJ1cGRhdGUiOjYwMDAwMDAwMDAwMH19",
          "dependencies": [
            "module.vpc.aws_route_table.private",
            "module.vpc.aws_vpc.this",
            "module.vpc.aws_vpc_ipv4_cidr_block_association.this"
          ]
        }
      ]
    },
    {
      "mode": "managed",
      "type": "aws_wafv2_web_acl",
      "name": "cloudfront",
      "provider": "provider[\"registry.terraform.io/hashicorp/aws\"].us-east-1",
      "instances": [
        {
          "schema_version": 0,
          "attributes": {
            "arn": "arn:aws:wafv2:us-east-1:708779265549:global/webacl/cloudfront-webacl/63a33dfb-4204-44fb-8e81-b54214929f1d",
            "association_config": [],
            "capacity": 700,
            "captcha_config": [],
            "custom_response_body": [],
            "default_action": [
              {
                "allow": [
                  {
                    "custom_request_handling": []
                  }
                ],
                "block": []
              }
            ],
            "description": "",
            "id": "63a33dfb-4204-44fb-8e81-b54214929f1d",
            "lock_token": "7bdb82d5-b84a-4bed-9f64-73971731ec02",
            "name": "cloudfront-webacl",
            "rule": [
              {
                "action": [],
                "captcha_config": [],
                "name": "AWSManagedRulesCommonRuleSet",
                "override_action": [
                  {
                    "count": [
                      {}
                    ],
                    "none": []
                  }
                ],
                "priority": 0,
                "rule_label": [],
                "statement": [
                  {
                    "and_statement": [],
                    "byte_match_statement": [],
                    "geo_match_statement": [],
                    "ip_set_reference_statement": [],
                    "label_match_statement": [],
                    "managed_rule_group_statement": [
                      {
                        "managed_rule_group_configs": [],
                        "name": "AWSManagedRulesCommonRuleSet",
                        "rule_action_override": [],
                        "scope_down_statement": [],
                        "vendor_name": "AWS",
                        "version": ""
                      }
                    ],
                    "not_statement": [],
                    "or_statement": [],
                    "rate_based_statement": [],
                    "regex_match_statement": [],
                    "regex_pattern_set_reference_statement": [],
                    "rule_group_reference_statement": [],
                    "size_constraint_statement": [],
                    "sqli_match_statement": [],
                    "xss_match_statement": []
                  }
                ],
                "visibility_config": [
                  {
                    "cloudwatch_metrics_enabled": true,
                    "metric_name": "AWSManagedRulesCommonRuleSet",
                    "sampled_requests_enabled": true
                  }
                ]
              }
            ],
            "scope": "CLOUDFRONT",
            "tags": {},
            "tags_all": {},
            "token_domains": [],
            "visibility_config": [
              {
                "cloudwatch_metrics_enabled": true,
                "metric_name": "cloudfrontVisibilityConfig",
                "sampled_requests_enabled": true
              }
            ]
          },
          "sensitive_attributes": [],
          "private": "bnVsbA=="
        }
      ]
    },
    {
      "mode": "managed",
      "type": "aws_wafv2_web_acl_logging_configuration",
      "name": "cloudfront",
      "provider": "provider[\"registry.terraform.io/hashicorp/aws\"].us-east-1",
      "instances": [
        {
          "schema_version": 0,
          "attributes": {
            "id": "arn:aws:wafv2:us-east-1:708779265549:global/webacl/cloudfront-webacl/63a33dfb-4204-44fb-8e81-b54214929f1d",
            "log_destination_configs": [
              "arn:aws:logs:us-east-1:708779265549:log-group:aws-waf-logs-cloudfront-webacl"
            ],
            "logging_filter": [],
            "redacted_fields": [],
            "resource_arn": "arn:aws:wafv2:us-east-1:708779265549:global/webacl/cloudfront-webacl/63a33dfb-4204-44fb-8e81-b54214929f1d"
          },
          "sensitive_attributes": [],
          "private": "bnVsbA==",
          "dependencies": [
            "aws_cloudwatch_log_group.cloudfront",
            "aws_wafv2_web_acl.cloudfront"
          ]
        }
      ]
    },
    {
      "mode": "managed",
      "type": "random_id",
      "name": "idA",
      "provider": "provider[\"registry.terraform.io/hashicorp/random\"]",
      "instances": [
        {
          "schema_version": 0,
          "attributes": {
            "b64_std": "UeY3qwDPu04=",
            "b64_url": "UeY3qwDPu04",
            "byte_length": 8,
            "dec": "5901465569308162894",
            "hex": "51e637ab00cfbb4e",
            "id": "UeY3qwDPu04",
            "keepers": null,
            "prefix": null
          },
          "sensitive_attributes": []
        }
      ]
    },
    {
      "mode": "managed",
      "type": "random_id",
      "name": "idB",
      "provider": "provider[\"registry.terraform.io/hashicorp/random\"]",
      "instances": [
        {
          "schema_version": 0,
          "attributes": {
            "b64_std": "JPOQv/XtTjQ=",
            "b64_url": "JPOQv_XtTjQ",
            "byte_length": 8,
            "dec": "2662630958845218356",
            "hex": "24f390bff5ed4e34",
            "id": "JPOQv_XtTjQ",
            "keepers": null,
            "prefix": null
          },
          "sensitive_attributes": []
        }
      ]
    },
    {
      "mode": "managed",
      "type": "tls_private_key",
      "name": "keyA",
      "provider": "provider[\"registry.terraform.io/hashicorp/tls\"]",
      "instances": [
        {
          "schema_version": 1,
          "attributes": {
            "algorithm": "RSA",
            "ecdsa_curve": "P224",
            "id": "acf4582e2d49e9dd9c026fed772cbfa52aae3993",
            "private_key_openssh": "-----BEGIN OPENSSH PRIVATE KEY-----\nb3BlbnNzaC1rZXktdjEAAAAABG5vbmUAAAAEbm9uZQAAAAAAAAABAAABFwAAAAdz\nc2gtcnNhAAAAAwEAAQAAAQEApvYRHQWSBQhG6oBmozlJ9XnWpJJx8gNzwP6L6yDa\npUY2o+BB9dCNSHMK5taec/+6BZmHNA4Rg43msUL9T/MuXD5sjWf/3XsMcdXpsvTX\nnLxxSo0BxSV2q+90raWpE4Mvoe/ykrYOvoRQ2YEdz2MqarTaOiB22pFsw5HMJyAH\n0L/MXKhLFwa0aakYMewf0OzM8XRMsKTuZl2O2wAZ3AkkyrF6BeyKSE/hZPUtYUhr\nflq4IsfwTH3smsb2iEF1s7u7kl4BTgzgjbQg/gCP7quAEGxETK+MpDSqT1TvXNjB\n0uX/Urr4nZrsNipdIOhfXJZo9WAiEDi4EcXNqXSk1KiyCwAAA7hxPr8HcT6/BwAA\nAAdzc2gtcnNhAAABAQCm9hEdBZIFCEbqgGajOUn1edakknHyA3PA/ovrINqlRjaj\n4EH10I1Icwrm1p5z/7oFmYc0DhGDjeaxQv1P8y5cPmyNZ//dewxx1emy9NecvHFK\njQHFJXar73StpakTgy+h7/KStg6+hFDZgR3PYypqtNo6IHbakWzDkcwnIAfQv8xc\nqEsXBrRpqRgx7B/Q7MzxdEywpO5mXY7bABncCSTKsXoF7IpIT+Fk9S1hSGt+Wrgi\nx/BMfeyaxvaIQXWzu7uSXgFODOCNtCD+AI/uq4AQbERMr4ykNKpPVO9c2MHS5f9S\nuvidmuw2Kl0g6F9clmj1YCIQOLgRxc2pdKTUqLILAAAAAwEAAQAAAQEAh1SSgISg\nXAXefXuANjNceGW+jnzJcVJNBBUPUpG5yBdGeMRwko/txNjC8GLr4rhYjutnxNDW\nb1yYrfvPmXtSi6BpmqC+q0ZuyuKJ3+1HyxqPdc8frS31p92bJJlPl6pQ9KCqbTK2\ndsSHSBW5FP2bRwy6ij0AOZ+AmnDWGqyCyTcug/J+ukuvKwON5nJLRbwGzKGVAKE6\nzU2+w7Dajdk6fqnTIZE3+g9XQjqvGugjaCOcwmigzC0ts5+abKELk5yJ2+D7dMBh\njPKr0KOGpizhuCwUdK+dOOVavDPc3FuRM6rFY3a6uV9eSvGAUnllGeaf0xFIuY75\nquPjN2lqFo5Z2QAAAIATadVH00Z+Jlu6TzqhV0jQff09kW+VWxui83R8RkoVxTsq\ngkhY0bfFbXE/Bt5gfGLV5hdZWU5uA/hx55ZR/lqEusVynFc4VKfdZNo8FXu0SZIG\nrsaNvkbBTmCMITNCZ1VjNh8bXB4nr4KgDLZeMXBnYQpZfHspvW+ZnjqR/sdFRgAA\nAIEAzTIptUpTlfeJ7fNc5OP7mp5u/xur0o1tvsYF7rFys5cBSML1C0/q4nLieSBp\nDTIIG1aceTvsqJEW/ykAz5zbdY3CDDeBKDmd5FZl5mSGJ3LjkKNvW2rYkhexWKZo\nm+0eyk9KENN1iURjCfC3Qsku820WFmY4XAH0TMe1WH8AFtUAAACBANBMfSy5G5KT\nPs7myWYsPGW8rfY+J4F9uejusMzWSChdgLb8v+J/5hwoIVGwRYxM/hMm3qzZCABg\nnoQLAsnpepEvh5cCWqs864Lb7x37dPRt1au62Z8EYmyJNKfTE5Ga8ipARecl78eM\nXB21uSUUilY+LeSTj1WKxb1CjVIgndVfAAAAAAEC\n-----END OPENSSH PRIVATE KEY-----\n",
            "private_key_pem": "-----BEGIN RSA PRIVATE KEY-----\nMIIEowIBAAKCAQEApvYRHQWSBQhG6oBmozlJ9XnWpJJx8gNzwP6L6yDapUY2o+BB\n9dCNSHMK5taec/+6BZmHNA4Rg43msUL9T/MuXD5sjWf/3XsMcdXpsvTXnLxxSo0B\nxSV2q+90raWpE4Mvoe/ykrYOvoRQ2YEdz2MqarTaOiB22pFsw5HMJyAH0L/MXKhL\nFwa0aakYMewf0OzM8XRMsKTuZl2O2wAZ3AkkyrF6BeyKSE/hZPUtYUhrflq4Isfw\nTH3smsb2iEF1s7u7kl4BTgzgjbQg/gCP7quAEGxETK+MpDSqT1TvXNjB0uX/Urr4\nnZrsNipdIOhfXJZo9WAiEDi4EcXNqXSk1KiyCwIDAQABAoIBAQCHVJKAhKBcBd59\ne4A2M1x4Zb6OfMlxUk0EFQ9SkbnIF0Z4xHCSj+3E2MLwYuviuFiO62fE0NZvXJit\n+8+Ze1KLoGmaoL6rRm7K4onf7UfLGo91zx+tLfWn3ZskmU+XqlD0oKptMrZ2xIdI\nFbkU/ZtHDLqKPQA5n4CacNYarILJNy6D8n66S68rA43mcktFvAbMoZUAoTrNTb7D\nsNqN2Tp+qdMhkTf6D1dCOq8a6CNoI5zCaKDMLS2zn5psoQuTnInb4Pt0wGGM8qvQ\no4amLOG4LBR0r5045Vq8M9zcW5EzqsVjdrq5X15K8YBSeWUZ5p/TEUi5jvmq4+M3\naWoWjlnZAoGBAM0yKbVKU5X3ie3zXOTj+5qebv8bq9KNbb7GBe6xcrOXAUjC9QtP\n6uJy4nkgaQ0yCBtWnHk77KiRFv8pAM+c23WNwgw3gSg5neRWZeZkhidy45Cjb1tq\n2JIXsVimaJvtHspPShDTdYlEYwnwt0LJLvNtFhZmOFwB9EzHtVh/ABbVAoGBANBM\nfSy5G5KTPs7myWYsPGW8rfY+J4F9uejusMzWSChdgLb8v+J/5hwoIVGwRYxM/hMm\n3qzZCABgnoQLAsnpepEvh5cCWqs864Lb7x37dPRt1au62Z8EYmyJNKfTE5Ga8ipA\nRecl78eMXB21uSUUilY+LeSTj1WKxb1CjVIgndVfAoGAWhaM8zgXrH7KgrrW7PMf\nEso+Ryh57m4DYb+E+T/U8P36JVzawsWqhRMVVUKifJWbs4z6E8v4YiWZKBtzbLMc\nMucy67Qus19gb9By2o0FzSoGuQjYKhWl0bYvOZGN2e9oFkBrbym3r7VjmgiiHONB\nBsS87sagNdzxygfgGWNgwaUCgYBx7XQFcxU+nSScO6RqKsW6C3HGngYzkBWP7oVq\n88SxtzqAW0uEUdoFCnn22QehDjdlODxQo7/5nN72b6NN1lLAeBOcJ6B5yi8x+qMV\nbgRw8GYOsHr4u4gtvvm61Pr+B5ZuP4s8OwajyQRVB6DFRC/Jreah/4dFDUrMEkuD\nYO2S1wKBgBNp1UfTRn4mW7pPOqFXSNB9/T2Rb5VbG6LzdHxGShXFOyqCSFjRt8Vt\ncT8G3mB8YtXmF1lZTm4D+HHnllH+WoS6xXKcVzhUp91k2jwVe7RJkgauxo2+RsFO\nYIwhM0JnVWM2HxtcHievgqAMtl4xcGdhCll8eym9b5meOpH+x0VG\n-----END RSA PRIVATE KEY-----\n",
            "private_key_pem_pkcs8": "-----BEGIN PRIVATE KEY-----\nMIIEvQIBADANBgkqhkiG9w0BAQEFAASCBKcwggSjAgEAAoIBAQCm9hEdBZIFCEbq\ngGajOUn1edakknHyA3PA/ovrINqlRjaj4EH10I1Icwrm1p5z/7oFmYc0DhGDjeax\nQv1P8y5cPmyNZ//dewxx1emy9NecvHFKjQHFJXar73StpakTgy+h7/KStg6+hFDZ\ngR3PYypqtNo6IHbakWzDkcwnIAfQv8xcqEsXBrRpqRgx7B/Q7MzxdEywpO5mXY7b\nABncCSTKsXoF7IpIT+Fk9S1hSGt+Wrgix/BMfeyaxvaIQXWzu7uSXgFODOCNtCD+\nAI/uq4AQbERMr4ykNKpPVO9c2MHS5f9Suvidmuw2Kl0g6F9clmj1YCIQOLgRxc2p\ndKTUqLILAgMBAAECggEBAIdUkoCEoFwF3n17gDYzXHhlvo58yXFSTQQVD1KRucgX\nRnjEcJKP7cTYwvBi6+K4WI7rZ8TQ1m9cmK37z5l7UougaZqgvqtGbsriid/tR8sa\nj3XPH60t9afdmySZT5eqUPSgqm0ytnbEh0gVuRT9m0cMuoo9ADmfgJpw1hqsgsk3\nLoPyfrpLrysDjeZyS0W8BsyhlQChOs1NvsOw2o3ZOn6p0yGRN/oPV0I6rxroI2gj\nnMJooMwtLbOfmmyhC5Ocidvg+3TAYYzyq9CjhqYs4bgsFHSvnTjlWrwz3NxbkTOq\nxWN2urlfXkrxgFJ5ZRnmn9MRSLmO+arj4zdpahaOWdkCgYEAzTIptUpTlfeJ7fNc\n5OP7mp5u/xur0o1tvsYF7rFys5cBSML1C0/q4nLieSBpDTIIG1aceTvsqJEW/ykA\nz5zbdY3CDDeBKDmd5FZl5mSGJ3LjkKNvW2rYkhexWKZom+0eyk9KENN1iURjCfC3\nQsku820WFmY4XAH0TMe1WH8AFtUCgYEA0Ex9LLkbkpM+zubJZiw8Zbyt9j4ngX25\n6O6wzNZIKF2Atvy/4n/mHCghUbBFjEz+EyberNkIAGCehAsCyel6kS+HlwJaqzzr\ngtvvHft09G3Vq7rZnwRibIk0p9MTkZryKkBF5yXvx4xcHbW5JRSKVj4t5JOPVYrF\nvUKNUiCd1V8CgYBaFozzOBesfsqCutbs8x8Syj5HKHnubgNhv4T5P9Tw/folXNrC\nxaqFExVVQqJ8lZuzjPoTy/hiJZkoG3Nssxwy5zLrtC6zX2Bv0HLajQXNKga5CNgq\nFaXRti85kY3Z72gWQGtvKbevtWOaCKIc40EGxLzuxqA13PHKB+AZY2DBpQKBgHHt\ndAVzFT6dJJw7pGoqxboLccaeBjOQFY/uhWrzxLG3OoBbS4RR2gUKefbZB6EON2U4\nPFCjv/mc3vZvo03WUsB4E5wnoHnKLzH6oxVuBHDwZg6wevi7iC2++brU+v4Hlm4/\nizw7BqPJBFUHoMVEL8mt5qH/h0UNSswSS4Ng7ZLXAoGAE2nVR9NGfiZbuk86oVdI\n0H39PZFvlVsbovN0fEZKFcU7KoJIWNG3xW1xPwbeYHxi1eYXWVlObgP4ceeWUf5a\nhLrFcpxXOFSn3WTaPBV7tEmSBq7Gjb5GwU5gjCEzQmdVYzYfG1weJ6+CoAy2XjFw\nZ2EKWXx7Kb1vmZ46kf7HRUY=\n-----END PRIVATE KEY-----\n",
            "public_key_fingerprint_md5": "39:2e:bb:9e:86:61:d7:af:4a:f6:a3:0b:e3:9e:90:2d",
            "public_key_fingerprint_sha256": "SHA256:CTwEBnIGL6Xa2QCiUyCViZuP5X214NCP4kdlkcqwX0Q",
            "public_key_openssh": "ssh-rsa AAAAB3NzaC1yc2EAAAADAQABAAABAQCm9hEdBZIFCEbqgGajOUn1edakknHyA3PA/ovrINqlRjaj4EH10I1Icwrm1p5z/7oFmYc0DhGDjeaxQv1P8y5cPmyNZ//dewxx1emy9NecvHFKjQHFJXar73StpakTgy+h7/KStg6+hFDZgR3PYypqtNo6IHbakWzDkcwnIAfQv8xcqEsXBrRpqRgx7B/Q7MzxdEywpO5mXY7bABncCSTKsXoF7IpIT+Fk9S1hSGt+Wrgix/BMfeyaxvaIQXWzu7uSXgFODOCNtCD+AI/uq4AQbERMr4ykNKpPVO9c2MHS5f9Suvidmuw2Kl0g6F9clmj1YCIQOLgRxc2pdKTUqLIL\n",
            "public_key_pem": "-----BEGIN PUBLIC KEY-----\nMIIBIjANBgkqhkiG9w0BAQEFAAOCAQ8AMIIBCgKCAQEApvYRHQWSBQhG6oBmozlJ\n9XnWpJJx8gNzwP6L6yDapUY2o+BB9dCNSHMK5taec/+6BZmHNA4Rg43msUL9T/Mu\nXD5sjWf/3XsMcdXpsvTXnLxxSo0BxSV2q+90raWpE4Mvoe/ykrYOvoRQ2YEdz2Mq\narTaOiB22pFsw5HMJyAH0L/MXKhLFwa0aakYMewf0OzM8XRMsKTuZl2O2wAZ3Akk\nyrF6BeyKSE/hZPUtYUhrflq4IsfwTH3smsb2iEF1s7u7kl4BTgzgjbQg/gCP7quA\nEGxETK+MpDSqT1TvXNjB0uX/Urr4nZrsNipdIOhfXJZo9WAiEDi4EcXNqXSk1Kiy\nCwIDAQAB\n-----END PUBLIC KEY-----\n",
            "rsa_bits": 2048
          },
          "sensitive_attributes": []
        }
      ]
    },
    {
      "mode": "managed",
      "type": "tls_private_key",
      "name": "keyB",
      "provider": "provider[\"registry.terraform.io/hashicorp/tls\"]",
      "instances": [
        {
          "schema_version": 1,
          "attributes": {
            "algorithm": "RSA",
            "ecdsa_curve": "P224",
            "id": "5dca3ba968f4193c445d22546251dd3d3b60bf2b",
            "private_key_openssh": "-----BEGIN OPENSSH PRIVATE KEY-----\nb3BlbnNzaC1rZXktdjEAAAAABG5vbmUAAAAEbm9uZQAAAAAAAAABAAABFwAAAAdz\nc2gtcnNhAAAAAwEAAQAAAQEAqd/NxoCIMUHdQW5/ui4Z1NGmVRpBVcoZCPQ+3uPb\ndBDU2w8CziCsBIY+08GtyfXMHJV3T+07WqIbvpOsOX0xMe6rI3heWW9ztzrW3Sk1\nm30oReR/Zaw4Mz7wXC2cU/kTjiqgQh0bfotjUDPxWydfIQ0yvlrI2Q4Sk+/zgQoO\nR56la8H31obGqmgP8VgDG8EYG+ogNfIMsyW60XHdFXkEiqNfG2y1NWe2W7pZ8MO4\nkiE3CXeb/+HzIRNi/sSkjaxGgqxVGcjwtKbn+38oN38jco3yfcrmdNSZrNjPoa3M\n1+PmEmvcDjWD5tMcBhq7Dm+/J20BvZBVecs9QIVGxJ6QUQAAA7jDV5mfw1eZnwAA\nAAdzc2gtcnNhAAABAQCp383GgIgxQd1Bbn+6LhnU0aZVGkFVyhkI9D7e49t0ENTb\nDwLOIKwEhj7Twa3J9cwclXdP7Ttaohu+k6w5fTEx7qsjeF5Zb3O3OtbdKTWbfShF\n5H9lrDgzPvBcLZxT+ROOKqBCHRt+i2NQM/FbJ18hDTK+WsjZDhKT7/OBCg5HnqVr\nwffWhsaqaA/xWAMbwRgb6iA18gyzJbrRcd0VeQSKo18bbLU1Z7Zbulnww7iSITcJ\nd5v/4fMhE2L+xKSNrEaCrFUZyPC0puf7fyg3fyNyjfJ9yuZ01Jms2M+hrczX4+YS\na9wONYPm0xwGGrsOb78nbQG9kFV5yz1AhUbEnpBRAAAAAwEAAQAAAQAdv7DUo2u2\nXJd3vvclTq99Yp2jZ66rbHIH7GYaOIMVB2GPX0iZeoVFYZEdGlzp8l6lXtN/Lsdn\nLt52+Ht/sdnsqaRU2N6FAQyduPMp1e6qZTepTcO1tXw+FTaYnfAzkHoJOpPIIDrR\nZW2l/QK2eOWi7yHEzjdAM8OzHqFhJrareebRUxWG/OGGzF2XjhlJNjcXoLb3TKJa\nPfpwryohL31BF1bzWHFHXHe8NjKQv6Rq/uvAQLl9BLsRVk382++WplVPK+Gv9gvL\nPIVVLEi/e6Y8R214RImmikTGWUuuEhCCnnr0rO9E5wDaBguuRH+0dbLq/8FuSQOs\noYFi5dBvY1YBAAAAgQCSbtBORhqfwoDDfELeRHfrqxVRspxn5CpsyMX5X/zii0uP\nDKYO5Yw5i3NWTQpiSHl4GOtVLbuk8/TdB8vtAmGXtUNnIWWHxsi03Ar+7AAH92fq\nThpNp/w65XruXXm6vsoM0kmHxxYf0SJMty6RASgSyavL+bugHwaA9eC2ijmyVQAA\nAIEA24TUShsNfhj1yy9uVQ0bC1EhEeSWrW4BX0kzwkN/BUrogF0j+Jyd5EOc5GsB\nN1eu8mJRZMkN05/+g2BwQHNXDPrS1uAwKT++dr6hADqD6HMky2uq49pOqMM5XlwE\nSpAJc9NLGsLp7hMgzophSuinmM23wl2BI+H0gMSHw54Iz6EAAACBAMYa5wM6RXTU\nUhK0q5XCdthEJ19gJ4UJON0F5e9zV8gkNsxklcQS08oBJFWJouTraRV+yb4wu/yS\nhCBBkBfCrJLrdit/WhsvZacRVgcSDRp6WAFb6VGnCdOLeEX9xvvaREXgpPX7ubw2\nzVI6NYvfzO/jHfZS6VecDPAt8F3wz8KxAAAAAAEC\n-----END OPENSSH PRIVATE KEY-----\n",
            "private_key_pem": "-----BEGIN RSA PRIVATE KEY-----\nMIIEowIBAAKCAQEAqd/NxoCIMUHdQW5/ui4Z1NGmVRpBVcoZCPQ+3uPbdBDU2w8C\nziCsBIY+08GtyfXMHJV3T+07WqIbvpOsOX0xMe6rI3heWW9ztzrW3Sk1m30oReR/\nZaw4Mz7wXC2cU/kTjiqgQh0bfotjUDPxWydfIQ0yvlrI2Q4Sk+/zgQoOR56la8H3\n1obGqmgP8VgDG8EYG+ogNfIMsyW60XHdFXkEiqNfG2y1NWe2W7pZ8MO4kiE3CXeb\n/+HzIRNi/sSkjaxGgqxVGcjwtKbn+38oN38jco3yfcrmdNSZrNjPoa3M1+PmEmvc\nDjWD5tMcBhq7Dm+/J20BvZBVecs9QIVGxJ6QUQIDAQABAoIBAB2/sNSja7Zcl3e+\n9yVOr31inaNnrqtscgfsZho4gxUHYY9fSJl6hUVhkR0aXOnyXqVe038ux2cu3nb4\ne3+x2eyppFTY3oUBDJ248ynV7qplN6lNw7W1fD4VNpid8DOQegk6k8ggOtFlbaX9\nArZ45aLvIcTON0Azw7MeoWEmtqt55tFTFYb84YbMXZeOGUk2NxegtvdMolo9+nCv\nKiEvfUEXVvNYcUdcd7w2MpC/pGr+68BAuX0EuxFWTfzb75amVU8r4a/2C8s8hVUs\nSL97pjxHbXhEiaaKRMZZS64SEIKeevSs70TnANoGC65Ef7R1sur/wW5JA6yhgWLl\n0G9jVgECgYEA24TUShsNfhj1yy9uVQ0bC1EhEeSWrW4BX0kzwkN/BUrogF0j+Jyd\n5EOc5GsBN1eu8mJRZMkN05/+g2BwQHNXDPrS1uAwKT++dr6hADqD6HMky2uq49pO\nqMM5XlwESpAJc9NLGsLp7hMgzophSuinmM23wl2BI+H0gMSHw54Iz6ECgYEAxhrn\nAzpFdNRSErSrlcJ22EQnX2AnhQk43QXl73NXyCQ2zGSVxBLTygEkVYmi5OtpFX7J\nvjC7/JKEIEGQF8Kskut2K39aGy9lpxFWBxINGnpYAVvpUacJ04t4Rf3G+9pEReCk\n9fu5vDbNUjo1i9/M7+Md9lLpV5wM8C3wXfDPwrECgYADumDElWsIPjJGbhrIlP1l\nls4h+KjabyjUznBzlyPcGiaSr4JB4Z8I1mEeu/Z8Ux/ke+j39jYm5uuynXuqjIro\n7IWSIqKOwMdiSuB/GX9N/k6cqcpwLi/xy8b4pEVqYsHWVrtKzA6e/XIsL8txMzxN\nawj44w+jZV36pdvMZa2uoQKBgBxykofZH042iw6amSUpRq2po8nDYgltmJfMmAc5\nlfpskN3q98KvPXB9l30dBaI/19g5W7kPAH+1fnmvUITI9MUoQNDgOc07kipah/L9\n+Zm6xdZ0H14VUYjqNzw9xAw4fKNYLfgQzMwlRnivWS8b1S8BezT7FPz6sLTws9qZ\nkQwRAoGBAJJu0E5GGp/CgMN8Qt5Ed+urFVGynGfkKmzIxflf/OKLS48Mpg7ljDmL\nc1ZNCmJIeXgY61Utu6Tz9N0Hy+0CYZe1Q2chZYfGyLTcCv7sAAf3Z+pOGk2n/Drl\neu5debq+ygzSSYfHFh/RIky3LpEBKBLJq8v5u6AfBoD14LaKObJV\n-----END RSA PRIVATE KEY-----\n",
            "private_key_pem_pkcs8": "-----BEGIN PRIVATE KEY-----\nMIIEvQIBADANBgkqhkiG9w0BAQEFAASCBKcwggSjAgEAAoIBAQCp383GgIgxQd1B\nbn+6LhnU0aZVGkFVyhkI9D7e49t0ENTbDwLOIKwEhj7Twa3J9cwclXdP7Ttaohu+\nk6w5fTEx7qsjeF5Zb3O3OtbdKTWbfShF5H9lrDgzPvBcLZxT+ROOKqBCHRt+i2NQ\nM/FbJ18hDTK+WsjZDhKT7/OBCg5HnqVrwffWhsaqaA/xWAMbwRgb6iA18gyzJbrR\ncd0VeQSKo18bbLU1Z7Zbulnww7iSITcJd5v/4fMhE2L+xKSNrEaCrFUZyPC0puf7\nfyg3fyNyjfJ9yuZ01Jms2M+hrczX4+YSa9wONYPm0xwGGrsOb78nbQG9kFV5yz1A\nhUbEnpBRAgMBAAECggEAHb+w1KNrtlyXd773JU6vfWKdo2euq2xyB+xmGjiDFQdh\nj19ImXqFRWGRHRpc6fJepV7Tfy7HZy7edvh7f7HZ7KmkVNjehQEMnbjzKdXuqmU3\nqU3DtbV8PhU2mJ3wM5B6CTqTyCA60WVtpf0Ctnjlou8hxM43QDPDsx6hYSa2q3nm\n0VMVhvzhhsxdl44ZSTY3F6C290yiWj36cK8qIS99QRdW81hxR1x3vDYykL+kav7r\nwEC5fQS7EVZN/NvvlqZVTyvhr/YLyzyFVSxIv3umPEdteESJpopExllLrhIQgp56\n9KzvROcA2gYLrkR/tHWy6v/BbkkDrKGBYuXQb2NWAQKBgQDbhNRKGw1+GPXLL25V\nDRsLUSER5JatbgFfSTPCQ38FSuiAXSP4nJ3kQ5zkawE3V67yYlFkyQ3Tn/6DYHBA\nc1cM+tLW4DApP752vqEAOoPocyTLa6rj2k6owzleXARKkAlz00sawunuEyDOimFK\n6KeYzbfCXYEj4fSAxIfDngjPoQKBgQDGGucDOkV01FIStKuVwnbYRCdfYCeFCTjd\nBeXvc1fIJDbMZJXEEtPKASRViaLk62kVfsm+MLv8koQgQZAXwqyS63Yrf1obL2Wn\nEVYHEg0aelgBW+lRpwnTi3hF/cb72kRF4KT1+7m8Ns1SOjWL38zv4x32UulXnAzw\nLfBd8M/CsQKBgAO6YMSVawg+MkZuGsiU/WWWziH4qNpvKNTOcHOXI9waJpKvgkHh\nnwjWYR679nxTH+R76Pf2Nibm67Kde6qMiujshZIioo7Ax2JK4H8Zf03+TpypynAu\nL/HLxvikRWpiwdZWu0rMDp79ciwvy3EzPE1rCPjjD6NlXfql28xlra6hAoGAHHKS\nh9kfTjaLDpqZJSlGramjycNiCW2Yl8yYBzmV+myQ3er3wq89cH2XfR0Foj/X2Dlb\nuQ8Af7V+ea9QhMj0xShA0OA5zTuSKlqH8v35mbrF1nQfXhVRiOo3PD3EDDh8o1gt\n+BDMzCVGeK9ZLxvVLwF7NPsU/PqwtPCz2pmRDBECgYEAkm7QTkYan8KAw3xC3kR3\n66sVUbKcZ+QqbMjF+V/84otLjwymDuWMOYtzVk0KYkh5eBjrVS27pPP03QfL7QJh\nl7VDZyFlh8bItNwK/uwAB/dn6k4aTaf8OuV67l15ur7KDNJJh8cWH9EiTLcukQEo\nEsmry/m7oB8GgPXgtoo5slU=\n-----END PRIVATE KEY-----\n",
            "public_key_fingerprint_md5": "49:c2:0d:58:8d:7b:be:3a:a0:2e:0f:94:06:2e:43:5b",
            "public_key_fingerprint_sha256": "SHA256:HAtwQW9Cj604J3v5aTvnd4PIufTWmeZbKvRefl0tNiw",
            "public_key_openssh": "ssh-rsa AAAAB3NzaC1yc2EAAAADAQABAAABAQCp383GgIgxQd1Bbn+6LhnU0aZVGkFVyhkI9D7e49t0ENTbDwLOIKwEhj7Twa3J9cwclXdP7Ttaohu+k6w5fTEx7qsjeF5Zb3O3OtbdKTWbfShF5H9lrDgzPvBcLZxT+ROOKqBCHRt+i2NQM/FbJ18hDTK+WsjZDhKT7/OBCg5HnqVrwffWhsaqaA/xWAMbwRgb6iA18gyzJbrRcd0VeQSKo18bbLU1Z7Zbulnww7iSITcJd5v/4fMhE2L+xKSNrEaCrFUZyPC0puf7fyg3fyNyjfJ9yuZ01Jms2M+hrczX4+YSa9wONYPm0xwGGrsOb78nbQG9kFV5yz1AhUbEnpBR\n",
            "public_key_pem": "-----BEGIN PUBLIC KEY-----\nMIIBIjANBgkqhkiG9w0BAQEFAAOCAQ8AMIIBCgKCAQEAqd/NxoCIMUHdQW5/ui4Z\n1NGmVRpBVcoZCPQ+3uPbdBDU2w8CziCsBIY+08GtyfXMHJV3T+07WqIbvpOsOX0x\nMe6rI3heWW9ztzrW3Sk1m30oReR/Zaw4Mz7wXC2cU/kTjiqgQh0bfotjUDPxWydf\nIQ0yvlrI2Q4Sk+/zgQoOR56la8H31obGqmgP8VgDG8EYG+ogNfIMsyW60XHdFXkE\niqNfG2y1NWe2W7pZ8MO4kiE3CXeb/+HzIRNi/sSkjaxGgqxVGcjwtKbn+38oN38j\nco3yfcrmdNSZrNjPoa3M1+PmEmvcDjWD5tMcBhq7Dm+/J20BvZBVecs9QIVGxJ6Q\nUQIDAQAB\n-----END PUBLIC KEY-----\n",
            "rsa_bits": 2048
          },
          "sensitive_attributes": []
        }
      ]
    },
    {
      "mode": "managed",
      "type": "tls_self_signed_cert",
      "name": "certA",
      "provider": "provider[\"registry.terraform.io/hashicorp/tls\"]",
      "instances": [
        {
          "schema_version": 0,
          "attributes": {
            "allowed_uses": [],
            "cert_pem": "-----BEGIN CERTIFICATE-----\nMIICuTCCAaGgAwIBAgIRAI5y8o/GCCu7qf3E/7omKvwwDQYJKoZIhvcNAQELBQAw\nDzENMAsGA1UEChMEdGVzdDAeFw0yMzEwMzAxMTQ1MTFaFw0yMzExMDkxMTQ1MTFa\nMA8xDTALBgNVBAoTBHRlc3QwggEiMA0GCSqGSIb3DQEBAQUAA4IBDwAwggEKAoIB\nAQCm9hEdBZIFCEbqgGajOUn1edakknHyA3PA/ovrINqlRjaj4EH10I1Icwrm1p5z\n/7oFmYc0DhGDjeaxQv1P8y5cPmyNZ//dewxx1emy9NecvHFKjQHFJXar73StpakT\ngy+h7/KStg6+hFDZgR3PYypqtNo6IHbakWzDkcwnIAfQv8xcqEsXBrRpqRgx7B/Q\n7MzxdEywpO5mXY7bABncCSTKsXoF7IpIT+Fk9S1hSGt+Wrgix/BMfeyaxvaIQXWz\nu7uSXgFODOCNtCD+AI/uq4AQbERMr4ykNKpPVO9c2MHS5f9Suvidmuw2Kl0g6F9c\nlmj1YCIQOLgRxc2pdKTUqLILAgMBAAGjEDAOMAwGA1UdEwEB/wQCMAAwDQYJKoZI\nhvcNAQELBQADggEBAIeoAkAR2JTooMl7duVzQ9l/Y9xUqSGcM1OUfGqZHlo0OVkD\nXhuqo2Xhw48iJk/tLzCk3oJvNnvnJ1bGhsqg3233Z/P98LQeD7gR2aInYOPUjSvI\natyOtdzGmGCGR7AMKPPTKySgWs7zNT5WaBjciyuYou/Lh0LdrBOIXRl1sml6yw2Y\n26cZSvqkdrfJnVLHTdMdIdbhPwiXg0TbTSARYfHSGafhIg25eEc/CxE9vusgAyaP\nVMe88T1d4w+f2W+1MtzU287Ti3AgSliJOTmdVNn9INSDI5EChoQE6ickfRT6OvNc\nAYgdp/Ph6Itc5ZLFQckjkznMMjUlcdVu5+26bR0=\n-----END CERTIFICATE-----\n",
            "dns_names": null,
            "early_renewal_hours": 0,
            "id": "189347216977370257420768259236407159548",
            "ip_addresses": null,
            "is_ca_certificate": false,
            "key_algorithm": "RSA",
            "private_key_pem": "-----BEGIN RSA PRIVATE KEY-----\nMIIEowIBAAKCAQEApvYRHQWSBQhG6oBmozlJ9XnWpJJx8gNzwP6L6yDapUY2o+BB\n9dCNSHMK5taec/+6BZmHNA4Rg43msUL9T/MuXD5sjWf/3XsMcdXpsvTXnLxxSo0B\nxSV2q+90raWpE4Mvoe/ykrYOvoRQ2YEdz2MqarTaOiB22pFsw5HMJyAH0L/MXKhL\nFwa0aakYMewf0OzM8XRMsKTuZl2O2wAZ3AkkyrF6BeyKSE/hZPUtYUhrflq4Isfw\nTH3smsb2iEF1s7u7kl4BTgzgjbQg/gCP7quAEGxETK+MpDSqT1TvXNjB0uX/Urr4\nnZrsNipdIOhfXJZo9WAiEDi4EcXNqXSk1KiyCwIDAQABAoIBAQCHVJKAhKBcBd59\ne4A2M1x4Zb6OfMlxUk0EFQ9SkbnIF0Z4xHCSj+3E2MLwYuviuFiO62fE0NZvXJit\n+8+Ze1KLoGmaoL6rRm7K4onf7UfLGo91zx+tLfWn3ZskmU+XqlD0oKptMrZ2xIdI\nFbkU/ZtHDLqKPQA5n4CacNYarILJNy6D8n66S68rA43mcktFvAbMoZUAoTrNTb7D\nsNqN2Tp+qdMhkTf6D1dCOq8a6CNoI5zCaKDMLS2zn5psoQuTnInb4Pt0wGGM8qvQ\no4amLOG4LBR0r5045Vq8M9zcW5EzqsVjdrq5X15K8YBSeWUZ5p/TEUi5jvmq4+M3\naWoWjlnZAoGBAM0yKbVKU5X3ie3zXOTj+5qebv8bq9KNbb7GBe6xcrOXAUjC9QtP\n6uJy4nkgaQ0yCBtWnHk77KiRFv8pAM+c23WNwgw3gSg5neRWZeZkhidy45Cjb1tq\n2JIXsVimaJvtHspPShDTdYlEYwnwt0LJLvNtFhZmOFwB9EzHtVh/ABbVAoGBANBM\nfSy5G5KTPs7myWYsPGW8rfY+J4F9uejusMzWSChdgLb8v+J/5hwoIVGwRYxM/hMm\n3qzZCABgnoQLAsnpepEvh5cCWqs864Lb7x37dPRt1au62Z8EYmyJNKfTE5Ga8ipA\nRecl78eMXB21uSUUilY+LeSTj1WKxb1CjVIgndVfAoGAWhaM8zgXrH7KgrrW7PMf\nEso+Ryh57m4DYb+E+T/U8P36JVzawsWqhRMVVUKifJWbs4z6E8v4YiWZKBtzbLMc\nMucy67Qus19gb9By2o0FzSoGuQjYKhWl0bYvOZGN2e9oFkBrbym3r7VjmgiiHONB\nBsS87sagNdzxygfgGWNgwaUCgYBx7XQFcxU+nSScO6RqKsW6C3HGngYzkBWP7oVq\n88SxtzqAW0uEUdoFCnn22QehDjdlODxQo7/5nN72b6NN1lLAeBOcJ6B5yi8x+qMV\nbgRw8GYOsHr4u4gtvvm61Pr+B5ZuP4s8OwajyQRVB6DFRC/Jreah/4dFDUrMEkuD\nYO2S1wKBgBNp1UfTRn4mW7pPOqFXSNB9/T2Rb5VbG6LzdHxGShXFOyqCSFjRt8Vt\ncT8G3mB8YtXmF1lZTm4D+HHnllH+WoS6xXKcVzhUp91k2jwVe7RJkgauxo2+RsFO\nYIwhM0JnVWM2HxtcHievgqAMtl4xcGdhCll8eym9b5meOpH+x0VG\n-----END RSA PRIVATE KEY-----\n",
            "ready_for_renewal": false,
            "set_authority_key_id": false,
            "set_subject_key_id": false,
            "subject": [
              {
                "common_name": null,
                "country": null,
                "locality": null,
                "organization": "test",
                "organizational_unit": null,
                "postal_code": null,
                "province": null,
                "serial_number": null,
                "street_address": null
              }
            ],
            "uris": null,
            "validity_end_time": "2023-11-09T19:45:11.0360855+08:00",
            "validity_period_hours": 240,
            "validity_start_time": "2023-10-30T19:45:11.0360855+08:00"
          },
          "sensitive_attributes": [
            [
              {
                "type": "get_attr",
                "value": "private_key_pem"
              }
            ]
          ],
          "dependencies": [
            "tls_private_key.keyA"
          ]
        }
      ]
    },
    {
      "mode": "managed",
      "type": "tls_self_signed_cert",
      "name": "certB",
      "provider": "provider[\"registry.terraform.io/hashicorp/tls\"]",
      "instances": [
        {
          "schema_version": 0,
          "attributes": {
            "allowed_uses": [],
            "cert_pem": "-----BEGIN CERTIFICATE-----\nMIICuDCCAaCgAwIBAgIQKyBk6BtkaX/GXvH65Wz6qTANBgkqhkiG9w0BAQsFADAP\nMQ0wCwYDVQQKEwR0ZXN0MB4XDTIzMTAzMDExNDUxMVoXDTIzMTEwOTExNDUxMVow\nDzENMAsGA1UEChMEdGVzdDCCASIwDQYJKoZIhvcNAQEBBQADggEPADCCAQoCggEB\nAKnfzcaAiDFB3UFuf7ouGdTRplUaQVXKGQj0Pt7j23QQ1NsPAs4grASGPtPBrcn1\nzByVd0/tO1qiG76TrDl9MTHuqyN4Xllvc7c61t0pNZt9KEXkf2WsODM+8FwtnFP5\nE44qoEIdG36LY1Az8VsnXyENMr5ayNkOEpPv84EKDkeepWvB99aGxqpoD/FYAxvB\nGBvqIDXyDLMlutFx3RV5BIqjXxtstTVntlu6WfDDuJIhNwl3m//h8yETYv7EpI2s\nRoKsVRnI8LSm5/t/KDd/I3KN8n3K5nTUmazYz6GtzNfj5hJr3A41g+bTHAYauw5v\nvydtAb2QVXnLPUCFRsSekFECAwEAAaMQMA4wDAYDVR0TAQH/BAIwADANBgkqhkiG\n9w0BAQsFAAOCAQEAAh5wKZaRS/MPvBKY/4mnFaD9L3jB6wYlrycUBe7m59d/yc5V\ny87wXqGLqeaN0xn5/6gvDbQOCUr4duoHVXPPSJQZsZlv9bHE9yUklbVhL+Q6zvZ7\n7PC8gP0YLArepA1/t3Obw7vZq7GtEmQmz7O6wLDEXAqk1cAdGSYDHqlI2CR958es\nFeYmnNj+OlxRWdEeeAqO+nkqHloCLmyTQrvb2pg54GPYRWTAL5Jx01czMcW/2ok4\n3N1Knyzgdq/1UYnUwc6baEtcMKmIhK9xbwNnY1iLIICNqazf7wzmIHqtGJmVGcM5\nAdbZJLB55YwVkOhqxXC15/oZPPG2qMGDvDprEw==\n-----END CERTIFICATE-----\n",
            "dns_names": null,
            "early_renewal_hours": 0,
            "id": "57325003948596051547994502676028914345",
            "ip_addresses": null,
            "is_ca_certificate": false,
            "key_algorithm": "RSA",
            "private_key_pem": "-----BEGIN RSA PRIVATE KEY-----\nMIIEowIBAAKCAQEAqd/NxoCIMUHdQW5/ui4Z1NGmVRpBVcoZCPQ+3uPbdBDU2w8C\nziCsBIY+08GtyfXMHJV3T+07WqIbvpOsOX0xMe6rI3heWW9ztzrW3Sk1m30oReR/\nZaw4Mz7wXC2cU/kTjiqgQh0bfotjUDPxWydfIQ0yvlrI2Q4Sk+/zgQoOR56la8H3\n1obGqmgP8VgDG8EYG+ogNfIMsyW60XHdFXkEiqNfG2y1NWe2W7pZ8MO4kiE3CXeb\n/+HzIRNi/sSkjaxGgqxVGcjwtKbn+38oN38jco3yfcrmdNSZrNjPoa3M1+PmEmvc\nDjWD5tMcBhq7Dm+/J20BvZBVecs9QIVGxJ6QUQIDAQABAoIBAB2/sNSja7Zcl3e+\n9yVOr31inaNnrqtscgfsZho4gxUHYY9fSJl6hUVhkR0aXOnyXqVe038ux2cu3nb4\ne3+x2eyppFTY3oUBDJ248ynV7qplN6lNw7W1fD4VNpid8DOQegk6k8ggOtFlbaX9\nArZ45aLvIcTON0Azw7MeoWEmtqt55tFTFYb84YbMXZeOGUk2NxegtvdMolo9+nCv\nKiEvfUEXVvNYcUdcd7w2MpC/pGr+68BAuX0EuxFWTfzb75amVU8r4a/2C8s8hVUs\nSL97pjxHbXhEiaaKRMZZS64SEIKeevSs70TnANoGC65Ef7R1sur/wW5JA6yhgWLl\n0G9jVgECgYEA24TUShsNfhj1yy9uVQ0bC1EhEeSWrW4BX0kzwkN/BUrogF0j+Jyd\n5EOc5GsBN1eu8mJRZMkN05/+g2BwQHNXDPrS1uAwKT++dr6hADqD6HMky2uq49pO\nqMM5XlwESpAJc9NLGsLp7hMgzophSuinmM23wl2BI+H0gMSHw54Iz6ECgYEAxhrn\nAzpFdNRSErSrlcJ22EQnX2AnhQk43QXl73NXyCQ2zGSVxBLTygEkVYmi5OtpFX7J\nvjC7/JKEIEGQF8Kskut2K39aGy9lpxFWBxINGnpYAVvpUacJ04t4Rf3G+9pEReCk\n9fu5vDbNUjo1i9/M7+Md9lLpV5wM8C3wXfDPwrECgYADumDElWsIPjJGbhrIlP1l\nls4h+KjabyjUznBzlyPcGiaSr4JB4Z8I1mEeu/Z8Ux/ke+j39jYm5uuynXuqjIro\n7IWSIqKOwMdiSuB/GX9N/k6cqcpwLi/xy8b4pEVqYsHWVrtKzA6e/XIsL8txMzxN\nawj44w+jZV36pdvMZa2uoQKBgBxykofZH042iw6amSUpRq2po8nDYgltmJfMmAc5\nlfpskN3q98KvPXB9l30dBaI/19g5W7kPAH+1fnmvUITI9MUoQNDgOc07kipah/L9\n+Zm6xdZ0H14VUYjqNzw9xAw4fKNYLfgQzMwlRnivWS8b1S8BezT7FPz6sLTws9qZ\nkQwRAoGBAJJu0E5GGp/CgMN8Qt5Ed+urFVGynGfkKmzIxflf/OKLS48Mpg7ljDmL\nc1ZNCmJIeXgY61Utu6Tz9N0Hy+0CYZe1Q2chZYfGyLTcCv7sAAf3Z+pOGk2n/Drl\neu5debq+ygzSSYfHFh/RIky3LpEBKBLJq8v5u6AfBoD14LaKObJV\n-----END RSA PRIVATE KEY-----\n",
            "ready_for_renewal": false,
            "set_authority_key_id": false,
            "set_subject_key_id": false,
            "subject": [
              {
                "common_name": null,
                "country": null,
                "locality": null,
                "organization": "test",
                "organizational_unit": null,
                "postal_code": null,
                "province": null,
                "serial_number": null,
                "street_address": null
              }
            ],
            "uris": null,
            "validity_end_time": "2023-11-09T19:45:11.213206+08:00",
            "validity_period_hours": 240,
            "validity_start_time": "2023-10-30T19:45:11.213206+08:00"
          },
          "sensitive_attributes": [
            [
              {
                "type": "get_attr",
                "value": "private_key_pem"
              }
            ]
          ],
          "dependencies": [
            "tls_private_key.keyB"
          ]
        }
      ]
    },
    {
      "module": "module.vpc",
      "mode": "managed",
      "type": "aws_default_network_acl",
      "name": "this",
      "provider": "provider[\"registry.terraform.io/hashicorp/aws\"]",
      "instances": [
        {
          "index_key": 0,
          "schema_version": 0,
          "attributes": {
            "arn": "arn:aws:ec2:ap-southeast-1:708779265549:network-acl/acl-06ee4217e8067fc8c",
            "default_network_acl_id": "acl-06ee4217e8067fc8c",
            "egress": [
              {
                "action": "allow",
                "cidr_block": "",
                "from_port": 0,
                "icmp_code": 0,
                "icmp_type": 0,
                "ipv6_cidr_block": "::/0",
                "protocol": "-1",
                "rule_no": 101,
                "to_port": 0
              },
              {
                "action": "allow",
                "cidr_block": "0.0.0.0/0",
                "from_port": 0,
                "icmp_code": 0,
                "icmp_type": 0,
                "ipv6_cidr_block": "",
                "protocol": "-1",
                "rule_no": 100,
                "to_port": 0
              }
            ],
            "id": "acl-06ee4217e8067fc8c",
            "ingress": [
              {
                "action": "allow",
                "cidr_block": "0.0.0.0/0",
                "from_port": 0,
                "icmp_code": null,
                "icmp_type": null,
                "ipv6_cidr_block": null,
                "protocol": "-1",
                "rule_no": 100,
                "to_port": 0
              },
              {
                "action": "allow",
                "cidr_block": null,
                "from_port": 0,
                "icmp_code": null,
                "icmp_type": null,
                "ipv6_cidr_block": "::/0",
                "protocol": "-1",
                "rule_no": 101,
                "to_port": 0
              }
            ],
            "owner_id": "708779265549",
            "subnet_ids": [
              "subnet-01a1e7878db2a2d0b",
              "subnet-055efdd88a14f83f5",
              "subnet-097742b3c76d12197",
              "subnet-0bb6d684ebaa20d02"
            ],
            "tags": {
              "Name": "tf-vpc-default",
              "tag_application_code": "Cloud7"
            },
            "tags_all": {
              "Name": "tf-vpc-default",
              "tag_application_code": "Cloud7"
            },
            "vpc_id": "vpc-09da79c642f979f7a"
          },
          "sensitive_attributes": [],
          "private": "bnVsbA==",
          "dependencies": [
            "module.vpc.aws_vpc.this"
          ]
        }
      ]
    },
    {
      "module": "module.vpc",
      "mode": "managed",
      "type": "aws_default_route_table",
      "name": "default",
      "provider": "provider[\"registry.terraform.io/hashicorp/aws\"]",
      "instances": [
        {
          "index_key": 0,
          "schema_version": 0,
          "attributes": {
            "arn": "arn:aws:ec2:ap-southeast-1:708779265549:route-table/rtb-0bf9e9191655c27ab",
            "default_route_table_id": "rtb-0bf9e9191655c27ab",
            "id": "rtb-0bf9e9191655c27ab",
            "owner_id": "708779265549",
            "propagating_vgws": [],
            "route": [],
            "tags": {
              "Name": "tf-vpc-default",
              "tag_application_code": "Cloud7"
            },
            "tags_all": {
              "Name": "tf-vpc-default",
              "tag_application_code": "Cloud7"
            },
            "timeouts": {
              "create": "5m",
              "update": "5m"
            },
            "vpc_id": "vpc-09da79c642f979f7a"
          },
          "sensitive_attributes": [],
          "private": "eyJlMmJmYjczMC1lY2FhLTExZTYtOGY4OC0zNDM2M2JjN2M0YzAiOnsiY3JlYXRlIjozMDAwMDAwMDAwMDAsInVwZGF0ZSI6MzAwMDAwMDAwMDAwfX0=",
          "dependencies": [
            "module.vpc.aws_vpc.this"
          ],
          "create_before_destroy": true
        }
      ]
    },
    {
      "module": "module.vpc",
      "mode": "managed",
      "type": "aws_default_security_group",
      "name": "this",
      "provider": "provider[\"registry.terraform.io/hashicorp/aws\"]",
      "instances": [
        {
          "index_key": 0,
          "schema_version": 1,
          "attributes": {
            "arn": "arn:aws:ec2:ap-southeast-1:708779265549:security-group/sg-0df887834fe970bf3",
            "description": "default VPC security group",
            "egress": [],
            "id": "sg-0df887834fe970bf3",
            "ingress": [],
            "name": "default",
            "name_prefix": "",
            "owner_id": "708779265549",
            "revoke_rules_on_delete": false,
            "tags": {
              "Name": "tf-vpc-default",
              "tag_application_code": "Cloud7"
            },
            "tags_all": {
              "Name": "tf-vpc-default",
              "tag_application_code": "Cloud7"
            },
            "vpc_id": "vpc-09da79c642f979f7a"
          },
          "sensitive_attributes": [],
          "private": "eyJzY2hlbWFfdmVyc2lvbiI6IjEifQ==",
          "dependencies": [
            "module.vpc.aws_vpc.this"
          ],
          "create_before_destroy": true
        }
      ]
    },
    {
      "module": "module.vpc",
      "mode": "managed",
      "type": "aws_eip",
      "name": "nat",
      "provider": "provider[\"registry.terraform.io/hashicorp/aws\"]",
      "instances": [
        {
          "index_key": 0,
          "schema_version": 0,
          "attributes": {
            "address": null,
            "allocation_id": "eipalloc-075e6b3bb118ee633",
            "associate_with_private_ip": null,
            "association_id": "eipassoc-0103a45701cf93422",
            "carrier_ip": "",
            "customer_owned_ip": "",
            "customer_owned_ipv4_pool": "",
            "domain": "vpc",
            "id": "eipalloc-075e6b3bb118ee633",
            "instance": "",
            "network_border_group": "ap-southeast-1",
            "network_interface": "eni-030bef1f7263222a6",
            "private_dns": "ip-10-10-0-186.ap-southeast-1.compute.internal",
            "private_ip": "10.10.0.186",
            "public_dns": "ec2-13-213-198-196.ap-southeast-1.compute.amazonaws.com",
            "public_ip": "13.213.198.196",
            "public_ipv4_pool": "amazon",
            "tags": {
              "Name": "tf-vpc-ap-southeast-1a",
              "tag_application_code": "Cloud7"
            },
            "tags_all": {
              "Name": "tf-vpc-ap-southeast-1a",
              "tag_application_code": "Cloud7"
            },
            "timeouts": null,
            "vpc": true
          },
          "sensitive_attributes": [],
          "private": "eyJlMmJmYjczMC1lY2FhLTExZTYtOGY4OC0zNDM2M2JjN2M0YzAiOnsiZGVsZXRlIjoxODAwMDAwMDAwMDAsInJlYWQiOjkwMDAwMDAwMDAwMCwidXBkYXRlIjozMDAwMDAwMDAwMDB9fQ==",
          "dependencies": [
            "module.vpc.aws_internet_gateway.this",
            "module.vpc.aws_vpc.this",
            "module.vpc.aws_vpc_ipv4_cidr_block_association.this"
          ],
          "create_before_destroy": true
        },
        {
          "index_key": 1,
          "schema_version": 0,
          "attributes": {
            "address": null,
            "allocation_id": "eipalloc-0bda71db0f102a06c",
            "associate_with_private_ip": null,
            "association_id": "eipassoc-0814d7e22a9a40d7e",
            "carrier_ip": "",
            "customer_owned_ip": "",
            "customer_owned_ipv4_pool": "",
            "domain": "vpc",
            "id": "eipalloc-0bda71db0f102a06c",
            "instance": "",
            "network_border_group": "ap-southeast-1",
            "network_interface": "eni-0a9678d3c2648209b",
            "private_dns": "ip-10-10-1-21.ap-southeast-1.compute.internal",
            "private_ip": "10.10.1.21",
            "public_dns": "ec2-18-136-0-38.ap-southeast-1.compute.amazonaws.com",
            "public_ip": "18.136.0.38",
            "public_ipv4_pool": "amazon",
            "tags": {
              "Name": "tf-vpc-ap-southeast-1b",
              "tag_application_code": "Cloud7"
            },
            "tags_all": {
              "Name": "tf-vpc-ap-southeast-1b",
              "tag_application_code": "Cloud7"
            },
            "timeouts": null,
            "vpc": true
          },
          "sensitive_attributes": [],
          "private": "eyJlMmJmYjczMC1lY2FhLTExZTYtOGY4OC0zNDM2M2JjN2M0YzAiOnsiZGVsZXRlIjoxODAwMDAwMDAwMDAsInJlYWQiOjkwMDAwMDAwMDAwMCwidXBkYXRlIjozMDAwMDAwMDAwMDB9fQ==",
          "dependencies": [
            "module.vpc.aws_internet_gateway.this",
            "module.vpc.aws_vpc.this",
            "module.vpc.aws_vpc_ipv4_cidr_block_association.this"
          ],
          "create_before_destroy": true
        }
      ]
    },
    {
      "module": "module.vpc",
      "mode": "managed",
      "type": "aws_internet_gateway",
      "name": "this",
      "provider": "provider[\"registry.terraform.io/hashicorp/aws\"]",
      "instances": [
        {
          "index_key": 0,
          "schema_version": 0,
          "attributes": {
            "arn": "arn:aws:ec2:ap-southeast-1:708779265549:internet-gateway/igw-0f37067a53e68a6cb",
            "id": "igw-0f37067a53e68a6cb",
            "owner_id": "708779265549",
            "tags": {
              "Name": "tf-vpc",
              "tag_application_code": "Cloud7"
            },
            "tags_all": {
              "Name": "tf-vpc",
              "tag_application_code": "Cloud7"
            },
            "timeouts": null,
            "vpc_id": "vpc-09da79c642f979f7a"
          },
          "sensitive_attributes": [],
          "private": "eyJlMmJmYjczMC1lY2FhLTExZTYtOGY4OC0zNDM2M2JjN2M0YzAiOnsiY3JlYXRlIjoxMjAwMDAwMDAwMDAwLCJkZWxldGUiOjEyMDAwMDAwMDAwMDAsInVwZGF0ZSI6MTIwMDAwMDAwMDAwMH19",
          "dependencies": [
            "module.vpc.aws_vpc.this",
            "module.vpc.aws_vpc_ipv4_cidr_block_association.this"
          ],
          "create_before_destroy": true
        }
      ]
    },
    {
      "module": "module.vpc",
      "mode": "managed",
      "type": "aws_nat_gateway",
      "name": "this",
      "provider": "provider[\"registry.terraform.io/hashicorp/aws\"]",
      "instances": [
        {
          "index_key": 0,
          "schema_version": 0,
          "attributes": {
            "allocation_id": "eipalloc-075e6b3bb118ee633",
            "association_id": "eipassoc-0103a45701cf93422",
            "connectivity_type": "public",
            "id": "nat-047a3bf0e3f794fbc",
            "network_interface_id": "eni-030bef1f7263222a6",
            "private_ip": "10.10.0.186",
            "public_ip": "13.213.198.196",
            "secondary_allocation_ids": [],
            "secondary_private_ip_address_count": 0,
            "secondary_private_ip_addresses": [],
            "subnet_id": "subnet-055efdd88a14f83f5",
            "tags": {
              "Name": "tf-vpc-ap-southeast-1a",
              "tag_application_code": "Cloud7"
            },
            "tags_all": {
              "Name": "tf-vpc-ap-southeast-1a",
              "tag_application_code": "Cloud7"
            },
            "timeouts": null
          },
          "sensitive_attributes": [],
          "private": "eyJlMmJmYjczMC1lY2FhLTExZTYtOGY4OC0zNDM2M2JjN2M0YzAiOnsiY3JlYXRlIjo2MDAwMDAwMDAwMDAsImRlbGV0ZSI6MTgwMDAwMDAwMDAwMCwidXBkYXRlIjo2MDAwMDAwMDAwMDB9fQ==",
          "dependencies": [
            "module.vpc.aws_eip.nat",
            "module.vpc.aws_internet_gateway.this",
            "module.vpc.aws_subnet.public",
            "module.vpc.aws_vpc.this",
            "module.vpc.aws_vpc_ipv4_cidr_block_association.this"
          ],
          "create_before_destroy": true
        },
        {
          "index_key": 1,
          "schema_version": 0,
          "attributes": {
            "allocation_id": "eipalloc-0bda71db0f102a06c",
            "association_id": "eipassoc-0814d7e22a9a40d7e",
            "connectivity_type": "public",
            "id": "nat-0690a1e3426dc146a",
            "network_interface_id": "eni-0a9678d3c2648209b",
            "private_ip": "10.10.1.21",
            "public_ip": "18.136.0.38",
            "secondary_allocation_ids": [],
            "secondary_private_ip_address_count": 0,
            "secondary_private_ip_addresses": [],
            "subnet_id": "subnet-0bb6d684ebaa20d02",
            "tags": {
              "Name": "tf-vpc-ap-southeast-1b",
              "tag_application_code": "Cloud7"
            },
            "tags_all": {
              "Name": "tf-vpc-ap-southeast-1b",
              "tag_application_code": "Cloud7"
            },
            "timeouts": null
          },
          "sensitive_attributes": [],
          "private": "eyJlMmJmYjczMC1lY2FhLTExZTYtOGY4OC0zNDM2M2JjN2M0YzAiOnsiY3JlYXRlIjo2MDAwMDAwMDAwMDAsImRlbGV0ZSI6MTgwMDAwMDAwMDAwMCwidXBkYXRlIjo2MDAwMDAwMDAwMDB9fQ==",
          "dependencies": [
            "module.vpc.aws_eip.nat",
            "module.vpc.aws_internet_gateway.this",
            "module.vpc.aws_subnet.public",
            "module.vpc.aws_vpc.this",
            "module.vpc.aws_vpc_ipv4_cidr_block_association.this"
          ],
          "create_before_destroy": true
        }
      ]
    },
    {
      "module": "module.vpc",
      "mode": "managed",
      "type": "aws_route",
      "name": "private_nat_gateway",
      "provider": "provider[\"registry.terraform.io/hashicorp/aws\"]",
      "instances": [
        {
          "index_key": 0,
          "schema_version": 0,
          "attributes": {
            "carrier_gateway_id": "",
            "core_network_arn": "",
            "destination_cidr_block": "0.0.0.0/0",
            "destination_ipv6_cidr_block": "",
            "destination_prefix_list_id": "",
            "egress_only_gateway_id": "",
            "gateway_id": "",
            "id": "r-rtb-06e4b8efe86da08d61080289494",
            "instance_id": "",
            "instance_owner_id": "",
            "local_gateway_id": "",
            "nat_gateway_id": "nat-047a3bf0e3f794fbc",
            "network_interface_id": "",
            "origin": "CreateRoute",
            "route_table_id": "rtb-06e4b8efe86da08d6",
            "state": "active",
            "timeouts": {
              "create": "5m",
              "delete": null,
              "update": null
            },
            "transit_gateway_id": "",
            "vpc_endpoint_id": "",
            "vpc_peering_connection_id": ""
          },
          "sensitive_attributes": [],
          "private": "eyJlMmJmYjczMC1lY2FhLTExZTYtOGY4OC0zNDM2M2JjN2M0YzAiOnsiY3JlYXRlIjozMDAwMDAwMDAwMDAsImRlbGV0ZSI6MzAwMDAwMDAwMDAwLCJ1cGRhdGUiOjEyMDAwMDAwMDAwMH19",
          "dependencies": [
            "module.vpc.aws_eip.nat",
            "module.vpc.aws_internet_gateway.this",
            "module.vpc.aws_nat_gateway.this",
            "module.vpc.aws_route_table.private",
            "module.vpc.aws_subnet.public",
            "module.vpc.aws_vpc.this",
            "module.vpc.aws_vpc_ipv4_cidr_block_association.this"
          ],
          "create_before_destroy": true
        },
        {
          "index_key": 1,
          "schema_version": 0,
          "attributes": {
            "carrier_gateway_id": "",
            "core_network_arn": "",
            "destination_cidr_block": "0.0.0.0/0",
            "destination_ipv6_cidr_block": "",
            "destination_prefix_list_id": "",
            "egress_only_gateway_id": "",
            "gateway_id": "",
            "id": "r-rtb-096b82bc2854b43511080289494",
            "instance_id": "",
            "instance_owner_id": "",
            "local_gateway_id": "",
            "nat_gateway_id": "nat-0690a1e3426dc146a",
            "network_interface_id": "",
            "origin": "CreateRoute",
            "route_table_id": "rtb-096b82bc2854b4351",
            "state": "active",
            "timeouts": {
              "create": "5m",
              "delete": null,
              "update": null
            },
            "transit_gateway_id": "",
            "vpc_endpoint_id": "",
            "vpc_peering_connection_id": ""
          },
          "sensitive_attributes": [],
          "private": "eyJlMmJmYjczMC1lY2FhLTExZTYtOGY4OC0zNDM2M2JjN2M0YzAiOnsiY3JlYXRlIjozMDAwMDAwMDAwMDAsImRlbGV0ZSI6MzAwMDAwMDAwMDAwLCJ1cGRhdGUiOjEyMDAwMDAwMDAwMH19",
          "dependencies": [
            "module.vpc.aws_eip.nat",
            "module.vpc.aws_internet_gateway.this",
            "module.vpc.aws_nat_gateway.this",
            "module.vpc.aws_route_table.private",
            "module.vpc.aws_subnet.public",
            "module.vpc.aws_vpc.this",
            "module.vpc.aws_vpc_ipv4_cidr_block_association.this"
          ],
          "create_before_destroy": true
        }
      ]
    },
    {
      "module": "module.vpc",
      "mode": "managed",
      "type": "aws_route",
      "name": "public_internet_gateway",
      "provider": "provider[\"registry.terraform.io/hashicorp/aws\"]",
      "instances": [
        {
          "index_key": 0,
          "schema_version": 0,
          "attributes": {
            "carrier_gateway_id": "",
            "core_network_arn": "",
            "destination_cidr_block": "0.0.0.0/0",
            "destination_ipv6_cidr_block": "",
            "destination_prefix_list_id": "",
            "egress_only_gateway_id": "",
            "gateway_id": "igw-0f37067a53e68a6cb",
            "id": "r-rtb-04375f664feffc46f1080289494",
            "instance_id": "",
            "instance_owner_id": "",
            "local_gateway_id": "",
            "nat_gateway_id": "",
            "network_interface_id": "",
            "origin": "CreateRoute",
            "route_table_id": "rtb-04375f664feffc46f",
            "state": "active",
            "timeouts": {
              "create": "5m",
              "delete": null,
              "update": null
            },
            "transit_gateway_id": "",
            "vpc_endpoint_id": "",
            "vpc_peering_connection_id": ""
          },
          "sensitive_attributes": [],
          "private": "eyJlMmJmYjczMC1lY2FhLTExZTYtOGY4OC0zNDM2M2JjN2M0YzAiOnsiY3JlYXRlIjozMDAwMDAwMDAwMDAsImRlbGV0ZSI6MzAwMDAwMDAwMDAwLCJ1cGRhdGUiOjEyMDAwMDAwMDAwMH19",
          "dependencies": [
            "module.vpc.aws_internet_gateway.this",
            "module.vpc.aws_route_table.public",
            "module.vpc.aws_vpc.this",
            "module.vpc.aws_vpc_ipv4_cidr_block_association.this"
          ],
          "create_before_destroy": true
        }
      ]
    },
    {
      "module": "module.vpc",
      "mode": "managed",
      "type": "aws_route_table",
      "name": "private",
      "provider": "provider[\"registry.terraform.io/hashicorp/aws\"]",
      "instances": [
        {
          "index_key": 0,
          "schema_version": 0,
          "attributes": {
            "arn": "arn:aws:ec2:ap-southeast-1:708779265549:route-table/rtb-06e4b8efe86da08d6",
            "id": "rtb-06e4b8efe86da08d6",
            "owner_id": "708779265549",
            "propagating_vgws": [],
            "route": [
              {
                "carrier_gateway_id": "",
                "cidr_block": "0.0.0.0/0",
                "core_network_arn": "",
                "destination_prefix_list_id": "",
                "egress_only_gateway_id": "",
                "gateway_id": "",
                "ipv6_cidr_block": "",
                "local_gateway_id": "",
                "nat_gateway_id": "nat-047a3bf0e3f794fbc",
                "network_interface_id": "",
                "transit_gateway_id": "",
                "vpc_endpoint_id": "",
                "vpc_peering_connection_id": ""
              }
            ],
            "tags": {
              "Name": "tf-vpc-private-ap-southeast-1a",
              "tag_application_code": "Cloud7"
            },
            "tags_all": {
              "Name": "tf-vpc-private-ap-southeast-1a",
              "tag_application_code": "Cloud7"
            },
            "timeouts": null,
            "vpc_id": "vpc-09da79c642f979f7a"
          },
          "sensitive_attributes": [],
          "private": "eyJlMmJmYjczMC1lY2FhLTExZTYtOGY4OC0zNDM2M2JjN2M0YzAiOnsiY3JlYXRlIjozMDAwMDAwMDAwMDAsImRlbGV0ZSI6MzAwMDAwMDAwMDAwLCJ1cGRhdGUiOjEyMDAwMDAwMDAwMH19",
          "dependencies": [
            "module.vpc.aws_vpc.this",
            "module.vpc.aws_vpc_ipv4_cidr_block_association.this"
          ],
          "create_before_destroy": true
        },
        {
          "index_key": 1,
          "schema_version": 0,
          "attributes": {
            "arn": "arn:aws:ec2:ap-southeast-1:708779265549:route-table/rtb-096b82bc2854b4351",
            "id": "rtb-096b82bc2854b4351",
            "owner_id": "708779265549",
            "propagating_vgws": [],
            "route": [
              {
                "carrier_gateway_id": "",
                "cidr_block": "0.0.0.0/0",
                "core_network_arn": "",
                "destination_prefix_list_id": "",
                "egress_only_gateway_id": "",
                "gateway_id": "",
                "ipv6_cidr_block": "",
                "local_gateway_id": "",
                "nat_gateway_id": "nat-0690a1e3426dc146a",
                "network_interface_id": "",
                "transit_gateway_id": "",
                "vpc_endpoint_id": "",
                "vpc_peering_connection_id": ""
              }
            ],
            "tags": {
              "Name": "tf-vpc-private-ap-southeast-1b",
              "tag_application_code": "Cloud7"
            },
            "tags_all": {
              "Name": "tf-vpc-private-ap-southeast-1b",
              "tag_application_code": "Cloud7"
            },
            "timeouts": null,
            "vpc_id": "vpc-09da79c642f979f7a"
          },
          "sensitive_attributes": [],
          "private": "eyJlMmJmYjczMC1lY2FhLTExZTYtOGY4OC0zNDM2M2JjN2M0YzAiOnsiY3JlYXRlIjozMDAwMDAwMDAwMDAsImRlbGV0ZSI6MzAwMDAwMDAwMDAwLCJ1cGRhdGUiOjEyMDAwMDAwMDAwMH19",
          "dependencies": [
            "module.vpc.aws_vpc.this",
            "module.vpc.aws_vpc_ipv4_cidr_block_association.this"
          ],
          "create_before_destroy": true
        }
      ]
    },
    {
      "module": "module.vpc",
      "mode": "managed",
      "type": "aws_route_table",
      "name": "public",
      "provider": "provider[\"registry.terraform.io/hashicorp/aws\"]",
      "instances": [
        {
          "index_key": 0,
          "schema_version": 0,
          "attributes": {
            "arn": "arn:aws:ec2:ap-southeast-1:708779265549:route-table/rtb-04375f664feffc46f",
            "id": "rtb-04375f664feffc46f",
            "owner_id": "708779265549",
            "propagating_vgws": [],
            "route": [
              {
                "carrier_gateway_id": "",
                "cidr_block": "0.0.0.0/0",
                "core_network_arn": "",
                "destination_prefix_list_id": "",
                "egress_only_gateway_id": "",
                "gateway_id": "igw-0f37067a53e68a6cb",
                "ipv6_cidr_block": "",
                "local_gateway_id": "",
                "nat_gateway_id": "",
                "network_interface_id": "",
                "transit_gateway_id": "",
                "vpc_endpoint_id": "",
                "vpc_peering_connection_id": ""
              }
            ],
            "tags": {
              "Name": "tf-vpc-public",
              "tag_application_code": "Cloud7"
            },
            "tags_all": {
              "Name": "tf-vpc-public",
              "tag_application_code": "Cloud7"
            },
            "timeouts": null,
            "vpc_id": "vpc-09da79c642f979f7a"
          },
          "sensitive_attributes": [],
          "private": "eyJlMmJmYjczMC1lY2FhLTExZTYtOGY4OC0zNDM2M2JjN2M0YzAiOnsiY3JlYXRlIjozMDAwMDAwMDAwMDAsImRlbGV0ZSI6MzAwMDAwMDAwMDAwLCJ1cGRhdGUiOjEyMDAwMDAwMDAwMH19",
          "dependencies": [
            "module.vpc.aws_vpc.this",
            "module.vpc.aws_vpc_ipv4_cidr_block_association.this"
          ],
          "create_before_destroy": true
        }
      ]
    },
    {
      "module": "module.vpc",
      "mode": "managed",
      "type": "aws_route_table_association",
      "name": "private",
      "provider": "provider[\"registry.terraform.io/hashicorp/aws\"]",
      "instances": [
        {
          "index_key": 0,
          "schema_version": 0,
          "attributes": {
            "gateway_id": "",
            "id": "rtbassoc-033cce5e18201622b",
            "route_table_id": "rtb-06e4b8efe86da08d6",
            "subnet_id": "subnet-097742b3c76d12197",
            "timeouts": null
          },
          "sensitive_attributes": [],
          "private": "eyJlMmJmYjczMC1lY2FhLTExZTYtOGY4OC0zNDM2M2JjN2M0YzAiOnsiY3JlYXRlIjozMDAwMDAwMDAwMDAsImRlbGV0ZSI6MzAwMDAwMDAwMDAwLCJ1cGRhdGUiOjEyMDAwMDAwMDAwMH19",
          "dependencies": [
            "module.vpc.aws_route_table.private",
            "module.vpc.aws_subnet.private",
            "module.vpc.aws_vpc.this",
            "module.vpc.aws_vpc_ipv4_cidr_block_association.this"
          ],
          "create_before_destroy": true
        },
        {
          "index_key": 1,
          "schema_version": 0,
          "attributes": {
            "gateway_id": "",
            "id": "rtbassoc-01420b9a4a66ebb40",
            "route_table_id": "rtb-096b82bc2854b4351",
            "subnet_id": "subnet-01a1e7878db2a2d0b",
            "timeouts": null
          },
          "sensitive_attributes": [],
          "private": "eyJlMmJmYjczMC1lY2FhLTExZTYtOGY4OC0zNDM2M2JjN2M0YzAiOnsiY3JlYXRlIjozMDAwMDAwMDAwMDAsImRlbGV0ZSI6MzAwMDAwMDAwMDAwLCJ1cGRhdGUiOjEyMDAwMDAwMDAwMH19",
          "dependencies": [
            "module.vpc.aws_route_table.private",
            "module.vpc.aws_subnet.private",
            "module.vpc.aws_vpc.this",
            "module.vpc.aws_vpc_ipv4_cidr_block_association.this"
          ],
          "create_before_destroy": true
        }
      ]
    },
    {
      "module": "module.vpc",
      "mode": "managed",
      "type": "aws_route_table_association",
      "name": "public",
      "provider": "provider[\"registry.terraform.io/hashicorp/aws\"]",
      "instances": [
        {
          "index_key": 0,
          "schema_version": 0,
          "attributes": {
            "gateway_id": "",
            "id": "rtbassoc-0f075ac5794591b09",
            "route_table_id": "rtb-04375f664feffc46f",
            "subnet_id": "subnet-055efdd88a14f83f5",
            "timeouts": null
          },
          "sensitive_attributes": [],
          "private": "eyJlMmJmYjczMC1lY2FhLTExZTYtOGY4OC0zNDM2M2JjN2M0YzAiOnsiY3JlYXRlIjozMDAwMDAwMDAwMDAsImRlbGV0ZSI6MzAwMDAwMDAwMDAwLCJ1cGRhdGUiOjEyMDAwMDAwMDAwMH19",
          "dependencies": [
            "module.vpc.aws_route_table.public",
            "module.vpc.aws_subnet.public",
            "module.vpc.aws_vpc.this",
            "module.vpc.aws_vpc_ipv4_cidr_block_association.this"
          ],
          "create_before_destroy": true
        },
        {
          "index_key": 1,
          "schema_version": 0,
          "attributes": {
            "gateway_id": "",
            "id": "rtbassoc-0ec5ddec63488ea2d",
            "route_table_id": "rtb-04375f664feffc46f",
            "subnet_id": "subnet-0bb6d684ebaa20d02",
            "timeouts": null
          },
          "sensitive_attributes": [],
          "private": "eyJlMmJmYjczMC1lY2FhLTExZTYtOGY4OC0zNDM2M2JjN2M0YzAiOnsiY3JlYXRlIjozMDAwMDAwMDAwMDAsImRlbGV0ZSI6MzAwMDAwMDAwMDAwLCJ1cGRhdGUiOjEyMDAwMDAwMDAwMH19",
          "dependencies": [
            "module.vpc.aws_route_table.public",
            "module.vpc.aws_subnet.public",
            "module.vpc.aws_vpc.this",
            "module.vpc.aws_vpc_ipv4_cidr_block_association.this"
          ],
          "create_before_destroy": true
        }
      ]
    },
    {
      "module": "module.vpc",
      "mode": "managed",
      "type": "aws_subnet",
      "name": "private",
      "provider": "provider[\"registry.terraform.io/hashicorp/aws\"]",
      "instances": [
        {
          "index_key": 0,
          "schema_version": 1,
          "attributes": {
            "arn": "arn:aws:ec2:ap-southeast-1:708779265549:subnet/subnet-097742b3c76d12197",
            "assign_ipv6_address_on_creation": false,
            "availability_zone": "ap-southeast-1a",
            "availability_zone_id": "apse1-az2",
            "cidr_block": "10.10.2.0/24",
            "customer_owned_ipv4_pool": "",
            "enable_dns64": false,
            "enable_lni_at_device_index": 0,
            "enable_resource_name_dns_a_record_on_launch": false,
            "enable_resource_name_dns_aaaa_record_on_launch": false,
            "id": "subnet-097742b3c76d12197",
            "ipv6_cidr_block": "",
            "ipv6_cidr_block_association_id": "",
            "ipv6_native": false,
            "map_customer_owned_ip_on_launch": false,
            "map_public_ip_on_launch": false,
            "outpost_arn": "",
            "owner_id": "708779265549",
            "private_dns_hostname_type_on_launch": "ip-name",
            "tags": {
              "Name": "tf-vpc-private-ap-southeast-1a",
              "tag_application_code": "Cloud7"
            },
            "tags_all": {
              "Name": "tf-vpc-private-ap-southeast-1a",
              "tag_application_code": "Cloud7"
            },
            "timeouts": null,
            "vpc_id": "vpc-09da79c642f979f7a"
          },
          "sensitive_attributes": [],
          "private": "eyJlMmJmYjczMC1lY2FhLTExZTYtOGY4OC0zNDM2M2JjN2M0YzAiOnsiY3JlYXRlIjo2MDAwMDAwMDAwMDAsImRlbGV0ZSI6MTIwMDAwMDAwMDAwMH0sInNjaGVtYV92ZXJzaW9uIjoiMSJ9",
          "dependencies": [
            "module.vpc.aws_vpc.this",
            "module.vpc.aws_vpc_ipv4_cidr_block_association.this"
          ],
          "create_before_destroy": true
        },
        {
          "index_key": 1,
          "schema_version": 1,
          "attributes": {
            "arn": "arn:aws:ec2:ap-southeast-1:708779265549:subnet/subnet-01a1e7878db2a2d0b",
            "assign_ipv6_address_on_creation": false,
            "availability_zone": "ap-southeast-1b",
            "availability_zone_id": "apse1-az1",
            "cidr_block": "10.10.3.0/24",
            "customer_owned_ipv4_pool": "",
            "enable_dns64": false,
            "enable_lni_at_device_index": 0,
            "enable_resource_name_dns_a_record_on_launch": false,
            "enable_resource_name_dns_aaaa_record_on_launch": false,
            "id": "subnet-01a1e7878db2a2d0b",
            "ipv6_cidr_block": "",
            "ipv6_cidr_block_association_id": "",
            "ipv6_native": false,
            "map_customer_owned_ip_on_launch": false,
            "map_public_ip_on_launch": false,
            "outpost_arn": "",
            "owner_id": "708779265549",
            "private_dns_hostname_type_on_launch": "ip-name",
            "tags": {
              "Name": "tf-vpc-private-ap-southeast-1b",
              "tag_application_code": "Cloud7"
            },
            "tags_all": {
              "Name": "tf-vpc-private-ap-southeast-1b",
              "tag_application_code": "Cloud7"
            },
            "timeouts": null,
            "vpc_id": "vpc-09da79c642f979f7a"
          },
          "sensitive_attributes": [],
          "private": "eyJlMmJmYjczMC1lY2FhLTExZTYtOGY4OC0zNDM2M2JjN2M0YzAiOnsiY3JlYXRlIjo2MDAwMDAwMDAwMDAsImRlbGV0ZSI6MTIwMDAwMDAwMDAwMH0sInNjaGVtYV92ZXJzaW9uIjoiMSJ9",
          "dependencies": [
            "module.vpc.aws_vpc.this",
            "module.vpc.aws_vpc_ipv4_cidr_block_association.this"
          ],
          "create_before_destroy": true
        }
      ]
    },
    {
      "module": "module.vpc",
      "mode": "managed",
      "type": "aws_subnet",
      "name": "public",
      "provider": "provider[\"registry.terraform.io/hashicorp/aws\"]",
      "instances": [
        {
          "index_key": 0,
          "schema_version": 1,
          "attributes": {
            "arn": "arn:aws:ec2:ap-southeast-1:708779265549:subnet/subnet-055efdd88a14f83f5",
            "assign_ipv6_address_on_creation": false,
            "availability_zone": "ap-southeast-1a",
            "availability_zone_id": "apse1-az2",
            "cidr_block": "10.10.0.0/24",
            "customer_owned_ipv4_pool": "",
            "enable_dns64": false,
            "enable_lni_at_device_index": 0,
            "enable_resource_name_dns_a_record_on_launch": false,
            "enable_resource_name_dns_aaaa_record_on_launch": false,
            "id": "subnet-055efdd88a14f83f5",
            "ipv6_cidr_block": "",
            "ipv6_cidr_block_association_id": "",
            "ipv6_native": false,
            "map_customer_owned_ip_on_launch": false,
            "map_public_ip_on_launch": false,
            "outpost_arn": "",
            "owner_id": "708779265549",
            "private_dns_hostname_type_on_launch": "ip-name",
            "tags": {
              "Name": "tf-vpc-public-ap-southeast-1a",
              "tag_application_code": "Cloud7"
            },
            "tags_all": {
              "Name": "tf-vpc-public-ap-southeast-1a",
              "tag_application_code": "Cloud7"
            },
            "timeouts": null,
            "vpc_id": "vpc-09da79c642f979f7a"
          },
          "sensitive_attributes": [],
          "private": "eyJlMmJmYjczMC1lY2FhLTExZTYtOGY4OC0zNDM2M2JjN2M0YzAiOnsiY3JlYXRlIjo2MDAwMDAwMDAwMDAsImRlbGV0ZSI6MTIwMDAwMDAwMDAwMH0sInNjaGVtYV92ZXJzaW9uIjoiMSJ9",
          "dependencies": [
            "module.vpc.aws_vpc.this",
            "module.vpc.aws_vpc_ipv4_cidr_block_association.this"
          ],
          "create_before_destroy": true
        },
        {
          "index_key": 1,
          "schema_version": 1,
          "attributes": {
            "arn": "arn:aws:ec2:ap-southeast-1:708779265549:subnet/subnet-0bb6d684ebaa20d02",
            "assign_ipv6_address_on_creation": false,
            "availability_zone": "ap-southeast-1b",
            "availability_zone_id": "apse1-az1",
            "cidr_block": "10.10.1.0/24",
            "customer_owned_ipv4_pool": "",
            "enable_dns64": false,
            "enable_lni_at_device_index": 0,
            "enable_resource_name_dns_a_record_on_launch": false,
            "enable_resource_name_dns_aaaa_record_on_launch": false,
            "id": "subnet-0bb6d684ebaa20d02",
            "ipv6_cidr_block": "",
            "ipv6_cidr_block_association_id": "",
            "ipv6_native": false,
            "map_customer_owned_ip_on_launch": false,
            "map_public_ip_on_launch": false,
            "outpost_arn": "",
            "owner_id": "708779265549",
            "private_dns_hostname_type_on_launch": "ip-name",
            "tags": {
              "Name": "tf-vpc-public-ap-southeast-1b",
              "tag_application_code": "Cloud7"
            },
            "tags_all": {
              "Name": "tf-vpc-public-ap-southeast-1b",
              "tag_application_code": "Cloud7"
            },
            "timeouts": null,
            "vpc_id": "vpc-09da79c642f979f7a"
          },
          "sensitive_attributes": [],
          "private": "eyJlMmJmYjczMC1lY2FhLTExZTYtOGY4OC0zNDM2M2JjN2M0YzAiOnsiY3JlYXRlIjo2MDAwMDAwMDAwMDAsImRlbGV0ZSI6MTIwMDAwMDAwMDAwMH0sInNjaGVtYV92ZXJzaW9uIjoiMSJ9",
          "dependencies": [
            "module.vpc.aws_vpc.this",
            "module.vpc.aws_vpc_ipv4_cidr_block_association.this"
          ],
          "create_before_destroy": true
        }
      ]
    },
    {
      "module": "module.vpc",
      "mode": "managed",
      "type": "aws_vpc",
      "name": "this",
      "provider": "provider[\"registry.terraform.io/hashicorp/aws\"]",
      "instances": [
        {
          "index_key": 0,
          "schema_version": 1,
          "attributes": {
            "arn": "arn:aws:ec2:ap-southeast-1:708779265549:vpc/vpc-09da79c642f979f7a",
            "assign_generated_ipv6_cidr_block": false,
            "cidr_block": "10.10.0.0/16",
            "default_network_acl_id": "acl-06ee4217e8067fc8c",
            "default_route_table_id": "rtb-0bf9e9191655c27ab",
            "default_security_group_id": "sg-0df887834fe970bf3",
            "dhcp_options_id": "dopt-024e1e1c1ff210d61",
            "enable_dns_hostnames": true,
            "enable_dns_support": true,
            "enable_network_address_usage_metrics": false,
            "id": "vpc-09da79c642f979f7a",
            "instance_tenancy": "default",
            "ipv4_ipam_pool_id": null,
            "ipv4_netmask_length": null,
            "ipv6_association_id": "",
            "ipv6_cidr_block": "",
            "ipv6_cidr_block_network_border_group": "",
            "ipv6_ipam_pool_id": "",
            "ipv6_netmask_length": 0,
            "main_route_table_id": "rtb-0bf9e9191655c27ab",
            "owner_id": "708779265549",
            "tags": {
              "Name": "tf-vpc",
              "tag_application_code": "Cloud7"
            },
            "tags_all": {
              "Name": "tf-vpc",
              "tag_application_code": "Cloud7"
            }
          },
          "sensitive_attributes": [],
          "private": "eyJzY2hlbWFfdmVyc2lvbiI6IjEifQ==",
          "create_before_destroy": true
        }
      ]
    }
  ],
  "check_results": null
}
